// !$*UTF8*$!
{
	archiveVersion = 1;
	classes = {
	};
	objectVersion = 50;
	objects = {

/* Begin PBXBuildFile section */
		1CFBB9B51F128BCCCE0A4470 /* libPods-PostingBookDemoTests.a in Frameworks */ = {isa = PBXBuildFile; fileRef = 6B76CCB46D7600D9A51AE9A0 /* libPods-PostingBookDemoTests.a */; };
		4243AB712D9AA440BEBAD912 /* libPods-PostingBookDemoUITests.a in Frameworks */ = {isa = PBXBuildFile; fileRef = 5D930191716907C570A78173 /* libPods-PostingBookDemoUITests.a */; };
		7E21BDBEEA1831A35ABD25B7 /* libPods-PostingBookDemo.a in Frameworks */ = {isa = PBXBuildFile; fileRef = 0E1CF04197314A31D0013227 /* libPods-PostingBookDemo.a */; };
		CE6734C72102A647003CFB2B /* AppDelegate.m in Sources */ = {isa = PBXBuildFile; fileRef = CE6734C62102A647003CFB2B /* AppDelegate.m */; };
		CE6734CA2102A647003CFB2B /* ViewController.m in Sources */ = {isa = PBXBuildFile; fileRef = CE6734C92102A647003CFB2B /* ViewController.m */; };
		CE6734CD2102A647003CFB2B /* Main.storyboard in Resources */ = {isa = PBXBuildFile; fileRef = CE6734CB2102A647003CFB2B /* Main.storyboard */; };
		CE6734CF2102A647003CFB2B /* Assets.xcassets in Resources */ = {isa = PBXBuildFile; fileRef = CE6734CE2102A647003CFB2B /* Assets.xcassets */; };
		CE6734D22102A647003CFB2B /* LaunchScreen.storyboard in Resources */ = {isa = PBXBuildFile; fileRef = CE6734D02102A647003CFB2B /* LaunchScreen.storyboard */; };
		CE6734D52102A647003CFB2B /* main.m in Sources */ = {isa = PBXBuildFile; fileRef = CE6734D42102A647003CFB2B /* main.m */; };
		CE6734DF2102A648003CFB2B /* PostingBookDemoTests.m in Sources */ = {isa = PBXBuildFile; fileRef = CE6734DE2102A648003CFB2B /* PostingBookDemoTests.m */; };
		CE6734EA2102A648003CFB2B /* PostingBookDemoUITests.m in Sources */ = {isa = PBXBuildFile; fileRef = CE6734E92102A648003CFB2B /* PostingBookDemoUITests.m */; };
		CE6734FC2102A6AB003CFB2B /* BarcodeScanViewController.m in Sources */ = {isa = PBXBuildFile; fileRef = CE6734FB2102A6AB003CFB2B /* BarcodeScanViewController.m */; };
		CE6734FF2102A6B5003CFB2B /* AddBookViewController.m in Sources */ = {isa = PBXBuildFile; fileRef = CE6734FE2102A6B5003CFB2B /* AddBookViewController.m */; };
/* End PBXBuildFile section */

/* Begin PBXContainerItemProxy section */
		CE6734DB2102A648003CFB2B /* PBXContainerItemProxy */ = {
			isa = PBXContainerItemProxy;
			containerPortal = CE6734BA2102A647003CFB2B /* Project object */;
			proxyType = 1;
			remoteGlobalIDString = CE6734C12102A647003CFB2B;
			remoteInfo = PostingBookDemo;
		};
		CE6734E62102A648003CFB2B /* PBXContainerItemProxy */ = {
			isa = PBXContainerItemProxy;
			containerPortal = CE6734BA2102A647003CFB2B /* Project object */;
			proxyType = 1;
			remoteGlobalIDString = CE6734C12102A647003CFB2B;
			remoteInfo = PostingBookDemo;
		};
/* End PBXContainerItemProxy section */

/* Begin PBXFileReference section */
		0E1CF04197314A31D0013227 /* libPods-PostingBookDemo.a */ = {isa = PBXFileReference; explicitFileType = archive.ar; includeInIndex = 0; path = "libPods-PostingBookDemo.a"; sourceTree = BUILT_PRODUCTS_DIR; };
		28A0BE398AA774B8147EFF4B /* Pods-PostingBookDemo.release.xcconfig */ = {isa = PBXFileReference; includeInIndex = 1; lastKnownFileType = text.xcconfig; name = "Pods-PostingBookDemo.release.xcconfig"; path = "Pods/Target Support Files/Pods-PostingBookDemo/Pods-PostingBookDemo.release.xcconfig"; sourceTree = "<group>"; };
		347320941C4926F40F2A5CD9 /* Pods-PostingBookDemoTests.release.xcconfig */ = {isa = PBXFileReference; includeInIndex = 1; lastKnownFileType = text.xcconfig; name = "Pods-PostingBookDemoTests.release.xcconfig"; path = "Pods/Target Support Files/Pods-PostingBookDemoTests/Pods-PostingBookDemoTests.release.xcconfig"; sourceTree = "<group>"; };
		4ABDC506D2537F5CDDE833B8 /* Pods-PostingBookDemoUITests.debug.xcconfig */ = {isa = PBXFileReference; includeInIndex = 1; lastKnownFileType = text.xcconfig; name = "Pods-PostingBookDemoUITests.debug.xcconfig"; path = "Pods/Target Support Files/Pods-PostingBookDemoUITests/Pods-PostingBookDemoUITests.debug.xcconfig"; sourceTree = "<group>"; };
		5D930191716907C570A78173 /* libPods-PostingBookDemoUITests.a */ = {isa = PBXFileReference; explicitFileType = archive.ar; includeInIndex = 0; path = "libPods-PostingBookDemoUITests.a"; sourceTree = BUILT_PRODUCTS_DIR; };
		6B76CCB46D7600D9A51AE9A0 /* libPods-PostingBookDemoTests.a */ = {isa = PBXFileReference; explicitFileType = archive.ar; includeInIndex = 0; path = "libPods-PostingBookDemoTests.a"; sourceTree = BUILT_PRODUCTS_DIR; };
		963AB093914C104EF2EC86FF /* Pods-PostingBookDemoUITests.release.xcconfig */ = {isa = PBXFileReference; includeInIndex = 1; lastKnownFileType = text.xcconfig; name = "Pods-PostingBookDemoUITests.release.xcconfig"; path = "Pods/Target Support Files/Pods-PostingBookDemoUITests/Pods-PostingBookDemoUITests.release.xcconfig"; sourceTree = "<group>"; };
		CE6734C22102A647003CFB2B /* PostingBookDemo.app */ = {isa = PBXFileReference; explicitFileType = wrapper.application; includeInIndex = 0; path = PostingBookDemo.app; sourceTree = BUILT_PRODUCTS_DIR; };
		CE6734C52102A647003CFB2B /* AppDelegate.h */ = {isa = PBXFileReference; lastKnownFileType = sourcecode.c.h; path = AppDelegate.h; sourceTree = "<group>"; };
		CE6734C62102A647003CFB2B /* AppDelegate.m */ = {isa = PBXFileReference; lastKnownFileType = sourcecode.c.objc; path = AppDelegate.m; sourceTree = "<group>"; };
		CE6734C82102A647003CFB2B /* ViewController.h */ = {isa = PBXFileReference; lastKnownFileType = sourcecode.c.h; path = ViewController.h; sourceTree = "<group>"; };
		CE6734C92102A647003CFB2B /* ViewController.m */ = {isa = PBXFileReference; lastKnownFileType = sourcecode.c.objc; path = ViewController.m; sourceTree = "<group>"; };
		CE6734CC2102A647003CFB2B /* Base */ = {isa = PBXFileReference; lastKnownFileType = file.storyboard; name = Base; path = Base.lproj/Main.storyboard; sourceTree = "<group>"; };
		CE6734CE2102A647003CFB2B /* Assets.xcassets */ = {isa = PBXFileReference; lastKnownFileType = folder.assetcatalog; path = Assets.xcassets; sourceTree = "<group>"; };
		CE6734D12102A647003CFB2B /* Base */ = {isa = PBXFileReference; lastKnownFileType = file.storyboard; name = Base; path = Base.lproj/LaunchScreen.storyboard; sourceTree = "<group>"; };
		CE6734D32102A647003CFB2B /* Info.plist */ = {isa = PBXFileReference; lastKnownFileType = text.plist.xml; path = Info.plist; sourceTree = "<group>"; };
		CE6734D42102A647003CFB2B /* main.m */ = {isa = PBXFileReference; lastKnownFileType = sourcecode.c.objc; path = main.m; sourceTree = "<group>"; };
		CE6734DA2102A648003CFB2B /* PostingBookDemoTests.xctest */ = {isa = PBXFileReference; explicitFileType = wrapper.cfbundle; includeInIndex = 0; path = PostingBookDemoTests.xctest; sourceTree = BUILT_PRODUCTS_DIR; };
		CE6734DE2102A648003CFB2B /* PostingBookDemoTests.m */ = {isa = PBXFileReference; lastKnownFileType = sourcecode.c.objc; path = PostingBookDemoTests.m; sourceTree = "<group>"; };
		CE6734E02102A648003CFB2B /* Info.plist */ = {isa = PBXFileReference; lastKnownFileType = text.plist.xml; path = Info.plist; sourceTree = "<group>"; };
		CE6734E52102A648003CFB2B /* PostingBookDemoUITests.xctest */ = {isa = PBXFileReference; explicitFileType = wrapper.cfbundle; includeInIndex = 0; path = PostingBookDemoUITests.xctest; sourceTree = BUILT_PRODUCTS_DIR; };
		CE6734E92102A648003CFB2B /* PostingBookDemoUITests.m */ = {isa = PBXFileReference; lastKnownFileType = sourcecode.c.objc; path = PostingBookDemoUITests.m; sourceTree = "<group>"; };
		CE6734EB2102A648003CFB2B /* Info.plist */ = {isa = PBXFileReference; lastKnownFileType = text.plist.xml; path = Info.plist; sourceTree = "<group>"; };
		CE6734FA2102A6AB003CFB2B /* BarcodeScanViewController.h */ = {isa = PBXFileReference; lastKnownFileType = sourcecode.c.h; path = BarcodeScanViewController.h; sourceTree = "<group>"; };
		CE6734FB2102A6AB003CFB2B /* BarcodeScanViewController.m */ = {isa = PBXFileReference; lastKnownFileType = sourcecode.c.objc; path = BarcodeScanViewController.m; sourceTree = "<group>"; };
		CE6734FD2102A6B5003CFB2B /* AddBookViewController.h */ = {isa = PBXFileReference; lastKnownFileType = sourcecode.c.h; path = AddBookViewController.h; sourceTree = "<group>"; };
		CE6734FE2102A6B5003CFB2B /* AddBookViewController.m */ = {isa = PBXFileReference; lastKnownFileType = sourcecode.c.objc; path = AddBookViewController.m; sourceTree = "<group>"; };
		DCB2504B0479AAFE3A52F423 /* Pods-PostingBookDemo.debug.xcconfig */ = {isa = PBXFileReference; includeInIndex = 1; lastKnownFileType = text.xcconfig; name = "Pods-PostingBookDemo.debug.xcconfig"; path = "Pods/Target Support Files/Pods-PostingBookDemo/Pods-PostingBookDemo.debug.xcconfig"; sourceTree = "<group>"; };
		FE7F320DC22205703F17440F /* Pods-PostingBookDemoTests.debug.xcconfig */ = {isa = PBXFileReference; includeInIndex = 1; lastKnownFileType = text.xcconfig; name = "Pods-PostingBookDemoTests.debug.xcconfig"; path = "Pods/Target Support Files/Pods-PostingBookDemoTests/Pods-PostingBookDemoTests.debug.xcconfig"; sourceTree = "<group>"; };
/* End PBXFileReference section */

/* Begin PBXFrameworksBuildPhase section */
		CE6734BF2102A647003CFB2B /* Frameworks */ = {
			isa = PBXFrameworksBuildPhase;
			buildActionMask = 2147483647;
			files = (
				7E21BDBEEA1831A35ABD25B7 /* libPods-PostingBookDemo.a in Frameworks */,
			);
			runOnlyForDeploymentPostprocessing = 0;
		};
		CE6734D72102A648003CFB2B /* Frameworks */ = {
			isa = PBXFrameworksBuildPhase;
			buildActionMask = 2147483647;
			files = (
				1CFBB9B51F128BCCCE0A4470 /* libPods-PostingBookDemoTests.a in Frameworks */,
			);
			runOnlyForDeploymentPostprocessing = 0;
		};
		CE6734E22102A648003CFB2B /* Frameworks */ = {
			isa = PBXFrameworksBuildPhase;
			buildActionMask = 2147483647;
			files = (
				4243AB712D9AA440BEBAD912 /* libPods-PostingBookDemoUITests.a in Frameworks */,
			);
			runOnlyForDeploymentPostprocessing = 0;
		};
/* End PBXFrameworksBuildPhase section */

/* Begin PBXGroup section */
		6881C44DC3EE67D1A6991740 /* Frameworks */ = {
			isa = PBXGroup;
			children = (
				0E1CF04197314A31D0013227 /* libPods-PostingBookDemo.a */,
				6B76CCB46D7600D9A51AE9A0 /* libPods-PostingBookDemoTests.a */,
				5D930191716907C570A78173 /* libPods-PostingBookDemoUITests.a */,
			);
			name = Frameworks;
			sourceTree = "<group>";
		};
		7A5DEB570238F679C798A1D2 /* Pods */ = {
			isa = PBXGroup;
			children = (
				DCB2504B0479AAFE3A52F423 /* Pods-PostingBookDemo.debug.xcconfig */,
				28A0BE398AA774B8147EFF4B /* Pods-PostingBookDemo.release.xcconfig */,
				FE7F320DC22205703F17440F /* Pods-PostingBookDemoTests.debug.xcconfig */,
				347320941C4926F40F2A5CD9 /* Pods-PostingBookDemoTests.release.xcconfig */,
				4ABDC506D2537F5CDDE833B8 /* Pods-PostingBookDemoUITests.debug.xcconfig */,
				963AB093914C104EF2EC86FF /* Pods-PostingBookDemoUITests.release.xcconfig */,
			);
			name = Pods;
			sourceTree = "<group>";
		};
		CE6734B92102A647003CFB2B = {
			isa = PBXGroup;
			children = (
				CE6734C42102A647003CFB2B /* PostingBookDemo */,
				CE6734DD2102A648003CFB2B /* PostingBookDemoTests */,
				CE6734E82102A648003CFB2B /* PostingBookDemoUITests */,
				CE6734C32102A647003CFB2B /* Products */,
				7A5DEB570238F679C798A1D2 /* Pods */,
				6881C44DC3EE67D1A6991740 /* Frameworks */,
			);
			sourceTree = "<group>";
		};
		CE6734C32102A647003CFB2B /* Products */ = {
			isa = PBXGroup;
			children = (
				CE6734C22102A647003CFB2B /* PostingBookDemo.app */,
				CE6734DA2102A648003CFB2B /* PostingBookDemoTests.xctest */,
				CE6734E52102A648003CFB2B /* PostingBookDemoUITests.xctest */,
			);
			name = Products;
			sourceTree = "<group>";
		};
		CE6734C42102A647003CFB2B /* PostingBookDemo */ = {
			isa = PBXGroup;
			children = (
				CE6735002102AA58003CFB2B /* Services */,
				CE6734F92102A672003CFB2B /* Controllers */,
				CE6734F82102A660003CFB2B /* Views */,
				CE6734F72102A65B003CFB2B /* Models */,
				CE6734C52102A647003CFB2B /* AppDelegate.h */,
				CE6734C62102A647003CFB2B /* AppDelegate.m */,
				CE6734C82102A647003CFB2B /* ViewController.h */,
				CE6734C92102A647003CFB2B /* ViewController.m */,
				CE6734CB2102A647003CFB2B /* Main.storyboard */,
				CE6734CE2102A647003CFB2B /* Assets.xcassets */,
				CE6734D02102A647003CFB2B /* LaunchScreen.storyboard */,
				CE6734D32102A647003CFB2B /* Info.plist */,
				CE6734D42102A647003CFB2B /* main.m */,
			);
			path = PostingBookDemo;
			sourceTree = "<group>";
		};
		CE6734DD2102A648003CFB2B /* PostingBookDemoTests */ = {
			isa = PBXGroup;
			children = (
				CE6734DE2102A648003CFB2B /* PostingBookDemoTests.m */,
				CE6734E02102A648003CFB2B /* Info.plist */,
			);
			path = PostingBookDemoTests;
			sourceTree = "<group>";
		};
		CE6734E82102A648003CFB2B /* PostingBookDemoUITests */ = {
			isa = PBXGroup;
			children = (
				CE6734E92102A648003CFB2B /* PostingBookDemoUITests.m */,
				CE6734EB2102A648003CFB2B /* Info.plist */,
			);
			path = PostingBookDemoUITests;
			sourceTree = "<group>";
		};
		CE6734F72102A65B003CFB2B /* Models */ = {
			isa = PBXGroup;
			children = (
			);
			path = Models;
			sourceTree = "<group>";
		};
		CE6734F82102A660003CFB2B /* Views */ = {
			isa = PBXGroup;
			children = (
			);
			path = Views;
			sourceTree = "<group>";
		};
		CE6734F92102A672003CFB2B /* Controllers */ = {
			isa = PBXGroup;
			children = (
				CE6734FA2102A6AB003CFB2B /* BarcodeScanViewController.h */,
				CE6734FB2102A6AB003CFB2B /* BarcodeScanViewController.m */,
				CE6734FD2102A6B5003CFB2B /* AddBookViewController.h */,
				CE6734FE2102A6B5003CFB2B /* AddBookViewController.m */,
			);
			path = Controllers;
			sourceTree = "<group>";
		};
		CE6735002102AA58003CFB2B /* Services */ = {
			isa = PBXGroup;
			children = (
			);
			path = Services;
			sourceTree = "<group>";
		};
/* End PBXGroup section */

/* Begin PBXNativeTarget section */
		CE6734C12102A647003CFB2B /* PostingBookDemo */ = {
			isa = PBXNativeTarget;
			buildConfigurationList = CE6734EE2102A648003CFB2B /* Build configuration list for PBXNativeTarget "PostingBookDemo" */;
			buildPhases = (
				D4E5CFF74AE109BBF356D7DD /* [CP] Check Pods Manifest.lock */,
				CE6734BE2102A647003CFB2B /* Sources */,
				CE6734BF2102A647003CFB2B /* Frameworks */,
				CE6734C02102A647003CFB2B /* Resources */,
			);
			buildRules = (
			);
			dependencies = (
			);
			name = PostingBookDemo;
			productName = PostingBookDemo;
			productReference = CE6734C22102A647003CFB2B /* PostingBookDemo.app */;
			productType = "com.apple.product-type.application";
		};
		CE6734D92102A648003CFB2B /* PostingBookDemoTests */ = {
			isa = PBXNativeTarget;
			buildConfigurationList = CE6734F12102A648003CFB2B /* Build configuration list for PBXNativeTarget "PostingBookDemoTests" */;
			buildPhases = (
				28834F6B0F5F0514FD6521B2 /* [CP] Check Pods Manifest.lock */,
				CE6734D62102A648003CFB2B /* Sources */,
				CE6734D72102A648003CFB2B /* Frameworks */,
				CE6734D82102A648003CFB2B /* Resources */,
			);
			buildRules = (
			);
			dependencies = (
				CE6734DC2102A648003CFB2B /* PBXTargetDependency */,
			);
			name = PostingBookDemoTests;
			productName = PostingBookDemoTests;
			productReference = CE6734DA2102A648003CFB2B /* PostingBookDemoTests.xctest */;
			productType = "com.apple.product-type.bundle.unit-test";
		};
		CE6734E42102A648003CFB2B /* PostingBookDemoUITests */ = {
			isa = PBXNativeTarget;
			buildConfigurationList = CE6734F42102A648003CFB2B /* Build configuration list for PBXNativeTarget "PostingBookDemoUITests" */;
			buildPhases = (
				283667707635B39CE9C48279 /* [CP] Check Pods Manifest.lock */,
				CE6734E12102A648003CFB2B /* Sources */,
				CE6734E22102A648003CFB2B /* Frameworks */,
				CE6734E32102A648003CFB2B /* Resources */,
			);
			buildRules = (
			);
			dependencies = (
				CE6734E72102A648003CFB2B /* PBXTargetDependency */,
			);
			name = PostingBookDemoUITests;
			productName = PostingBookDemoUITests;
			productReference = CE6734E52102A648003CFB2B /* PostingBookDemoUITests.xctest */;
			productType = "com.apple.product-type.bundle.ui-testing";
		};
/* End PBXNativeTarget section */

/* Begin PBXProject section */
		CE6734BA2102A647003CFB2B /* Project object */ = {
			isa = PBXProject;
			attributes = {
				LastUpgradeCheck = 0940;
				ORGANIZATIONNAME = connorclancy;
				TargetAttributes = {
					CE6734C12102A647003CFB2B = {
						CreatedOnToolsVersion = 9.4.1;
					};
					CE6734D92102A648003CFB2B = {
						CreatedOnToolsVersion = 9.4.1;
						TestTargetID = CE6734C12102A647003CFB2B;
					};
					CE6734E42102A648003CFB2B = {
						CreatedOnToolsVersion = 9.4.1;
						TestTargetID = CE6734C12102A647003CFB2B;
					};
				};
			};
			buildConfigurationList = CE6734BD2102A647003CFB2B /* Build configuration list for PBXProject "PostingBookDemo" */;
			compatibilityVersion = "Xcode 9.3";
			developmentRegion = en;
			hasScannedForEncodings = 0;
			knownRegions = (
				en,
				Base,
			);
			mainGroup = CE6734B92102A647003CFB2B;
			productRefGroup = CE6734C32102A647003CFB2B /* Products */;
			projectDirPath = "";
			projectRoot = "";
			targets = (
				CE6734C12102A647003CFB2B /* PostingBookDemo */,
				CE6734D92102A648003CFB2B /* PostingBookDemoTests */,
				CE6734E42102A648003CFB2B /* PostingBookDemoUITests */,
			);
		};
/* End PBXProject section */

/* Begin PBXResourcesBuildPhase section */
		CE6734C02102A647003CFB2B /* Resources */ = {
			isa = PBXResourcesBuildPhase;
			buildActionMask = 2147483647;
			files = (
				CE6734D22102A647003CFB2B /* LaunchScreen.storyboard in Resources */,
				CE6734CF2102A647003CFB2B /* Assets.xcassets in Resources */,
				CE6734CD2102A647003CFB2B /* Main.storyboard in Resources */,
			);
			runOnlyForDeploymentPostprocessing = 0;
		};
		CE6734D82102A648003CFB2B /* Resources */ = {
			isa = PBXResourcesBuildPhase;
			buildActionMask = 2147483647;
			files = (
			);
			runOnlyForDeploymentPostprocessing = 0;
		};
		CE6734E32102A648003CFB2B /* Resources */ = {
			isa = PBXResourcesBuildPhase;
			buildActionMask = 2147483647;
			files = (
			);
			runOnlyForDeploymentPostprocessing = 0;
		};
/* End PBXResourcesBuildPhase section */

/* Begin PBXShellScriptBuildPhase section */
		283667707635B39CE9C48279 /* [CP] Check Pods Manifest.lock */ = {
			isa = PBXShellScriptBuildPhase;
			buildActionMask = 2147483647;
			files = (
			);
			inputPaths = (
				"${PODS_PODFILE_DIR_PATH}/Podfile.lock",
				"${PODS_ROOT}/Manifest.lock",
			);
			name = "[CP] Check Pods Manifest.lock";
			outputPaths = (
				"$(DERIVED_FILE_DIR)/Pods-PostingBookDemoUITests-checkManifestLockResult.txt",
			);
			runOnlyForDeploymentPostprocessing = 0;
			shellPath = /bin/sh;
			shellScript = "diff \"${PODS_PODFILE_DIR_PATH}/Podfile.lock\" \"${PODS_ROOT}/Manifest.lock\" > /dev/null\nif [ $? != 0 ] ; then\n    # print error to STDERR\n    echo \"error: The sandbox is not in sync with the Podfile.lock. Run 'pod install' or update your CocoaPods installation.\" >&2\n    exit 1\nfi\n# This output is used by Xcode 'outputs' to avoid re-running this script phase.\necho \"SUCCESS\" > \"${SCRIPT_OUTPUT_FILE_0}\"\n";
			showEnvVarsInLog = 0;
		};
		28834F6B0F5F0514FD6521B2 /* [CP] Check Pods Manifest.lock */ = {
			isa = PBXShellScriptBuildPhase;
			buildActionMask = 2147483647;
			files = (
			);
			inputPaths = (
				"${PODS_PODFILE_DIR_PATH}/Podfile.lock",
				"${PODS_ROOT}/Manifest.lock",
			);
			name = "[CP] Check Pods Manifest.lock";
			outputPaths = (
				"$(DERIVED_FILE_DIR)/Pods-PostingBookDemoTests-checkManifestLockResult.txt",
			);
			runOnlyForDeploymentPostprocessing = 0;
			shellPath = /bin/sh;
			shellScript = "diff \"${PODS_PODFILE_DIR_PATH}/Podfile.lock\" \"${PODS_ROOT}/Manifest.lock\" > /dev/null\nif [ $? != 0 ] ; then\n    # print error to STDERR\n    echo \"error: The sandbox is not in sync with the Podfile.lock. Run 'pod install' or update your CocoaPods installation.\" >&2\n    exit 1\nfi\n# This output is used by Xcode 'outputs' to avoid re-running this script phase.\necho \"SUCCESS\" > \"${SCRIPT_OUTPUT_FILE_0}\"\n";
			showEnvVarsInLog = 0;
		};
		D4E5CFF74AE109BBF356D7DD /* [CP] Check Pods Manifest.lock */ = {
			isa = PBXShellScriptBuildPhase;
			buildActionMask = 2147483647;
			files = (
			);
			inputPaths = (
				"${PODS_PODFILE_DIR_PATH}/Podfile.lock",
				"${PODS_ROOT}/Manifest.lock",
			);
			name = "[CP] Check Pods Manifest.lock";
			outputPaths = (
				"$(DERIVED_FILE_DIR)/Pods-PostingBookDemo-checkManifestLockResult.txt",
			);
			runOnlyForDeploymentPostprocessing = 0;
			shellPath = /bin/sh;
			shellScript = "diff \"${PODS_PODFILE_DIR_PATH}/Podfile.lock\" \"${PODS_ROOT}/Manifest.lock\" > /dev/null\nif [ $? != 0 ] ; then\n    # print error to STDERR\n    echo \"error: The sandbox is not in sync with the Podfile.lock. Run 'pod install' or update your CocoaPods installation.\" >&2\n    exit 1\nfi\n# This output is used by Xcode 'outputs' to avoid re-running this script phase.\necho \"SUCCESS\" > \"${SCRIPT_OUTPUT_FILE_0}\"\n";
			showEnvVarsInLog = 0;
		};
/* End PBXShellScriptBuildPhase section */

/* Begin PBXSourcesBuildPhase section */
		CE6734BE2102A647003CFB2B /* Sources */ = {
			isa = PBXSourcesBuildPhase;
			buildActionMask = 2147483647;
			files = (
				CE6734CA2102A647003CFB2B /* ViewController.m in Sources */,
				CE6734D52102A647003CFB2B /* main.m in Sources */,
				CE6734FC2102A6AB003CFB2B /* BarcodeScanViewController.m in Sources */,
				CE6734FF2102A6B5003CFB2B /* AddBookViewController.m in Sources */,
				CE6734C72102A647003CFB2B /* AppDelegate.m in Sources */,
			);
			runOnlyForDeploymentPostprocessing = 0;
		};
		CE6734D62102A648003CFB2B /* Sources */ = {
			isa = PBXSourcesBuildPhase;
			buildActionMask = 2147483647;
			files = (
				CE6734DF2102A648003CFB2B /* PostingBookDemoTests.m in Sources */,
			);
			runOnlyForDeploymentPostprocessing = 0;
		};
		CE6734E12102A648003CFB2B /* Sources */ = {
			isa = PBXSourcesBuildPhase;
			buildActionMask = 2147483647;
			files = (
				CE6734EA2102A648003CFB2B /* PostingBookDemoUITests.m in Sources */,
			);
			runOnlyForDeploymentPostprocessing = 0;
		};
/* End PBXSourcesBuildPhase section */

/* Begin PBXTargetDependency section */
		CE6734DC2102A648003CFB2B /* PBXTargetDependency */ = {
			isa = PBXTargetDependency;
			target = CE6734C12102A647003CFB2B /* PostingBookDemo */;
			targetProxy = CE6734DB2102A648003CFB2B /* PBXContainerItemProxy */;
		};
		CE6734E72102A648003CFB2B /* PBXTargetDependency */ = {
			isa = PBXTargetDependency;
			target = CE6734C12102A647003CFB2B /* PostingBookDemo */;
			targetProxy = CE6734E62102A648003CFB2B /* PBXContainerItemProxy */;
		};
/* End PBXTargetDependency section */

/* Begin PBXVariantGroup section */
		CE6734CB2102A647003CFB2B /* Main.storyboard */ = {
			isa = PBXVariantGroup;
			children = (
				CE6734CC2102A647003CFB2B /* Base */,
			);
			name = Main.storyboard;
			sourceTree = "<group>";
		};
		CE6734D02102A647003CFB2B /* LaunchScreen.storyboard */ = {
			isa = PBXVariantGroup;
			children = (
				CE6734D12102A647003CFB2B /* Base */,
			);
			name = LaunchScreen.storyboard;
			sourceTree = "<group>";
		};
/* End PBXVariantGroup section */

/* Begin XCBuildConfiguration section */
		CE6734EC2102A648003CFB2B /* Debug */ = {
			isa = XCBuildConfiguration;
			buildSettings = {
				ALWAYS_SEARCH_USER_PATHS = NO;
				CLANG_ANALYZER_NONNULL = YES;
				CLANG_ANALYZER_NUMBER_OBJECT_CONVERSION = YES_AGGRESSIVE;
				CLANG_CXX_LANGUAGE_STANDARD = "gnu++14";
				CLANG_CXX_LIBRARY = "libc++";
				CLANG_ENABLE_MODULES = YES;
				CLANG_ENABLE_OBJC_ARC = YES;
				CLANG_ENABLE_OBJC_WEAK = YES;
				CLANG_WARN_BLOCK_CAPTURE_AUTORELEASING = YES;
				CLANG_WARN_BOOL_CONVERSION = YES;
				CLANG_WARN_COMMA = YES;
				CLANG_WARN_CONSTANT_CONVERSION = YES;
				CLANG_WARN_DEPRECATED_OBJC_IMPLEMENTATIONS = YES;
				CLANG_WARN_DIRECT_OBJC_ISA_USAGE = YES_ERROR;
				CLANG_WARN_DOCUMENTATION_COMMENTS = YES;
				CLANG_WARN_EMPTY_BODY = YES;
				CLANG_WARN_ENUM_CONVERSION = YES;
				CLANG_WARN_INFINITE_RECURSION = YES;
				CLANG_WARN_INT_CONVERSION = YES;
				CLANG_WARN_NON_LITERAL_NULL_CONVERSION = YES;
				CLANG_WARN_OBJC_IMPLICIT_RETAIN_SELF = YES;
				CLANG_WARN_OBJC_LITERAL_CONVERSION = YES;
				CLANG_WARN_OBJC_ROOT_CLASS = YES_ERROR;
				CLANG_WARN_RANGE_LOOP_ANALYSIS = YES;
				CLANG_WARN_STRICT_PROTOTYPES = YES;
				CLANG_WARN_SUSPICIOUS_MOVE = YES;
				CLANG_WARN_UNGUARDED_AVAILABILITY = YES_AGGRESSIVE;
				CLANG_WARN_UNREACHABLE_CODE = YES;
				CLANG_WARN__DUPLICATE_METHOD_MATCH = YES;
				CODE_SIGN_IDENTITY = "iPhone Developer";
				COPY_PHASE_STRIP = NO;
				DEBUG_INFORMATION_FORMAT = dwarf;
				ENABLE_STRICT_OBJC_MSGSEND = YES;
				ENABLE_TESTABILITY = YES;
				GCC_C_LANGUAGE_STANDARD = gnu11;
				GCC_DYNAMIC_NO_PIC = NO;
				GCC_NO_COMMON_BLOCKS = YES;
				GCC_OPTIMIZATION_LEVEL = 0;
				GCC_PREPROCESSOR_DEFINITIONS = (
					"DEBUG=1",
					"$(inherited)",
				);
				GCC_WARN_64_TO_32_BIT_CONVERSION = YES;
				GCC_WARN_ABOUT_RETURN_TYPE = YES_ERROR;
				GCC_WARN_UNDECLARED_SELECTOR = YES;
				GCC_WARN_UNINITIALIZED_AUTOS = YES_AGGRESSIVE;
				GCC_WARN_UNUSED_FUNCTION = YES;
				GCC_WARN_UNUSED_VARIABLE = YES;
				IPHONEOS_DEPLOYMENT_TARGET = 11.4;
				MTL_ENABLE_DEBUG_INFO = YES;
				ONLY_ACTIVE_ARCH = YES;
				SDKROOT = iphoneos;
			};
			name = Debug;
		};
		CE6734ED2102A648003CFB2B /* Release */ = {
			isa = XCBuildConfiguration;
			buildSettings = {
				ALWAYS_SEARCH_USER_PATHS = NO;
				CLANG_ANALYZER_NONNULL = YES;
				CLANG_ANALYZER_NUMBER_OBJECT_CONVERSION = YES_AGGRESSIVE;
				CLANG_CXX_LANGUAGE_STANDARD = "gnu++14";
				CLANG_CXX_LIBRARY = "libc++";
				CLANG_ENABLE_MODULES = YES;
				CLANG_ENABLE_OBJC_ARC = YES;
				CLANG_ENABLE_OBJC_WEAK = YES;
				CLANG_WARN_BLOCK_CAPTURE_AUTORELEASING = YES;
				CLANG_WARN_BOOL_CONVERSION = YES;
				CLANG_WARN_COMMA = YES;
				CLANG_WARN_CONSTANT_CONVERSION = YES;
				CLANG_WARN_DEPRECATED_OBJC_IMPLEMENTATIONS = YES;
				CLANG_WARN_DIRECT_OBJC_ISA_USAGE = YES_ERROR;
				CLANG_WARN_DOCUMENTATION_COMMENTS = YES;
				CLANG_WARN_EMPTY_BODY = YES;
				CLANG_WARN_ENUM_CONVERSION = YES;
				CLANG_WARN_INFINITE_RECURSION = YES;
				CLANG_WARN_INT_CONVERSION = YES;
				CLANG_WARN_NON_LITERAL_NULL_CONVERSION = YES;
				CLANG_WARN_OBJC_IMPLICIT_RETAIN_SELF = YES;
				CLANG_WARN_OBJC_LITERAL_CONVERSION = YES;
				CLANG_WARN_OBJC_ROOT_CLASS = YES_ERROR;
				CLANG_WARN_RANGE_LOOP_ANALYSIS = YES;
				CLANG_WARN_STRICT_PROTOTYPES = YES;
				CLANG_WARN_SUSPICIOUS_MOVE = YES;
				CLANG_WARN_UNGUARDED_AVAILABILITY = YES_AGGRESSIVE;
				CLANG_WARN_UNREACHABLE_CODE = YES;
				CLANG_WARN__DUPLICATE_METHOD_MATCH = YES;
				CODE_SIGN_IDENTITY = "iPhone Developer";
				COPY_PHASE_STRIP = NO;
				DEBUG_INFORMATION_FORMAT = "dwarf-with-dsym";
				ENABLE_NS_ASSERTIONS = NO;
				ENABLE_STRICT_OBJC_MSGSEND = YES;
				GCC_C_LANGUAGE_STANDARD = gnu11;
				GCC_NO_COMMON_BLOCKS = YES;
				GCC_WARN_64_TO_32_BIT_CONVERSION = YES;
				GCC_WARN_ABOUT_RETURN_TYPE = YES_ERROR;
				GCC_WARN_UNDECLARED_SELECTOR = YES;
				GCC_WARN_UNINITIALIZED_AUTOS = YES_AGGRESSIVE;
				GCC_WARN_UNUSED_FUNCTION = YES;
				GCC_WARN_UNUSED_VARIABLE = YES;
				IPHONEOS_DEPLOYMENT_TARGET = 11.4;
				MTL_ENABLE_DEBUG_INFO = NO;
				SDKROOT = iphoneos;
				VALIDATE_PRODUCT = YES;
			};
			name = Release;
		};
		CE6734EF2102A648003CFB2B /* Debug */ = {
			isa = XCBuildConfiguration;
			baseConfigurationReference = DCB2504B0479AAFE3A52F423 /* Pods-PostingBookDemo.debug.xcconfig */;
			buildSettings = {
				ASSETCATALOG_COMPILER_APPICON_NAME = AppIcon;
				CODE_SIGN_STYLE = Automatic;
				DEVELOPMENT_TEAM = DGPBT7M3KP;
				INFOPLIST_FILE = PostingBookDemo/Info.plist;
				LD_RUNPATH_SEARCH_PATHS = (
					"$(inherited)",
					"@executable_path/Frameworks",
				);
				PRODUCT_BUNDLE_IDENTIFIER = connorclancy.PostingBookDemo;
				PRODUCT_NAME = "$(TARGET_NAME)";
				TARGETED_DEVICE_FAMILY = "1,2";
			};
			name = Debug;
		};
		CE6734F02102A648003CFB2B /* Release */ = {
			isa = XCBuildConfiguration;
			baseConfigurationReference = 28A0BE398AA774B8147EFF4B /* Pods-PostingBookDemo.release.xcconfig */;
			buildSettings = {
				ASSETCATALOG_COMPILER_APPICON_NAME = AppIcon;
				CODE_SIGN_STYLE = Automatic;
				DEVELOPMENT_TEAM = DGPBT7M3KP;
				INFOPLIST_FILE = PostingBookDemo/Info.plist;
				LD_RUNPATH_SEARCH_PATHS = (
					"$(inherited)",
					"@executable_path/Frameworks",
				);
				PRODUCT_BUNDLE_IDENTIFIER = connorclancy.PostingBookDemo;
				PRODUCT_NAME = "$(TARGET_NAME)";
				TARGETED_DEVICE_FAMILY = "1,2";
			};
			name = Release;
		};
		CE6734F22102A648003CFB2B /* Debug */ = {
			isa = XCBuildConfiguration;
			baseConfigurationReference = FE7F320DC22205703F17440F /* Pods-PostingBookDemoTests.debug.xcconfig */;
			buildSettings = {
				BUNDLE_LOADER = "$(TEST_HOST)";
				CODE_SIGN_STYLE = Automatic;
				DEVELOPMENT_TEAM = DGPBT7M3KP;
				INFOPLIST_FILE = PostingBookDemoTests/Info.plist;
				LD_RUNPATH_SEARCH_PATHS = (
					"$(inherited)",
					"@executable_path/Frameworks",
					"@loader_path/Frameworks",
				);
				PRODUCT_BUNDLE_IDENTIFIER = connorclancy.PostingBookDemoTests;
				PRODUCT_NAME = "$(TARGET_NAME)";
				TARGETED_DEVICE_FAMILY = "1,2";
				TEST_HOST = "$(BUILT_PRODUCTS_DIR)/PostingBookDemo.app/PostingBookDemo";
			};
			name = Debug;
		};
		CE6734F32102A648003CFB2B /* Release */ = {
			isa = XCBuildConfiguration;
			baseConfigurationReference = 347320941C4926F40F2A5CD9 /* Pods-PostingBookDemoTests.release.xcconfig */;
			buildSettings = {
				BUNDLE_LOADER = "$(TEST_HOST)";
				CODE_SIGN_STYLE = Automatic;
				DEVELOPMENT_TEAM = DGPBT7M3KP;
				INFOPLIST_FILE = PostingBookDemoTests/Info.plist;
				LD_RUNPATH_SEARCH_PATHS = (
					"$(inherited)",
					"@executable_path/Frameworks",
					"@loader_path/Frameworks",
				);
				PRODUCT_BUNDLE_IDENTIFIER = connorclancy.PostingBookDemoTests;
				PRODUCT_NAME = "$(TARGET_NAME)";
				TARGETED_DEVICE_FAMILY = "1,2";
				TEST_HOST = "$(BUILT_PRODUCTS_DIR)/PostingBookDemo.app/PostingBookDemo";
			};
			name = Release;
		};
		CE6734F52102A648003CFB2B /* Debug */ = {
			isa = XCBuildConfiguration;
			baseConfigurationReference = 4ABDC506D2537F5CDDE833B8 /* Pods-PostingBookDemoUITests.debug.xcconfig */;
			buildSettings = {
				CODE_SIGN_STYLE = Automatic;
				DEVELOPMENT_TEAM = DGPBT7M3KP;
				INFOPLIST_FILE = PostingBookDemoUITests/Info.plist;
				LD_RUNPATH_SEARCH_PATHS = (
					"$(inherited)",
					"@executable_path/Frameworks",
					"@loader_path/Frameworks",
				);
				PRODUCT_BUNDLE_IDENTIFIER = connorclancy.PostingBookDemoUITests;
				PRODUCT_NAME = "$(TARGET_NAME)";
				TARGETED_DEVICE_FAMILY = "1,2";
				TEST_TARGET_NAME = PostingBookDemo;
			};
			name = Debug;
		};
		CE6734F62102A648003CFB2B /* Release */ = {
			isa = XCBuildConfiguration;
			baseConfigurationReference = 963AB093914C104EF2EC86FF /* Pods-PostingBookDemoUITests.release.xcconfig */;
			buildSettings = {
				CODE_SIGN_STYLE = Automatic;
				DEVELOPMENT_TEAM = DGPBT7M3KP;
				INFOPLIST_FILE = PostingBookDemoUITests/Info.plist;
				LD_RUNPATH_SEARCH_PATHS = (
					"$(inherited)",
					"@executable_path/Frameworks",
					"@loader_path/Frameworks",
				);
				PRODUCT_BUNDLE_IDENTIFIER = connorclancy.PostingBookDemoUITests;
				PRODUCT_NAME = "$(TARGET_NAME)";
				TARGETED_DEVICE_FAMILY = "1,2";
				TEST_TARGET_NAME = PostingBookDemo;
			};
			name = Release;
		};
/* End XCBuildConfiguration section */

/* Begin XCConfigurationList section */
		CE6734BD2102A647003CFB2B /* Build configuration list for PBXProject "PostingBookDemo" */ = {
			isa = XCConfigurationList;
			buildConfigurations = (
				CE6734EC2102A648003CFB2B /* Debug */,
				CE6734ED2102A648003CFB2B /* Release */,
			);
			defaultConfigurationIsVisible = 0;
			defaultConfigurationName = Release;
		};
		CE6734EE2102A648003CFB2B /* Build configuration list for PBXNativeTarget "PostingBookDemo" */ = {
			isa = XCConfigurationList;
			buildConfigurations = (
				CE6734EF2102A648003CFB2B /* Debug */,
				CE6734F02102A648003CFB2B /* Release */,
			);
			defaultConfigurationIsVisible = 0;
			defaultConfigurationName = Release;
		};
		CE6734F12102A648003CFB2B /* Build configuration list for PBXNativeTarget "PostingBookDemoTests" */ = {
			isa = XCConfigurationList;
			buildConfigurations = (
				CE6734F22102A648003CFB2B /* Debug */,
				CE6734F32102A648003CFB2B /* Release */,
			);
			defaultConfigurationIsVisible = 0;
			defaultConfigurationName = Release;
		};
		CE6734F42102A648003CFB2B /* Build configuration list for PBXNativeTarget "PostingBookDemoUITests" */ = {
			isa = XCConfigurationList;
			buildConfigurations = (
				CE6734F52102A648003CFB2B /* Debug */,
				CE6734F62102A648003CFB2B /* Release */,
			);
			defaultConfigurationIsVisible = 0;
			defaultConfigurationName = Release;
		};
/* End XCConfigurationList section */
	};
	rootObject = CE6734BA2102A647003CFB2B /* Project object */;
}
