// !$*UTF8*$!
{
	archiveVersion = 1;
	classes = {
	};
	objectVersion = 50;
	objects = {

/* Begin PBXBuildFile section */
		CE347D97210659A800A937B3 /* AppDelegate.m in Sources */ = {isa = PBXBuildFile; fileRef = CE347D96210659A800A937B3 /* AppDelegate.m */; };
		CE347D9A210659A800A937B3 /* ViewController.m in Sources */ = {isa = PBXBuildFile; fileRef = CE347D99210659A800A937B3 /* ViewController.m */; };
		CE347D9D210659A800A937B3 /* Main.storyboard in Resources */ = {isa = PBXBuildFile; fileRef = CE347D9B210659A800A937B3 /* Main.storyboard */; };
		CE347D9F210659A900A937B3 /* Assets.xcassets in Resources */ = {isa = PBXBuildFile; fileRef = CE347D9E210659A900A937B3 /* Assets.xcassets */; };
		CE347DA2210659A900A937B3 /* LaunchScreen.storyboard in Resources */ = {isa = PBXBuildFile; fileRef = CE347DA0210659A900A937B3 /* LaunchScreen.storyboard */; };
		CE347DA5210659A900A937B3 /* main.m in Sources */ = {isa = PBXBuildFile; fileRef = CE347DA4210659A900A937B3 /* main.m */; };
		CE347DAF210659A900A937B3 /* FacebookLoginTests.m in Sources */ = {isa = PBXBuildFile; fileRef = CE347DAE210659A900A937B3 /* FacebookLoginTests.m */; };
		CE347DBA210659A900A937B3 /* FacebookLoginUITests.m in Sources */ = {isa = PBXBuildFile; fileRef = CE347DB9210659A900A937B3 /* FacebookLoginUITests.m */; };
/* End PBXBuildFile section */

/* Begin PBXContainerItemProxy section */
		CE347DAB210659A900A937B3 /* PBXContainerItemProxy */ = {
			isa = PBXContainerItemProxy;
			containerPortal = CE347D8A210659A800A937B3 /* Project object */;
			proxyType = 1;
			remoteGlobalIDString = CE347D91210659A800A937B3;
			remoteInfo = FacebookLogin;
		};
		CE347DB6210659A900A937B3 /* PBXContainerItemProxy */ = {
			isa = PBXContainerItemProxy;
			containerPortal = CE347D8A210659A800A937B3 /* Project object */;
			proxyType = 1;
			remoteGlobalIDString = CE347D91210659A800A937B3;
			remoteInfo = FacebookLogin;
		};
/* End PBXContainerItemProxy section */

/* Begin PBXFileReference section */
		CE347D92210659A800A937B3 /* FacebookLogin.app */ = {isa = PBXFileReference; explicitFileType = wrapper.application; includeInIndex = 0; path = FacebookLogin.app; sourceTree = BUILT_PRODUCTS_DIR; };
		CE347D95210659A800A937B3 /* AppDelegate.h */ = {isa = PBXFileReference; lastKnownFileType = sourcecode.c.h; path = AppDelegate.h; sourceTree = "<group>"; };
		CE347D96210659A800A937B3 /* AppDelegate.m */ = {isa = PBXFileReference; lastKnownFileType = sourcecode.c.objc; path = AppDelegate.m; sourceTree = "<group>"; };
		CE347D98210659A800A937B3 /* ViewController.h */ = {isa = PBXFileReference; lastKnownFileType = sourcecode.c.h; path = ViewController.h; sourceTree = "<group>"; };
		CE347D99210659A800A937B3 /* ViewController.m */ = {isa = PBXFileReference; lastKnownFileType = sourcecode.c.objc; path = ViewController.m; sourceTree = "<group>"; };
		CE347D9C210659A800A937B3 /* Base */ = {isa = PBXFileReference; lastKnownFileType = file.storyboard; name = Base; path = Base.lproj/Main.storyboard; sourceTree = "<group>"; };
		CE347D9E210659A900A937B3 /* Assets.xcassets */ = {isa = PBXFileReference; lastKnownFileType = folder.assetcatalog; path = Assets.xcassets; sourceTree = "<group>"; };
		CE347DA1210659A900A937B3 /* Base */ = {isa = PBXFileReference; lastKnownFileType = file.storyboard; name = Base; path = Base.lproj/LaunchScreen.storyboard; sourceTree = "<group>"; };
		CE347DA3210659A900A937B3 /* Info.plist */ = {isa = PBXFileReference; lastKnownFileType = text.plist.xml; path = Info.plist; sourceTree = "<group>"; };
		CE347DA4210659A900A937B3 /* main.m */ = {isa = PBXFileReference; lastKnownFileType = sourcecode.c.objc; path = main.m; sourceTree = "<group>"; };
		CE347DAA210659A900A937B3 /* FacebookLoginTests.xctest */ = {isa = PBXFileReference; explicitFileType = wrapper.cfbundle; includeInIndex = 0; path = FacebookLoginTests.xctest; sourceTree = BUILT_PRODUCTS_DIR; };
		CE347DAE210659A900A937B3 /* FacebookLoginTests.m */ = {isa = PBXFileReference; lastKnownFileType = sourcecode.c.objc; path = FacebookLoginTests.m; sourceTree = "<group>"; };
		CE347DB0210659A900A937B3 /* Info.plist */ = {isa = PBXFileReference; lastKnownFileType = text.plist.xml; path = Info.plist; sourceTree = "<group>"; };
		CE347DB5210659A900A937B3 /* FacebookLoginUITests.xctest */ = {isa = PBXFileReference; explicitFileType = wrapper.cfbundle; includeInIndex = 0; path = FacebookLoginUITests.xctest; sourceTree = BUILT_PRODUCTS_DIR; };
		CE347DB9210659A900A937B3 /* FacebookLoginUITests.m */ = {isa = PBXFileReference; lastKnownFileType = sourcecode.c.objc; path = FacebookLoginUITests.m; sourceTree = "<group>"; };
		CE347DBB210659A900A937B3 /* Info.plist */ = {isa = PBXFileReference; lastKnownFileType = text.plist.xml; path = Info.plist; sourceTree = "<group>"; };
/* End PBXFileReference section */

/* Begin PBXFrameworksBuildPhase section */
		CE347D8F210659A800A937B3 /* Frameworks */ = {
			isa = PBXFrameworksBuildPhase;
			buildActionMask = 2147483647;
			files = (
			);
			runOnlyForDeploymentPostprocessing = 0;
		};
		CE347DA7210659A900A937B3 /* Frameworks */ = {
			isa = PBXFrameworksBuildPhase;
			buildActionMask = 2147483647;
			files = (
			);
			runOnlyForDeploymentPostprocessing = 0;
		};
		CE347DB2210659A900A937B3 /* Frameworks */ = {
			isa = PBXFrameworksBuildPhase;
			buildActionMask = 2147483647;
			files = (
			);
			runOnlyForDeploymentPostprocessing = 0;
		};
/* End PBXFrameworksBuildPhase section */

/* Begin PBXGroup section */
		CE347D89210659A800A937B3 = {
			isa = PBXGroup;
			children = (
				CE347D94210659A800A937B3 /* FacebookLogin */,
				CE347DAD210659A900A937B3 /* FacebookLoginTests */,
				CE347DB8210659A900A937B3 /* FacebookLoginUITests */,
				CE347D93210659A800A937B3 /* Products */,
			);
			sourceTree = "<group>";
		};
		CE347D93210659A800A937B3 /* Products */ = {
			isa = PBXGroup;
			children = (
				CE347D92210659A800A937B3 /* FacebookLogin.app */,
				CE347DAA210659A900A937B3 /* FacebookLoginTests.xctest */,
				CE347DB5210659A900A937B3 /* FacebookLoginUITests.xctest */,
			);
			name = Products;
			sourceTree = "<group>";
		};
		CE347D94210659A800A937B3 /* FacebookLogin */ = {
			isa = PBXGroup;
			children = (
				CE347D95210659A800A937B3 /* AppDelegate.h */,
				CE347D96210659A800A937B3 /* AppDelegate.m */,
				CE347D98210659A800A937B3 /* ViewController.h */,
				CE347D99210659A800A937B3 /* ViewController.m */,
				CE347D9B210659A800A937B3 /* Main.storyboard */,
				CE347D9E210659A900A937B3 /* Assets.xcassets */,
				CE347DA0210659A900A937B3 /* LaunchScreen.storyboard */,
				CE347DA3210659A900A937B3 /* Info.plist */,
				CE347DA4210659A900A937B3 /* main.m */,
			);
			path = FacebookLogin;
			sourceTree = "<group>";
		};
		CE347DAD210659A900A937B3 /* FacebookLoginTests */ = {
			isa = PBXGroup;
			children = (
				CE347DAE210659A900A937B3 /* FacebookLoginTests.m */,
				CE347DB0210659A900A937B3 /* Info.plist */,
			);
			path = FacebookLoginTests;
			sourceTree = "<group>";
		};
		CE347DB8210659A900A937B3 /* FacebookLoginUITests */ = {
			isa = PBXGroup;
			children = (
				CE347DB9210659A900A937B3 /* FacebookLoginUITests.m */,
				CE347DBB210659A900A937B3 /* Info.plist */,
			);
			path = FacebookLoginUITests;
			sourceTree = "<group>";
		};
/* End PBXGroup section */

/* Begin PBXNativeTarget section */
		CE347D91210659A800A937B3 /* FacebookLogin */ = {
			isa = PBXNativeTarget;
			buildConfigurationList = CE347DBE210659AA00A937B3 /* Build configuration list for PBXNativeTarget "FacebookLogin" */;
			buildPhases = (
				CE347D8E210659A800A937B3 /* Sources */,
				CE347D8F210659A800A937B3 /* Frameworks */,
				CE347D90210659A800A937B3 /* Resources */,
			);
			buildRules = (
			);
			dependencies = (
			);
			name = FacebookLogin;
			productName = FacebookLogin;
			productReference = CE347D92210659A800A937B3 /* FacebookLogin.app */;
			productType = "com.apple.product-type.application";
		};
		CE347DA9210659A900A937B3 /* FacebookLoginTests */ = {
			isa = PBXNativeTarget;
			buildConfigurationList = CE347DC1210659AA00A937B3 /* Build configuration list for PBXNativeTarget "FacebookLoginTests" */;
			buildPhases = (
				CE347DA6210659A900A937B3 /* Sources */,
				CE347DA7210659A900A937B3 /* Frameworks */,
				CE347DA8210659A900A937B3 /* Resources */,
			);
			buildRules = (
			);
			dependencies = (
				CE347DAC210659A900A937B3 /* PBXTargetDependency */,
			);
			name = FacebookLoginTests;
			productName = FacebookLoginTests;
			productReference = CE347DAA210659A900A937B3 /* FacebookLoginTests.xctest */;
			productType = "com.apple.product-type.bundle.unit-test";
		};
		CE347DB4210659A900A937B3 /* FacebookLoginUITests */ = {
			isa = PBXNativeTarget;
			buildConfigurationList = CE347DC4210659AA00A937B3 /* Build configuration list for PBXNativeTarget "FacebookLoginUITests" */;
			buildPhases = (
				CE347DB1210659A900A937B3 /* Sources */,
				CE347DB2210659A900A937B3 /* Frameworks */,
				CE347DB3210659A900A937B3 /* Resources */,
			);
			buildRules = (
			);
			dependencies = (
				CE347DB7210659A900A937B3 /* PBXTargetDependency */,
			);
			name = FacebookLoginUITests;
			productName = FacebookLoginUITests;
			productReference = CE347DB5210659A900A937B3 /* FacebookLoginUITests.xctest */;
			productType = "com.apple.product-type.bundle.ui-testing";
		};
/* End PBXNativeTarget section */

/* Begin PBXProject section */
		CE347D8A210659A800A937B3 /* Project object */ = {
			isa = PBXProject;
			attributes = {
				LastUpgradeCheck = 0940;
				ORGANIZATIONNAME = connorclancy;
				TargetAttributes = {
					CE347D91210659A800A937B3 = {
						CreatedOnToolsVersion = 9.4.1;
					};
					CE347DA9210659A900A937B3 = {
						CreatedOnToolsVersion = 9.4.1;
						TestTargetID = CE347D91210659A800A937B3;
					};
					CE347DB4210659A900A937B3 = {
						CreatedOnToolsVersion = 9.4.1;
						TestTargetID = CE347D91210659A800A937B3;
					};
				};
			};
			buildConfigurationList = CE347D8D210659A800A937B3 /* Build configuration list for PBXProject "FacebookLogin" */;
			compatibilityVersion = "Xcode 9.3";
			developmentRegion = en;
			hasScannedForEncodings = 0;
			knownRegions = (
				en,
				Base,
			);
			mainGroup = CE347D89210659A800A937B3;
			productRefGroup = CE347D93210659A800A937B3 /* Products */;
			projectDirPath = "";
			projectRoot = "";
			targets = (
				CE347D91210659A800A937B3 /* FacebookLogin */,
				CE347DA9210659A900A937B3 /* FacebookLoginTests */,
				CE347DB4210659A900A937B3 /* FacebookLoginUITests */,
			);
		};
/* End PBXProject section */

/* Begin PBXResourcesBuildPhase section */
		CE347D90210659A800A937B3 /* Resources */ = {
			isa = PBXResourcesBuildPhase;
			buildActionMask = 2147483647;
			files = (
				CE347DA2210659A900A937B3 /* LaunchScreen.storyboard in Resources */,
				CE347D9F210659A900A937B3 /* Assets.xcassets in Resources */,
				CE347D9D210659A800A937B3 /* Main.storyboard in Resources */,
			);
			runOnlyForDeploymentPostprocessing = 0;
		};
		CE347DA8210659A900A937B3 /* Resources */ = {
			isa = PBXResourcesBuildPhase;
			buildActionMask = 2147483647;
			files = (
			);
			runOnlyForDeploymentPostprocessing = 0;
		};
		CE347DB3210659A900A937B3 /* Resources */ = {
			isa = PBXResourcesBuildPhase;
			buildActionMask = 2147483647;
			files = (
			);
			runOnlyForDeploymentPostprocessing = 0;
		};
/* End PBXResourcesBuildPhase section */

/* Begin PBXSourcesBuildPhase section */
		CE347D8E210659A800A937B3 /* Sources */ = {
			isa = PBXSourcesBuildPhase;
			buildActionMask = 2147483647;
			files = (
				CE347D9A210659A800A937B3 /* ViewController.m in Sources */,
				CE347DA5210659A900A937B3 /* main.m in Sources */,
				CE347D97210659A800A937B3 /* AppDelegate.m in Sources */,
			);
			runOnlyForDeploymentPostprocessing = 0;
		};
		CE347DA6210659A900A937B3 /* Sources */ = {
			isa = PBXSourcesBuildPhase;
			buildActionMask = 2147483647;
			files = (
				CE347DAF210659A900A937B3 /* FacebookLoginTests.m in Sources */,
			);
			runOnlyForDeploymentPostprocessing = 0;
		};
		CE347DB1210659A900A937B3 /* Sources */ = {
			isa = PBXSourcesBuildPhase;
			buildActionMask = 2147483647;
			files = (
				CE347DBA210659A900A937B3 /* FacebookLoginUITests.m in Sources */,
			);
			runOnlyForDeploymentPostprocessing = 0;
		};
/* End PBXSourcesBuildPhase section */

/* Begin PBXTargetDependency section */
		CE347DAC210659A900A937B3 /* PBXTargetDependency */ = {
			isa = PBXTargetDependency;
			target = CE347D91210659A800A937B3 /* FacebookLogin */;
			targetProxy = CE347DAB210659A900A937B3 /* PBXContainerItemProxy */;
		};
		CE347DB7210659A900A937B3 /* PBXTargetDependency */ = {
			isa = PBXTargetDependency;
			target = CE347D91210659A800A937B3 /* FacebookLogin */;
			targetProxy = CE347DB6210659A900A937B3 /* PBXContainerItemProxy */;
		};
/* End PBXTargetDependency section */

/* Begin PBXVariantGroup section */
		CE347D9B210659A800A937B3 /* Main.storyboard */ = {
			isa = PBXVariantGroup;
			children = (
				CE347D9C210659A800A937B3 /* Base */,
			);
			name = Main.storyboard;
			sourceTree = "<group>";
		};
		CE347DA0210659A900A937B3 /* LaunchScreen.storyboard */ = {
			isa = PBXVariantGroup;
			children = (
				CE347DA1210659A900A937B3 /* Base */,
			);
			name = LaunchScreen.storyboard;
			sourceTree = "<group>";
		};
/* End PBXVariantGroup section */

/* Begin XCBuildConfiguration section */
		CE347DBC210659AA00A937B3 /* Debug */ = {
			isa = XCBuildConfiguration;
			buildSettings = {
				ALWAYS_SEARCH_USER_PATHS = NO;
				CLANG_ANALYZER_NONNULL = YES;
				CLANG_ANALYZER_NUMBER_OBJECT_CONVERSION = YES_AGGRESSIVE;
				CLANG_CXX_LANGUAGE_STANDARD = "gnu++14";
				CLANG_CXX_LIBRARY = "libc++";
				CLANG_ENABLE_MODULES = YES;
				CLANG_ENABLE_OBJC_ARC = YES;
				CLANG_ENABLE_OBJC_WEAK = YES;
				CLANG_WARN_BLOCK_CAPTURE_AUTORELEASING = YES;
				CLANG_WARN_BOOL_CONVERSION = YES;
				CLANG_WARN_COMMA = YES;
				CLANG_WARN_CONSTANT_CONVERSION = YES;
				CLANG_WARN_DEPRECATED_OBJC_IMPLEMENTATIONS = YES;
				CLANG_WARN_DIRECT_OBJC_ISA_USAGE = YES_ERROR;
				CLANG_WARN_DOCUMENTATION_COMMENTS = YES;
				CLANG_WARN_EMPTY_BODY = YES;
				CLANG_WARN_ENUM_CONVERSION = YES;
				CLANG_WARN_INFINITE_RECURSION = YES;
				CLANG_WARN_INT_CONVERSION = YES;
				CLANG_WARN_NON_LITERAL_NULL_CONVERSION = YES;
				CLANG_WARN_OBJC_IMPLICIT_RETAIN_SELF = YES;
				CLANG_WARN_OBJC_LITERAL_CONVERSION = YES;
				CLANG_WARN_OBJC_ROOT_CLASS = YES_ERROR;
				CLANG_WARN_RANGE_LOOP_ANALYSIS = YES;
				CLANG_WARN_STRICT_PROTOTYPES = YES;
				CLANG_WARN_SUSPICIOUS_MOVE = YES;
				CLANG_WARN_UNGUARDED_AVAILABILITY = YES_AGGRESSIVE;
				CLANG_WARN_UNREACHABLE_CODE = YES;
				CLANG_WARN__DUPLICATE_METHOD_MATCH = YES;
				CODE_SIGN_IDENTITY = "iPhone Developer";
				COPY_PHASE_STRIP = NO;
				DEBUG_INFORMATION_FORMAT = dwarf;
				ENABLE_STRICT_OBJC_MSGSEND = YES;
				ENABLE_TESTABILITY = YES;
				GCC_C_LANGUAGE_STANDARD = gnu11;
				GCC_DYNAMIC_NO_PIC = NO;
				GCC_NO_COMMON_BLOCKS = YES;
				GCC_OPTIMIZATION_LEVEL = 0;
				GCC_PREPROCESSOR_DEFINITIONS = (
					"DEBUG=1",
					"$(inherited)",
				);
				GCC_WARN_64_TO_32_BIT_CONVERSION = YES;
				GCC_WARN_ABOUT_RETURN_TYPE = YES_ERROR;
				GCC_WARN_UNDECLARED_SELECTOR = YES;
				GCC_WARN_UNINITIALIZED_AUTOS = YES_AGGRESSIVE;
				GCC_WARN_UNUSED_FUNCTION = YES;
				GCC_WARN_UNUSED_VARIABLE = YES;
				IPHONEOS_DEPLOYMENT_TARGET = 11.4;
				MTL_ENABLE_DEBUG_INFO = YES;
				ONLY_ACTIVE_ARCH = YES;
				SDKROOT = iphoneos;
			};
			name = Debug;
		};
		CE347DBD210659AA00A937B3 /* Release */ = {
			isa = XCBuildConfiguration;
			buildSettings = {
				ALWAYS_SEARCH_USER_PATHS = NO;
				CLANG_ANALYZER_NONNULL = YES;
				CLANG_ANALYZER_NUMBER_OBJECT_CONVERSION = YES_AGGRESSIVE;
				CLANG_CXX_LANGUAGE_STANDARD = "gnu++14";
				CLANG_CXX_LIBRARY = "libc++";
				CLANG_ENABLE_MODULES = YES;
				CLANG_ENABLE_OBJC_ARC = YES;
				CLANG_ENABLE_OBJC_WEAK = YES;
				CLANG_WARN_BLOCK_CAPTURE_AUTORELEASING = YES;
				CLANG_WARN_BOOL_CONVERSION = YES;
				CLANG_WARN_COMMA = YES;
				CLANG_WARN_CONSTANT_CONVERSION = YES;
				CLANG_WARN_DEPRECATED_OBJC_IMPLEMENTATIONS = YES;
				CLANG_WARN_DIRECT_OBJC_ISA_USAGE = YES_ERROR;
				CLANG_WARN_DOCUMENTATION_COMMENTS = YES;
				CLANG_WARN_EMPTY_BODY = YES;
				CLANG_WARN_ENUM_CONVERSION = YES;
				CLANG_WARN_INFINITE_RECURSION = YES;
				CLANG_WARN_INT_CONVERSION = YES;
				CLANG_WARN_NON_LITERAL_NULL_CONVERSION = YES;
				CLANG_WARN_OBJC_IMPLICIT_RETAIN_SELF = YES;
				CLANG_WARN_OBJC_LITERAL_CONVERSION = YES;
				CLANG_WARN_OBJC_ROOT_CLASS = YES_ERROR;
				CLANG_WARN_RANGE_LOOP_ANALYSIS = YES;
				CLANG_WARN_STRICT_PROTOTYPES = YES;
				CLANG_WARN_SUSPICIOUS_MOVE = YES;
				CLANG_WARN_UNGUARDED_AVAILABILITY = YES_AGGRESSIVE;
				CLANG_WARN_UNREACHABLE_CODE = YES;
				CLANG_WARN__DUPLICATE_METHOD_MATCH = YES;
				CODE_SIGN_IDENTITY = "iPhone Developer";
				COPY_PHASE_STRIP = NO;
				DEBUG_INFORMATION_FORMAT = "dwarf-with-dsym";
				ENABLE_NS_ASSERTIONS = NO;
				ENABLE_STRICT_OBJC_MSGSEND = YES;
				GCC_C_LANGUAGE_STANDARD = gnu11;
				GCC_NO_COMMON_BLOCKS = YES;
				GCC_WARN_64_TO_32_BIT_CONVERSION = YES;
				GCC_WARN_ABOUT_RETURN_TYPE = YES_ERROR;
				GCC_WARN_UNDECLARED_SELECTOR = YES;
				GCC_WARN_UNINITIALIZED_AUTOS = YES_AGGRESSIVE;
				GCC_WARN_UNUSED_FUNCTION = YES;
				GCC_WARN_UNUSED_VARIABLE = YES;
				IPHONEOS_DEPLOYMENT_TARGET = 11.4;
				MTL_ENABLE_DEBUG_INFO = NO;
				SDKROOT = iphoneos;
				VALIDATE_PRODUCT = YES;
			};
			name = Release;
		};
		CE347DBF210659AA00A937B3 /* Debug */ = {
			isa = XCBuildConfiguration;
			buildSettings = {
				ASSETCATALOG_COMPILER_APPICON_NAME = AppIcon;
				CODE_SIGN_STYLE = Automatic;
				DEVELOPMENT_TEAM = DGPBT7M3KP;
				INFOPLIST_FILE = FacebookLogin/Info.plist;
				LD_RUNPATH_SEARCH_PATHS = (
					"$(inherited)",
					"@executable_path/Frameworks",
				);
				PRODUCT_BUNDLE_IDENTIFIER = connorclancy.FacebookLogin;
				PRODUCT_NAME = "$(TARGET_NAME)";
				TARGETED_DEVICE_FAMILY = "1,2";
			};
			name = Debug;
		};
		CE347DC0210659AA00A937B3 /* Release */ = {
			isa = XCBuildConfiguration;
			buildSettings = {
				ASSETCATALOG_COMPILER_APPICON_NAME = AppIcon;
				CODE_SIGN_STYLE = Automatic;
				DEVELOPMENT_TEAM = DGPBT7M3KP;
				INFOPLIST_FILE = FacebookLogin/Info.plist;
				LD_RUNPATH_SEARCH_PATHS = (
					"$(inherited)",
					"@executable_path/Frameworks",
				);
				PRODUCT_BUNDLE_IDENTIFIER = connorclancy.FacebookLogin;
				PRODUCT_NAME = "$(TARGET_NAME)";
				TARGETED_DEVICE_FAMILY = "1,2";
			};
			name = Release;
		};
		CE347DC2210659AA00A937B3 /* Debug */ = {
			isa = XCBuildConfiguration;
			buildSettings = {
				BUNDLE_LOADER = "$(TEST_HOST)";
				CODE_SIGN_STYLE = Automatic;
				DEVELOPMENT_TEAM = DGPBT7M3KP;
				INFOPLIST_FILE = FacebookLoginTests/Info.plist;
				LD_RUNPATH_SEARCH_PATHS = (
					"$(inherited)",
					"@executable_path/Frameworks",
					"@loader_path/Frameworks",
				);
				PRODUCT_BUNDLE_IDENTIFIER = connorclancy.FacebookLoginTests;
				PRODUCT_NAME = "$(TARGET_NAME)";
				TARGETED_DEVICE_FAMILY = "1,2";
				TEST_HOST = "$(BUILT_PRODUCTS_DIR)/FacebookLogin.app/FacebookLogin";
			};
			name = Debug;
		};
		CE347DC3210659AA00A937B3 /* Release */ = {
			isa = XCBuildConfiguration;
			buildSettings = {
				BUNDLE_LOADER = "$(TEST_HOST)";
				CODE_SIGN_STYLE = Automatic;
				DEVELOPMENT_TEAM = DGPBT7M3KP;
				INFOPLIST_FILE = FacebookLoginTests/Info.plist;
				LD_RUNPATH_SEARCH_PATHS = (
					"$(inherited)",
					"@executable_path/Frameworks",
					"@loader_path/Frameworks",
				);
				PRODUCT_BUNDLE_IDENTIFIER = connorclancy.FacebookLoginTests;
				PRODUCT_NAME = "$(TARGET_NAME)";
				TARGETED_DEVICE_FAMILY = "1,2";
				TEST_HOST = "$(BUILT_PRODUCTS_DIR)/FacebookLogin.app/FacebookLogin";
			};
			name = Release;
		};
		CE347DC5210659AA00A937B3 /* Debug */ = {
			isa = XCBuildConfiguration;
			buildSettings = {
				CODE_SIGN_STYLE = Automatic;
				DEVELOPMENT_TEAM = DGPBT7M3KP;
				INFOPLIST_FILE = FacebookLoginUITests/Info.plist;
				LD_RUNPATH_SEARCH_PATHS = (
					"$(inherited)",
					"@executable_path/Frameworks",
					"@loader_path/Frameworks",
				);
				PRODUCT_BUNDLE_IDENTIFIER = connorclancy.FacebookLoginUITests;
				PRODUCT_NAME = "$(TARGET_NAME)";
				TARGETED_DEVICE_FAMILY = "1,2";
				TEST_TARGET_NAME = FacebookLogin;
			};
			name = Debug;
		};
		CE347DC6210659AA00A937B3 /* Release */ = {
			isa = XCBuildConfiguration;
			buildSettings = {
				CODE_SIGN_STYLE = Automatic;
				DEVELOPMENT_TEAM = DGPBT7M3KP;
				INFOPLIST_FILE = FacebookLoginUITests/Info.plist;
				LD_RUNPATH_SEARCH_PATHS = (
					"$(inherited)",
					"@executable_path/Frameworks",
					"@loader_path/Frameworks",
				);
				PRODUCT_BUNDLE_IDENTIFIER = connorclancy.FacebookLoginUITests;
				PRODUCT_NAME = "$(TARGET_NAME)";
				TARGETED_DEVICE_FAMILY = "1,2";
				TEST_TARGET_NAME = FacebookLogin;
			};
			name = Release;
		};
/* End XCBuildConfiguration section */

/* Begin XCConfigurationList section */
		CE347D8D210659A800A937B3 /* Build configuration list for PBXProject "FacebookLogin" */ = {
			isa = XCConfigurationList;
			buildConfigurations = (
				CE347DBC210659AA00A937B3 /* Debug */,
				CE347DBD210659AA00A937B3 /* Release */,
			);
			defaultConfigurationIsVisible = 0;
			defaultConfigurationName = Release;
		};
		CE347DBE210659AA00A937B3 /* Build configuration list for PBXNativeTarget "FacebookLogin" */ = {
			isa = XCConfigurationList;
			buildConfigurations = (
				CE347DBF210659AA00A937B3 /* Debug */,
				CE347DC0210659AA00A937B3 /* Release */,
			);
			defaultConfigurationIsVisible = 0;
			defaultConfigurationName = Release;
		};
		CE347DC1210659AA00A937B3 /* Build configuration list for PBXNativeTarget "FacebookLoginTests" */ = {
			isa = XCConfigurationList;
			buildConfigurations = (
				CE347DC2210659AA00A937B3 /* Debug */,
				CE347DC3210659AA00A937B3 /* Release */,
			);
			defaultConfigurationIsVisible = 0;
			defaultConfigurationName = Release;
		};
		CE347DC4210659AA00A937B3 /* Build configuration list for PBXNativeTarget "FacebookLoginUITests" */ = {
			isa = XCConfigurationList;
			buildConfigurations = (
				CE347DC5210659AA00A937B3 /* Debug */,
				CE347DC6210659AA00A937B3 /* Release */,
			);
			defaultConfigurationIsVisible = 0;
			defaultConfigurationName = Release;
		};
/* End XCConfigurationList section */
	};
	rootObject = CE347D8A210659A800A937B3 /* Project object */;
}
