// !$*UTF8*$!
{
	archiveVersion = 1;
	classes = {
	};
	objectVersion = 50;
	objects = {

/* Begin PBXBuildFile section */
		B139F26F20FD0D8A00C90EB7 /* AppDelegate.m in Sources */ = {isa = PBXBuildFile; fileRef = B139F26E20FD0D8A00C90EB7 /* AppDelegate.m */; };
		B139F27220FD0D8A00C90EB7 /* ViewController.m in Sources */ = {isa = PBXBuildFile; fileRef = B139F27120FD0D8A00C90EB7 /* ViewController.m */; };
		B139F27520FD0D8A00C90EB7 /* Main.storyboard in Resources */ = {isa = PBXBuildFile; fileRef = B139F27320FD0D8A00C90EB7 /* Main.storyboard */; };
		B139F27720FD0D8B00C90EB7 /* Assets.xcassets in Resources */ = {isa = PBXBuildFile; fileRef = B139F27620FD0D8B00C90EB7 /* Assets.xcassets */; };
		B139F27A20FD0D8B00C90EB7 /* LaunchScreen.storyboard in Resources */ = {isa = PBXBuildFile; fileRef = B139F27820FD0D8B00C90EB7 /* LaunchScreen.storyboard */; };
		B139F27D20FD0D8B00C90EB7 /* main.m in Sources */ = {isa = PBXBuildFile; fileRef = B139F27C20FD0D8B00C90EB7 /* main.m */; };
		B139F28720FD0D8B00C90EB7 /* BookTraderTests.m in Sources */ = {isa = PBXBuildFile; fileRef = B139F28620FD0D8B00C90EB7 /* BookTraderTests.m */; };
		B139F29220FD0D8B00C90EB7 /* BookTraderUITests.m in Sources */ = {isa = PBXBuildFile; fileRef = B139F29120FD0D8B00C90EB7 /* BookTraderUITests.m */; };
/* End PBXBuildFile section */

/* Begin PBXContainerItemProxy section */
		B139F28320FD0D8B00C90EB7 /* PBXContainerItemProxy */ = {
			isa = PBXContainerItemProxy;
			containerPortal = B139F26220FD0D8A00C90EB7 /* Project object */;
			proxyType = 1;
			remoteGlobalIDString = B139F26920FD0D8A00C90EB7;
			remoteInfo = BookTrader;
		};
		B139F28E20FD0D8B00C90EB7 /* PBXContainerItemProxy */ = {
			isa = PBXContainerItemProxy;
			containerPortal = B139F26220FD0D8A00C90EB7 /* Project object */;
			proxyType = 1;
			remoteGlobalIDString = B139F26920FD0D8A00C90EB7;
			remoteInfo = BookTrader;
		};
/* End PBXContainerItemProxy section */

/* Begin PBXFileReference section */
		B139F26A20FD0D8A00C90EB7 /* BookTrader.app */ = {isa = PBXFileReference; explicitFileType = wrapper.application; includeInIndex = 0; path = BookTrader.app; sourceTree = BUILT_PRODUCTS_DIR; };
		B139F26D20FD0D8A00C90EB7 /* AppDelegate.h */ = {isa = PBXFileReference; lastKnownFileType = sourcecode.c.h; path = AppDelegate.h; sourceTree = "<group>"; };
		B139F26E20FD0D8A00C90EB7 /* AppDelegate.m */ = {isa = PBXFileReference; lastKnownFileType = sourcecode.c.objc; path = AppDelegate.m; sourceTree = "<group>"; };
		B139F27020FD0D8A00C90EB7 /* ViewController.h */ = {isa = PBXFileReference; lastKnownFileType = sourcecode.c.h; path = ViewController.h; sourceTree = "<group>"; };
		B139F27120FD0D8A00C90EB7 /* ViewController.m */ = {isa = PBXFileReference; lastKnownFileType = sourcecode.c.objc; path = ViewController.m; sourceTree = "<group>"; };
		B139F27420FD0D8A00C90EB7 /* Base */ = {isa = PBXFileReference; lastKnownFileType = file.storyboard; name = Base; path = Base.lproj/Main.storyboard; sourceTree = "<group>"; };
		B139F27620FD0D8B00C90EB7 /* Assets.xcassets */ = {isa = PBXFileReference; lastKnownFileType = folder.assetcatalog; path = Assets.xcassets; sourceTree = "<group>"; };
		B139F27920FD0D8B00C90EB7 /* Base */ = {isa = PBXFileReference; lastKnownFileType = file.storyboard; name = Base; path = Base.lproj/LaunchScreen.storyboard; sourceTree = "<group>"; };
		B139F27B20FD0D8B00C90EB7 /* Info.plist */ = {isa = PBXFileReference; lastKnownFileType = text.plist.xml; path = Info.plist; sourceTree = "<group>"; };
		B139F27C20FD0D8B00C90EB7 /* main.m */ = {isa = PBXFileReference; lastKnownFileType = sourcecode.c.objc; path = main.m; sourceTree = "<group>"; };
		B139F28220FD0D8B00C90EB7 /* BookTraderTests.xctest */ = {isa = PBXFileReference; explicitFileType = wrapper.cfbundle; includeInIndex = 0; path = BookTraderTests.xctest; sourceTree = BUILT_PRODUCTS_DIR; };
		B139F28620FD0D8B00C90EB7 /* BookTraderTests.m */ = {isa = PBXFileReference; lastKnownFileType = sourcecode.c.objc; path = BookTraderTests.m; sourceTree = "<group>"; };
		B139F28820FD0D8B00C90EB7 /* Info.plist */ = {isa = PBXFileReference; lastKnownFileType = text.plist.xml; path = Info.plist; sourceTree = "<group>"; };
		B139F28D20FD0D8B00C90EB7 /* BookTraderUITests.xctest */ = {isa = PBXFileReference; explicitFileType = wrapper.cfbundle; includeInIndex = 0; path = BookTraderUITests.xctest; sourceTree = BUILT_PRODUCTS_DIR; };
		B139F29120FD0D8B00C90EB7 /* BookTraderUITests.m */ = {isa = PBXFileReference; lastKnownFileType = sourcecode.c.objc; path = BookTraderUITests.m; sourceTree = "<group>"; };
		B139F29320FD0D8B00C90EB7 /* Info.plist */ = {isa = PBXFileReference; lastKnownFileType = text.plist.xml; path = Info.plist; sourceTree = "<group>"; };
/* End PBXFileReference section */

/* Begin PBXFrameworksBuildPhase section */
		B139F26720FD0D8A00C90EB7 /* Frameworks */ = {
			isa = PBXFrameworksBuildPhase;
			buildActionMask = 2147483647;
			files = (
			);
			runOnlyForDeploymentPostprocessing = 0;
		};
		B139F27F20FD0D8B00C90EB7 /* Frameworks */ = {
			isa = PBXFrameworksBuildPhase;
			buildActionMask = 2147483647;
			files = (
			);
			runOnlyForDeploymentPostprocessing = 0;
		};
		B139F28A20FD0D8B00C90EB7 /* Frameworks */ = {
			isa = PBXFrameworksBuildPhase;
			buildActionMask = 2147483647;
			files = (
			);
			runOnlyForDeploymentPostprocessing = 0;
		};
/* End PBXFrameworksBuildPhase section */

/* Begin PBXGroup section */
		B139F26120FD0D8A00C90EB7 = {
			isa = PBXGroup;
			children = (
				B139F26C20FD0D8A00C90EB7 /* BookTrader */,
				B139F28520FD0D8B00C90EB7 /* BookTraderTests */,
				B139F29020FD0D8B00C90EB7 /* BookTraderUITests */,
				B139F26B20FD0D8A00C90EB7 /* Products */,
			);
			sourceTree = "<group>";
		};
		B139F26B20FD0D8A00C90EB7 /* Products */ = {
			isa = PBXGroup;
			children = (
				B139F26A20FD0D8A00C90EB7 /* BookTrader.app */,
				B139F28220FD0D8B00C90EB7 /* BookTraderTests.xctest */,
				B139F28D20FD0D8B00C90EB7 /* BookTraderUITests.xctest */,
			);
			name = Products;
			sourceTree = "<group>";
		};
		B139F26C20FD0D8A00C90EB7 /* BookTrader */ = {
			isa = PBXGroup;
			children = (
				B139F26D20FD0D8A00C90EB7 /* AppDelegate.h */,
				B139F26E20FD0D8A00C90EB7 /* AppDelegate.m */,
				B139F27020FD0D8A00C90EB7 /* ViewController.h */,
				B139F27120FD0D8A00C90EB7 /* ViewController.m */,
				B139F27320FD0D8A00C90EB7 /* Main.storyboard */,
				B139F27620FD0D8B00C90EB7 /* Assets.xcassets */,
				B139F27820FD0D8B00C90EB7 /* LaunchScreen.storyboard */,
				B139F27B20FD0D8B00C90EB7 /* Info.plist */,
				B139F27C20FD0D8B00C90EB7 /* main.m */,
			);
			path = BookTrader;
			sourceTree = "<group>";
		};
		B139F28520FD0D8B00C90EB7 /* BookTraderTests */ = {
			isa = PBXGroup;
			children = (
				B139F28620FD0D8B00C90EB7 /* BookTraderTests.m */,
				B139F28820FD0D8B00C90EB7 /* Info.plist */,
			);
			path = BookTraderTests;
			sourceTree = "<group>";
		};
		B139F29020FD0D8B00C90EB7 /* BookTraderUITests */ = {
			isa = PBXGroup;
			children = (
				B139F29120FD0D8B00C90EB7 /* BookTraderUITests.m */,
				B139F29320FD0D8B00C90EB7 /* Info.plist */,
			);
			path = BookTraderUITests;
			sourceTree = "<group>";
		};
/* End PBXGroup section */

/* Begin PBXNativeTarget section */
		B139F26920FD0D8A00C90EB7 /* BookTrader */ = {
			isa = PBXNativeTarget;
			buildConfigurationList = B139F29620FD0D8B00C90EB7 /* Build configuration list for PBXNativeTarget "BookTrader" */;
			buildPhases = (
				B139F26620FD0D8A00C90EB7 /* Sources */,
				B139F26720FD0D8A00C90EB7 /* Frameworks */,
				B139F26820FD0D8A00C90EB7 /* Resources */,
			);
			buildRules = (
			);
			dependencies = (
			);
			name = BookTrader;
			productName = BookTrader;
			productReference = B139F26A20FD0D8A00C90EB7 /* BookTrader.app */;
			productType = "com.apple.product-type.application";
		};
		B139F28120FD0D8B00C90EB7 /* BookTraderTests */ = {
			isa = PBXNativeTarget;
			buildConfigurationList = B139F29920FD0D8B00C90EB7 /* Build configuration list for PBXNativeTarget "BookTraderTests" */;
			buildPhases = (
				B139F27E20FD0D8B00C90EB7 /* Sources */,
				B139F27F20FD0D8B00C90EB7 /* Frameworks */,
				B139F28020FD0D8B00C90EB7 /* Resources */,
			);
			buildRules = (
			);
			dependencies = (
				B139F28420FD0D8B00C90EB7 /* PBXTargetDependency */,
			);
			name = BookTraderTests;
			productName = BookTraderTests;
			productReference = B139F28220FD0D8B00C90EB7 /* BookTraderTests.xctest */;
			productType = "com.apple.product-type.bundle.unit-test";
		};
		B139F28C20FD0D8B00C90EB7 /* BookTraderUITests */ = {
			isa = PBXNativeTarget;
			buildConfigurationList = B139F29C20FD0D8B00C90EB7 /* Build configuration list for PBXNativeTarget "BookTraderUITests" */;
			buildPhases = (
				B139F28920FD0D8B00C90EB7 /* Sources */,
				B139F28A20FD0D8B00C90EB7 /* Frameworks */,
				B139F28B20FD0D8B00C90EB7 /* Resources */,
			);
			buildRules = (
			);
			dependencies = (
				B139F28F20FD0D8B00C90EB7 /* PBXTargetDependency */,
			);
			name = BookTraderUITests;
			productName = BookTraderUITests;
			productReference = B139F28D20FD0D8B00C90EB7 /* BookTraderUITests.xctest */;
			productType = "com.apple.product-type.bundle.ui-testing";
		};
/* End PBXNativeTarget section */

/* Begin PBXProject section */
		B139F26220FD0D8A00C90EB7 /* Project object */ = {
			isa = PBXProject;
			attributes = {
				LastUpgradeCheck = 0940;
				ORGANIZATIONNAME = "Claudia Haddad";
				TargetAttributes = {
					B139F26920FD0D8A00C90EB7 = {
						CreatedOnToolsVersion = 9.4.1;
					};
					B139F28120FD0D8B00C90EB7 = {
						CreatedOnToolsVersion = 9.4.1;
						TestTargetID = B139F26920FD0D8A00C90EB7;
					};
					B139F28C20FD0D8B00C90EB7 = {
						CreatedOnToolsVersion = 9.4.1;
						TestTargetID = B139F26920FD0D8A00C90EB7;
					};
				};
			};
			buildConfigurationList = B139F26520FD0D8A00C90EB7 /* Build configuration list for PBXProject "BookTrader" */;
			compatibilityVersion = "Xcode 9.3";
			developmentRegion = en;
			hasScannedForEncodings = 0;
			knownRegions = (
				en,
				Base,
			);
			mainGroup = B139F26120FD0D8A00C90EB7;
			productRefGroup = B139F26B20FD0D8A00C90EB7 /* Products */;
			projectDirPath = "";
			projectRoot = "";
			targets = (
				B139F26920FD0D8A00C90EB7 /* BookTrader */,
				B139F28120FD0D8B00C90EB7 /* BookTraderTests */,
				B139F28C20FD0D8B00C90EB7 /* BookTraderUITests */,
			);
		};
/* End PBXProject section */

/* Begin PBXResourcesBuildPhase section */
		B139F26820FD0D8A00C90EB7 /* Resources */ = {
			isa = PBXResourcesBuildPhase;
			buildActionMask = 2147483647;
			files = (
				B139F27A20FD0D8B00C90EB7 /* LaunchScreen.storyboard in Resources */,
				B139F27720FD0D8B00C90EB7 /* Assets.xcassets in Resources */,
				B139F27520FD0D8A00C90EB7 /* Main.storyboard in Resources */,
			);
			runOnlyForDeploymentPostprocessing = 0;
		};
		B139F28020FD0D8B00C90EB7 /* Resources */ = {
			isa = PBXResourcesBuildPhase;
			buildActionMask = 2147483647;
			files = (
			);
			runOnlyForDeploymentPostprocessing = 0;
		};
		B139F28B20FD0D8B00C90EB7 /* Resources */ = {
			isa = PBXResourcesBuildPhase;
			buildActionMask = 2147483647;
			files = (
			);
			runOnlyForDeploymentPostprocessing = 0;
		};
/* End PBXResourcesBuildPhase section */

/* Begin PBXSourcesBuildPhase section */
		B139F26620FD0D8A00C90EB7 /* Sources */ = {
			isa = PBXSourcesBuildPhase;
			buildActionMask = 2147483647;
			files = (
				B139F27220FD0D8A00C90EB7 /* ViewController.m in Sources */,
				B139F27D20FD0D8B00C90EB7 /* main.m in Sources */,
				B139F26F20FD0D8A00C90EB7 /* AppDelegate.m in Sources */,
			);
			runOnlyForDeploymentPostprocessing = 0;
		};
		B139F27E20FD0D8B00C90EB7 /* Sources */ = {
			isa = PBXSourcesBuildPhase;
			buildActionMask = 2147483647;
			files = (
				B139F28720FD0D8B00C90EB7 /* BookTraderTests.m in Sources */,
			);
			runOnlyForDeploymentPostprocessing = 0;
		};
		B139F28920FD0D8B00C90EB7 /* Sources */ = {
			isa = PBXSourcesBuildPhase;
			buildActionMask = 2147483647;
			files = (
				B139F29220FD0D8B00C90EB7 /* BookTraderUITests.m in Sources */,
			);
			runOnlyForDeploymentPostprocessing = 0;
		};
/* End PBXSourcesBuildPhase section */

/* Begin PBXTargetDependency section */
		B139F28420FD0D8B00C90EB7 /* PBXTargetDependency */ = {
			isa = PBXTargetDependency;
			target = B139F26920FD0D8A00C90EB7 /* BookTrader */;
			targetProxy = B139F28320FD0D8B00C90EB7 /* PBXContainerItemProxy */;
		};
		B139F28F20FD0D8B00C90EB7 /* PBXTargetDependency */ = {
			isa = PBXTargetDependency;
			target = B139F26920FD0D8A00C90EB7 /* BookTrader */;
			targetProxy = B139F28E20FD0D8B00C90EB7 /* PBXContainerItemProxy */;
		};
/* End PBXTargetDependency section */

/* Begin PBXVariantGroup section */
		B139F27320FD0D8A00C90EB7 /* Main.storyboard */ = {
			isa = PBXVariantGroup;
			children = (
				B139F27420FD0D8A00C90EB7 /* Base */,
			);
			name = Main.storyboard;
			sourceTree = "<group>";
		};
		B139F27820FD0D8B00C90EB7 /* LaunchScreen.storyboard */ = {
			isa = PBXVariantGroup;
			children = (
				B139F27920FD0D8B00C90EB7 /* Base */,
			);
			name = LaunchScreen.storyboard;
			sourceTree = "<group>";
		};
/* End PBXVariantGroup section */

/* Begin XCBuildConfiguration section */
		B139F29420FD0D8B00C90EB7 /* Debug */ = {
			isa = XCBuildConfiguration;
			buildSettings = {
				ALWAYS_SEARCH_USER_PATHS = NO;
				CLANG_ANALYZER_NONNULL = YES;
				CLANG_ANALYZER_NUMBER_OBJECT_CONVERSION = YES_AGGRESSIVE;
				CLANG_CXX_LANGUAGE_STANDARD = "gnu++14";
				CLANG_CXX_LIBRARY = "libc++";
				CLANG_ENABLE_MODULES = YES;
				CLANG_ENABLE_OBJC_ARC = YES;
				CLANG_ENABLE_OBJC_WEAK = YES;
				CLANG_WARN_BLOCK_CAPTURE_AUTORELEASING = YES;
				CLANG_WARN_BOOL_CONVERSION = YES;
				CLANG_WARN_COMMA = YES;
				CLANG_WARN_CONSTANT_CONVERSION = YES;
				CLANG_WARN_DEPRECATED_OBJC_IMPLEMENTATIONS = YES;
				CLANG_WARN_DIRECT_OBJC_ISA_USAGE = YES_ERROR;
				CLANG_WARN_DOCUMENTATION_COMMENTS = YES;
				CLANG_WARN_EMPTY_BODY = YES;
				CLANG_WARN_ENUM_CONVERSION = YES;
				CLANG_WARN_INFINITE_RECURSION = YES;
				CLANG_WARN_INT_CONVERSION = YES;
				CLANG_WARN_NON_LITERAL_NULL_CONVERSION = YES;
				CLANG_WARN_OBJC_IMPLICIT_RETAIN_SELF = YES;
				CLANG_WARN_OBJC_LITERAL_CONVERSION = YES;
				CLANG_WARN_OBJC_ROOT_CLASS = YES_ERROR;
				CLANG_WARN_RANGE_LOOP_ANALYSIS = YES;
				CLANG_WARN_STRICT_PROTOTYPES = YES;
				CLANG_WARN_SUSPICIOUS_MOVE = YES;
				CLANG_WARN_UNGUARDED_AVAILABILITY = YES_AGGRESSIVE;
				CLANG_WARN_UNREACHABLE_CODE = YES;
				CLANG_WARN__DUPLICATE_METHOD_MATCH = YES;
				CODE_SIGN_IDENTITY = "iPhone Developer";
				COPY_PHASE_STRIP = NO;
				DEBUG_INFORMATION_FORMAT = dwarf;
				ENABLE_STRICT_OBJC_MSGSEND = YES;
				ENABLE_TESTABILITY = YES;
				GCC_C_LANGUAGE_STANDARD = gnu11;
				GCC_DYNAMIC_NO_PIC = NO;
				GCC_NO_COMMON_BLOCKS = YES;
				GCC_OPTIMIZATION_LEVEL = 0;
				GCC_PREPROCESSOR_DEFINITIONS = (
					"DEBUG=1",
					"$(inherited)",
				);
				GCC_WARN_64_TO_32_BIT_CONVERSION = YES;
				GCC_WARN_ABOUT_RETURN_TYPE = YES_ERROR;
				GCC_WARN_UNDECLARED_SELECTOR = YES;
				GCC_WARN_UNINITIALIZED_AUTOS = YES_AGGRESSIVE;
				GCC_WARN_UNUSED_FUNCTION = YES;
				GCC_WARN_UNUSED_VARIABLE = YES;
				IPHONEOS_DEPLOYMENT_TARGET = 11.4;
				MTL_ENABLE_DEBUG_INFO = YES;
				ONLY_ACTIVE_ARCH = YES;
				SDKROOT = iphoneos;
			};
			name = Debug;
		};
		B139F29520FD0D8B00C90EB7 /* Release */ = {
			isa = XCBuildConfiguration;
			buildSettings = {
				ALWAYS_SEARCH_USER_PATHS = NO;
				CLANG_ANALYZER_NONNULL = YES;
				CLANG_ANALYZER_NUMBER_OBJECT_CONVERSION = YES_AGGRESSIVE;
				CLANG_CXX_LANGUAGE_STANDARD = "gnu++14";
				CLANG_CXX_LIBRARY = "libc++";
				CLANG_ENABLE_MODULES = YES;
				CLANG_ENABLE_OBJC_ARC = YES;
				CLANG_ENABLE_OBJC_WEAK = YES;
				CLANG_WARN_BLOCK_CAPTURE_AUTORELEASING = YES;
				CLANG_WARN_BOOL_CONVERSION = YES;
				CLANG_WARN_COMMA = YES;
				CLANG_WARN_CONSTANT_CONVERSION = YES;
				CLANG_WARN_DEPRECATED_OBJC_IMPLEMENTATIONS = YES;
				CLANG_WARN_DIRECT_OBJC_ISA_USAGE = YES_ERROR;
				CLANG_WARN_DOCUMENTATION_COMMENTS = YES;
				CLANG_WARN_EMPTY_BODY = YES;
				CLANG_WARN_ENUM_CONVERSION = YES;
				CLANG_WARN_INFINITE_RECURSION = YES;
				CLANG_WARN_INT_CONVERSION = YES;
				CLANG_WARN_NON_LITERAL_NULL_CONVERSION = YES;
				CLANG_WARN_OBJC_IMPLICIT_RETAIN_SELF = YES;
				CLANG_WARN_OBJC_LITERAL_CONVERSION = YES;
				CLANG_WARN_OBJC_ROOT_CLASS = YES_ERROR;
				CLANG_WARN_RANGE_LOOP_ANALYSIS = YES;
				CLANG_WARN_STRICT_PROTOTYPES = YES;
				CLANG_WARN_SUSPICIOUS_MOVE = YES;
				CLANG_WARN_UNGUARDED_AVAILABILITY = YES_AGGRESSIVE;
				CLANG_WARN_UNREACHABLE_CODE = YES;
				CLANG_WARN__DUPLICATE_METHOD_MATCH = YES;
				CODE_SIGN_IDENTITY = "iPhone Developer";
				COPY_PHASE_STRIP = NO;
				DEBUG_INFORMATION_FORMAT = "dwarf-with-dsym";
				ENABLE_NS_ASSERTIONS = NO;
				ENABLE_STRICT_OBJC_MSGSEND = YES;
				GCC_C_LANGUAGE_STANDARD = gnu11;
				GCC_NO_COMMON_BLOCKS = YES;
				GCC_WARN_64_TO_32_BIT_CONVERSION = YES;
				GCC_WARN_ABOUT_RETURN_TYPE = YES_ERROR;
				GCC_WARN_UNDECLARED_SELECTOR = YES;
				GCC_WARN_UNINITIALIZED_AUTOS = YES_AGGRESSIVE;
				GCC_WARN_UNUSED_FUNCTION = YES;
				GCC_WARN_UNUSED_VARIABLE = YES;
				IPHONEOS_DEPLOYMENT_TARGET = 11.4;
				MTL_ENABLE_DEBUG_INFO = NO;
				SDKROOT = iphoneos;
				VALIDATE_PRODUCT = YES;
			};
			name = Release;
		};
		B139F29720FD0D8B00C90EB7 /* Debug */ = {
			isa = XCBuildConfiguration;
			buildSettings = {
				ASSETCATALOG_COMPILER_APPICON_NAME = AppIcon;
				CODE_SIGN_STYLE = Automatic;
				DEVELOPMENT_TEAM = PH9LZZN4D9;
				INFOPLIST_FILE = BookTrader/Info.plist;
				LD_RUNPATH_SEARCH_PATHS = (
					"$(inherited)",
					"@executable_path/Frameworks",
				);
				PRODUCT_BUNDLE_IDENTIFIER = com.claudiaa6499.BookTrader;
				PRODUCT_NAME = "$(TARGET_NAME)";
				TARGETED_DEVICE_FAMILY = "1,2";
			};
			name = Debug;
		};
		B139F29820FD0D8B00C90EB7 /* Release */ = {
			isa = XCBuildConfiguration;
			buildSettings = {
				ASSETCATALOG_COMPILER_APPICON_NAME = AppIcon;
				CODE_SIGN_STYLE = Automatic;
				DEVELOPMENT_TEAM = PH9LZZN4D9;
				INFOPLIST_FILE = BookTrader/Info.plist;
				LD_RUNPATH_SEARCH_PATHS = (
					"$(inherited)",
					"@executable_path/Frameworks",
				);
				PRODUCT_BUNDLE_IDENTIFIER = com.claudiaa6499.BookTrader;
				PRODUCT_NAME = "$(TARGET_NAME)";
				TARGETED_DEVICE_FAMILY = "1,2";
			};
			name = Release;
		};
		B139F29A20FD0D8B00C90EB7 /* Debug */ = {
			isa = XCBuildConfiguration;
			buildSettings = {
				BUNDLE_LOADER = "$(TEST_HOST)";
				CODE_SIGN_STYLE = Automatic;
				DEVELOPMENT_TEAM = PH9LZZN4D9;
				INFOPLIST_FILE = BookTraderTests/Info.plist;
				LD_RUNPATH_SEARCH_PATHS = (
					"$(inherited)",
					"@executable_path/Frameworks",
					"@loader_path/Frameworks",
				);
				PRODUCT_BUNDLE_IDENTIFIER = com.claudiaa6499.BookTraderTests;
				PRODUCT_NAME = "$(TARGET_NAME)";
				TARGETED_DEVICE_FAMILY = "1,2";
				TEST_HOST = "$(BUILT_PRODUCTS_DIR)/BookTrader.app/BookTrader";
			};
			name = Debug;
		};
		B139F29B20FD0D8B00C90EB7 /* Release */ = {
			isa = XCBuildConfiguration;
			buildSettings = {
				BUNDLE_LOADER = "$(TEST_HOST)";
				CODE_SIGN_STYLE = Automatic;
				DEVELOPMENT_TEAM = PH9LZZN4D9;
				INFOPLIST_FILE = BookTraderTests/Info.plist;
				LD_RUNPATH_SEARCH_PATHS = (
					"$(inherited)",
					"@executable_path/Frameworks",
					"@loader_path/Frameworks",
				);
				PRODUCT_BUNDLE_IDENTIFIER = com.claudiaa6499.BookTraderTests;
				PRODUCT_NAME = "$(TARGET_NAME)";
				TARGETED_DEVICE_FAMILY = "1,2";
				TEST_HOST = "$(BUILT_PRODUCTS_DIR)/BookTrader.app/BookTrader";
			};
			name = Release;
		};
		B139F29D20FD0D8B00C90EB7 /* Debug */ = {
			isa = XCBuildConfiguration;
			buildSettings = {
				CODE_SIGN_STYLE = Automatic;
				DEVELOPMENT_TEAM = PH9LZZN4D9;
				INFOPLIST_FILE = BookTraderUITests/Info.plist;
				LD_RUNPATH_SEARCH_PATHS = (
					"$(inherited)",
					"@executable_path/Frameworks",
					"@loader_path/Frameworks",
				);
				PRODUCT_BUNDLE_IDENTIFIER = com.claudiaa6499.BookTraderUITests;
				PRODUCT_NAME = "$(TARGET_NAME)";
				TARGETED_DEVICE_FAMILY = "1,2";
				TEST_TARGET_NAME = BookTrader;
			};
			name = Debug;
		};
		B139F29E20FD0D8B00C90EB7 /* Release */ = {
			isa = XCBuildConfiguration;
			buildSettings = {
				CODE_SIGN_STYLE = Automatic;
				DEVELOPMENT_TEAM = PH9LZZN4D9;
				INFOPLIST_FILE = BookTraderUITests/Info.plist;
				LD_RUNPATH_SEARCH_PATHS = (
					"$(inherited)",
					"@executable_path/Frameworks",
					"@loader_path/Frameworks",
				);
				PRODUCT_BUNDLE_IDENTIFIER = com.claudiaa6499.BookTraderUITests;
				PRODUCT_NAME = "$(TARGET_NAME)";
				TARGETED_DEVICE_FAMILY = "1,2";
				TEST_TARGET_NAME = BookTrader;
			};
			name = Release;
		};
/* End XCBuildConfiguration section */

/* Begin XCConfigurationList section */
		B139F26520FD0D8A00C90EB7 /* Build configuration list for PBXProject "BookTrader" */ = {
			isa = XCConfigurationList;
			buildConfigurations = (
				B139F29420FD0D8B00C90EB7 /* Debug */,
				B139F29520FD0D8B00C90EB7 /* Release */,
			);
			defaultConfigurationIsVisible = 0;
			defaultConfigurationName = Release;
		};
		B139F29620FD0D8B00C90EB7 /* Build configuration list for PBXNativeTarget "BookTrader" */ = {
			isa = XCConfigurationList;
			buildConfigurations = (
				B139F29720FD0D8B00C90EB7 /* Debug */,
				B139F29820FD0D8B00C90EB7 /* Release */,
			);
			defaultConfigurationIsVisible = 0;
			defaultConfigurationName = Release;
		};
		B139F29920FD0D8B00C90EB7 /* Build configuration list for PBXNativeTarget "BookTraderTests" */ = {
			isa = XCConfigurationList;
			buildConfigurations = (
				B139F29A20FD0D8B00C90EB7 /* Debug */,
				B139F29B20FD0D8B00C90EB7 /* Release */,
			);
			defaultConfigurationIsVisible = 0;
			defaultConfigurationName = Release;
		};
		B139F29C20FD0D8B00C90EB7 /* Build configuration list for PBXNativeTarget "BookTraderUITests" */ = {
			isa = XCConfigurationList;
			buildConfigurations = (
				B139F29D20FD0D8B00C90EB7 /* Debug */,
				B139F29E20FD0D8B00C90EB7 /* Release */,
			);
			defaultConfigurationIsVisible = 0;
			defaultConfigurationName = Release;
		};
/* End XCConfigurationList section */
	};
	rootObject = B139F26220FD0D8A00C90EB7 /* Project object */;
}
