// !$*UTF8*$!
{
	archiveVersion = 1;
	classes = {
	};
	objectVersion = 50;
	objects = {

/* Begin PBXBuildFile section */
		069FFA8BAC4BE940D97D6971 /* libPods-BookTraderUITests.a in Frameworks */ = {isa = PBXBuildFile; fileRef = 2EDDEE762FF206EB7BAC1B49 /* libPods-BookTraderUITests.a */; };
		638D487D364591D846D6CC51 /* libPods-BookTraderTests.a in Frameworks */ = {isa = PBXBuildFile; fileRef = B08C3C53361151E73DA239E2 /* libPods-BookTraderTests.a */; };
		B11F464420FE64E7000564BE /* SimpleBookDetailViewController.m in Sources */ = {isa = PBXBuildFile; fileRef = B11F464320FE64E7000564BE /* SimpleBookDetailViewController.m */; };
		C1BABBFE04C461CE56267A64 /* libPods-BookTrader.a in Frameworks */ = {isa = PBXBuildFile; fileRef = FCCE42FF7AAF54DC635123BB /* libPods-BookTrader.a */; };
		CE11884A20FD0B8200C088BA /* AppDelegate.m in Sources */ = {isa = PBXBuildFile; fileRef = CE11884920FD0B8200C088BA /* AppDelegate.m */; };
		CE11884D20FD0B8200C088BA /* ViewController.m in Sources */ = {isa = PBXBuildFile; fileRef = CE11884C20FD0B8200C088BA /* ViewController.m */; };
		CE11885020FD0B8200C088BA /* Main.storyboard in Resources */ = {isa = PBXBuildFile; fileRef = CE11884E20FD0B8200C088BA /* Main.storyboard */; };
		CE11885220FD0B8200C088BA /* Assets.xcassets in Resources */ = {isa = PBXBuildFile; fileRef = CE11885120FD0B8200C088BA /* Assets.xcassets */; };
		CE11885520FD0B8200C088BA /* LaunchScreen.storyboard in Resources */ = {isa = PBXBuildFile; fileRef = CE11885320FD0B8200C088BA /* LaunchScreen.storyboard */; };
		CE11885820FD0B8200C088BA /* main.m in Sources */ = {isa = PBXBuildFile; fileRef = CE11885720FD0B8200C088BA /* main.m */; };
		CE11886220FD0B8200C088BA /* BookTraderTests.m in Sources */ = {isa = PBXBuildFile; fileRef = CE11886120FD0B8200C088BA /* BookTraderTests.m */; };
		CE11886D20FD0B8200C088BA /* BookTraderUITests.m in Sources */ = {isa = PBXBuildFile; fileRef = CE11886C20FD0B8200C088BA /* BookTraderUITests.m */; };
		CE11889420FD0DA600C088BA /* LoginViewController.m in Sources */ = {isa = PBXBuildFile; fileRef = CE11889320FD0DA600C088BA /* LoginViewController.m */; };
		CE11889720FD0DB100C088BA /* SignUpViewController.m in Sources */ = {isa = PBXBuildFile; fileRef = CE11889620FD0DB100C088BA /* SignUpViewController.m */; };
		CE11889A20FD0E1500C088BA /* HomeViewController.m in Sources */ = {isa = PBXBuildFile; fileRef = CE11889920FD0E1500C088BA /* HomeViewController.m */; };
		CE11889D20FD0ED600C088BA /* HomeNavigationViewController.m in Sources */ = {isa = PBXBuildFile; fileRef = CE11889C20FD0ED600C088BA /* HomeNavigationViewController.m */; };
		CE1188A020FD0F0400C088BA /* MessagesHomeViewController.m in Sources */ = {isa = PBXBuildFile; fileRef = CE11889F20FD0F0400C088BA /* MessagesHomeViewController.m */; };
		CE1188A320FD0F1100C088BA /* MessagesDetailViewController.m in Sources */ = {isa = PBXBuildFile; fileRef = CE1188A220FD0F1100C088BA /* MessagesDetailViewController.m */; };
		CE1188A920FD0F4400C088BA /* BookDetailViewController.m in Sources */ = {isa = PBXBuildFile; fileRef = CE1188A820FD0F4400C088BA /* BookDetailViewController.m */; };
		CE1188AC20FD0FA400C088BA /* BarcodeAddViewController.m in Sources */ = {isa = PBXBuildFile; fileRef = CE1188AB20FD0FA400C088BA /* BarcodeAddViewController.m */; };
		CE1188AF20FD0FD500C088BA /* AddBookDetailsViewController.m in Sources */ = {isa = PBXBuildFile; fileRef = CE1188AE20FD0FD500C088BA /* AddBookDetailsViewController.m */; };
		CE1188B220FD105800C088BA /* PersonalUserViewController.m in Sources */ = {isa = PBXBuildFile; fileRef = CE1188B120FD105800C088BA /* PersonalUserViewController.m */; };
		CE1188B520FD106400C088BA /* OtherPersonViewController.m in Sources */ = {isa = PBXBuildFile; fileRef = CE1188B420FD106400C088BA /* OtherPersonViewController.m */; };
		CE201B8020FD33E10055EE13 /* BTUITools.m in Sources */ = {isa = PBXBuildFile; fileRef = CE201B7F20FD33E10055EE13 /* BTUITools.m */; };
		CE201B8320FD36840055EE13 /* MapKit.framework in Frameworks */ = {isa = PBXBuildFile; fileRef = CE201B8220FD36840055EE13 /* MapKit.framework */; };
		CE40C70120FE9611004E7300 /* MyMessageCell.m in Sources */ = {isa = PBXBuildFile; fileRef = CE40C70020FE9611004E7300 /* MyMessageCell.m */; };
		CE54694220FEB88700A02E13 /* Book.m in Sources */ = {isa = PBXBuildFile; fileRef = CE54694120FEB88700A02E13 /* Book.m */; };
		CE54694520FEB8A400A02E13 /* User.m in Sources */ = {isa = PBXBuildFile; fileRef = CE54694420FEB8A400A02E13 /* User.m */; };
		CEA8116620FE9EC7004C2FED /* HomeBooksViewController.m in Sources */ = {isa = PBXBuildFile; fileRef = CEA8116520FE9EC7004C2FED /* HomeBooksViewController.m */; };
		CEA8116C20FEA7D6004C2FED /* BookCell.m in Sources */ = {isa = PBXBuildFile; fileRef = CEA8116B20FEA7D6004C2FED /* BookCell.m */; };
		CEDDDCFE20FD4CC8007AF20B /* MessageCell.m in Sources */ = {isa = PBXBuildFile; fileRef = CEDDDCFD20FD4CC8007AF20B /* MessageCell.m */; };
		CEDDDD0120FD51A2007AF20B /* MessageDetailCell.m in Sources */ = {isa = PBXBuildFile; fileRef = CEDDDD0020FD51A2007AF20B /* MessageDetailCell.m */; };
		CEDDDD0420FD68D1007AF20B /* MessagesHeaderCell.m in Sources */ = {isa = PBXBuildFile; fileRef = CEDDDD0320FD68D1007AF20B /* MessagesHeaderCell.m */; };
/* End PBXBuildFile section */

/* Begin PBXContainerItemProxy section */
		CE11885E20FD0B8200C088BA /* PBXContainerItemProxy */ = {
			isa = PBXContainerItemProxy;
			containerPortal = CE11883D20FD0B8200C088BA /* Project object */;
			proxyType = 1;
			remoteGlobalIDString = CE11884420FD0B8200C088BA;
			remoteInfo = BookTrader;
		};
		CE11886920FD0B8200C088BA /* PBXContainerItemProxy */ = {
			isa = PBXContainerItemProxy;
			containerPortal = CE11883D20FD0B8200C088BA /* Project object */;
			proxyType = 1;
			remoteGlobalIDString = CE11884420FD0B8200C088BA;
			remoteInfo = BookTrader;
		};
/* End PBXContainerItemProxy section */

/* Begin PBXFileReference section */
		2EDDEE762FF206EB7BAC1B49 /* libPods-BookTraderUITests.a */ = {isa = PBXFileReference; explicitFileType = archive.ar; includeInIndex = 0; path = "libPods-BookTraderUITests.a"; sourceTree = BUILT_PRODUCTS_DIR; };
		32794741CDC4D192FA8F4FD0 /* Pods-BookTraderUITests.release.xcconfig */ = {isa = PBXFileReference; includeInIndex = 1; lastKnownFileType = text.xcconfig; name = "Pods-BookTraderUITests.release.xcconfig"; path = "Pods/Target Support Files/Pods-BookTraderUITests/Pods-BookTraderUITests.release.xcconfig"; sourceTree = "<group>"; };
		34F91E018A39D750259885D7 /* Pods-BookTrader.release.xcconfig */ = {isa = PBXFileReference; includeInIndex = 1; lastKnownFileType = text.xcconfig; name = "Pods-BookTrader.release.xcconfig"; path = "Pods/Target Support Files/Pods-BookTrader/Pods-BookTrader.release.xcconfig"; sourceTree = "<group>"; };
		3C87B8860B5E35372BE544EF /* Pods-BookTraderTests.release.xcconfig */ = {isa = PBXFileReference; includeInIndex = 1; lastKnownFileType = text.xcconfig; name = "Pods-BookTraderTests.release.xcconfig"; path = "Pods/Target Support Files/Pods-BookTraderTests/Pods-BookTraderTests.release.xcconfig"; sourceTree = "<group>"; };
		B08C3C53361151E73DA239E2 /* libPods-BookTraderTests.a */ = {isa = PBXFileReference; explicitFileType = archive.ar; includeInIndex = 0; path = "libPods-BookTraderTests.a"; sourceTree = BUILT_PRODUCTS_DIR; };
		B11F464220FE64E7000564BE /* SimpleBookDetailViewController.h */ = {isa = PBXFileReference; lastKnownFileType = sourcecode.c.h; path = SimpleBookDetailViewController.h; sourceTree = "<group>"; };
		B11F464320FE64E7000564BE /* SimpleBookDetailViewController.m */ = {isa = PBXFileReference; lastKnownFileType = sourcecode.c.objc; path = SimpleBookDetailViewController.m; sourceTree = "<group>"; };
		CE11884520FD0B8200C088BA /* BookTrader.app */ = {isa = PBXFileReference; explicitFileType = wrapper.application; includeInIndex = 0; path = BookTrader.app; sourceTree = BUILT_PRODUCTS_DIR; };
		CE11884820FD0B8200C088BA /* AppDelegate.h */ = {isa = PBXFileReference; lastKnownFileType = sourcecode.c.h; path = AppDelegate.h; sourceTree = "<group>"; };
		CE11884920FD0B8200C088BA /* AppDelegate.m */ = {isa = PBXFileReference; lastKnownFileType = sourcecode.c.objc; path = AppDelegate.m; sourceTree = "<group>"; };
		CE11884B20FD0B8200C088BA /* ViewController.h */ = {isa = PBXFileReference; lastKnownFileType = sourcecode.c.h; path = ViewController.h; sourceTree = "<group>"; };
		CE11884C20FD0B8200C088BA /* ViewController.m */ = {isa = PBXFileReference; lastKnownFileType = sourcecode.c.objc; path = ViewController.m; sourceTree = "<group>"; };
		CE11884F20FD0B8200C088BA /* Base */ = {isa = PBXFileReference; lastKnownFileType = file.storyboard; name = Base; path = Base.lproj/Main.storyboard; sourceTree = "<group>"; };
		CE11885120FD0B8200C088BA /* Assets.xcassets */ = {isa = PBXFileReference; lastKnownFileType = folder.assetcatalog; path = Assets.xcassets; sourceTree = "<group>"; };
		CE11885420FD0B8200C088BA /* Base */ = {isa = PBXFileReference; lastKnownFileType = file.storyboard; name = Base; path = Base.lproj/LaunchScreen.storyboard; sourceTree = "<group>"; };
		CE11885620FD0B8200C088BA /* Info.plist */ = {isa = PBXFileReference; lastKnownFileType = text.plist.xml; path = Info.plist; sourceTree = "<group>"; };
		CE11885720FD0B8200C088BA /* main.m */ = {isa = PBXFileReference; lastKnownFileType = sourcecode.c.objc; path = main.m; sourceTree = "<group>"; };
		CE11885D20FD0B8200C088BA /* BookTraderTests.xctest */ = {isa = PBXFileReference; explicitFileType = wrapper.cfbundle; includeInIndex = 0; path = BookTraderTests.xctest; sourceTree = BUILT_PRODUCTS_DIR; };
		CE11886120FD0B8200C088BA /* BookTraderTests.m */ = {isa = PBXFileReference; lastKnownFileType = sourcecode.c.objc; path = BookTraderTests.m; sourceTree = "<group>"; };
		CE11886320FD0B8200C088BA /* Info.plist */ = {isa = PBXFileReference; lastKnownFileType = text.plist.xml; path = Info.plist; sourceTree = "<group>"; };
		CE11886820FD0B8200C088BA /* BookTraderUITests.xctest */ = {isa = PBXFileReference; explicitFileType = wrapper.cfbundle; includeInIndex = 0; path = BookTraderUITests.xctest; sourceTree = BUILT_PRODUCTS_DIR; };
		CE11886C20FD0B8200C088BA /* BookTraderUITests.m */ = {isa = PBXFileReference; lastKnownFileType = sourcecode.c.objc; path = BookTraderUITests.m; sourceTree = "<group>"; };
		CE11886E20FD0B8200C088BA /* Info.plist */ = {isa = PBXFileReference; lastKnownFileType = text.plist.xml; path = Info.plist; sourceTree = "<group>"; };
		CE11889220FD0DA600C088BA /* LoginViewController.h */ = {isa = PBXFileReference; lastKnownFileType = sourcecode.c.h; path = LoginViewController.h; sourceTree = "<group>"; };
		CE11889320FD0DA600C088BA /* LoginViewController.m */ = {isa = PBXFileReference; lastKnownFileType = sourcecode.c.objc; path = LoginViewController.m; sourceTree = "<group>"; };
		CE11889520FD0DB100C088BA /* SignUpViewController.h */ = {isa = PBXFileReference; lastKnownFileType = sourcecode.c.h; path = SignUpViewController.h; sourceTree = "<group>"; };
		CE11889620FD0DB100C088BA /* SignUpViewController.m */ = {isa = PBXFileReference; lastKnownFileType = sourcecode.c.objc; path = SignUpViewController.m; sourceTree = "<group>"; };
		CE11889820FD0E1500C088BA /* HomeViewController.h */ = {isa = PBXFileReference; lastKnownFileType = sourcecode.c.h; path = HomeViewController.h; sourceTree = "<group>"; };
		CE11889920FD0E1500C088BA /* HomeViewController.m */ = {isa = PBXFileReference; lastKnownFileType = sourcecode.c.objc; path = HomeViewController.m; sourceTree = "<group>"; };
		CE11889B20FD0ED600C088BA /* HomeNavigationViewController.h */ = {isa = PBXFileReference; lastKnownFileType = sourcecode.c.h; path = HomeNavigationViewController.h; sourceTree = "<group>"; };
		CE11889C20FD0ED600C088BA /* HomeNavigationViewController.m */ = {isa = PBXFileReference; lastKnownFileType = sourcecode.c.objc; path = HomeNavigationViewController.m; sourceTree = "<group>"; };
		CE11889E20FD0F0400C088BA /* MessagesHomeViewController.h */ = {isa = PBXFileReference; lastKnownFileType = sourcecode.c.h; path = MessagesHomeViewController.h; sourceTree = "<group>"; };
		CE11889F20FD0F0400C088BA /* MessagesHomeViewController.m */ = {isa = PBXFileReference; lastKnownFileType = sourcecode.c.objc; path = MessagesHomeViewController.m; sourceTree = "<group>"; };
		CE1188A120FD0F1100C088BA /* MessagesDetailViewController.h */ = {isa = PBXFileReference; lastKnownFileType = sourcecode.c.h; path = MessagesDetailViewController.h; sourceTree = "<group>"; };
		CE1188A220FD0F1100C088BA /* MessagesDetailViewController.m */ = {isa = PBXFileReference; lastKnownFileType = sourcecode.c.objc; path = MessagesDetailViewController.m; sourceTree = "<group>"; };
		CE1188A720FD0F4400C088BA /* BookDetailViewController.h */ = {isa = PBXFileReference; lastKnownFileType = sourcecode.c.h; path = BookDetailViewController.h; sourceTree = "<group>"; };
		CE1188A820FD0F4400C088BA /* BookDetailViewController.m */ = {isa = PBXFileReference; lastKnownFileType = sourcecode.c.objc; path = BookDetailViewController.m; sourceTree = "<group>"; };
		CE1188AA20FD0FA400C088BA /* BarcodeAddViewController.h */ = {isa = PBXFileReference; lastKnownFileType = sourcecode.c.h; path = BarcodeAddViewController.h; sourceTree = "<group>"; };
		CE1188AB20FD0FA400C088BA /* BarcodeAddViewController.m */ = {isa = PBXFileReference; lastKnownFileType = sourcecode.c.objc; path = BarcodeAddViewController.m; sourceTree = "<group>"; };
		CE1188AD20FD0FD500C088BA /* AddBookDetailsViewController.h */ = {isa = PBXFileReference; lastKnownFileType = sourcecode.c.h; path = AddBookDetailsViewController.h; sourceTree = "<group>"; };
		CE1188AE20FD0FD500C088BA /* AddBookDetailsViewController.m */ = {isa = PBXFileReference; lastKnownFileType = sourcecode.c.objc; path = AddBookDetailsViewController.m; sourceTree = "<group>"; };
		CE1188B020FD105800C088BA /* PersonalUserViewController.h */ = {isa = PBXFileReference; lastKnownFileType = sourcecode.c.h; path = PersonalUserViewController.h; sourceTree = "<group>"; };
		CE1188B120FD105800C088BA /* PersonalUserViewController.m */ = {isa = PBXFileReference; lastKnownFileType = sourcecode.c.objc; path = PersonalUserViewController.m; sourceTree = "<group>"; };
		CE1188B320FD106400C088BA /* OtherPersonViewController.h */ = {isa = PBXFileReference; lastKnownFileType = sourcecode.c.h; path = OtherPersonViewController.h; sourceTree = "<group>"; };
		CE1188B420FD106400C088BA /* OtherPersonViewController.m */ = {isa = PBXFileReference; lastKnownFileType = sourcecode.c.objc; path = OtherPersonViewController.m; sourceTree = "<group>"; };
		CE201B7E20FD33E10055EE13 /* BTUITools.h */ = {isa = PBXFileReference; lastKnownFileType = sourcecode.c.h; path = BTUITools.h; sourceTree = "<group>"; };
		CE201B7F20FD33E10055EE13 /* BTUITools.m */ = {isa = PBXFileReference; lastKnownFileType = sourcecode.c.objc; path = BTUITools.m; sourceTree = "<group>"; };
		CE201B8220FD36840055EE13 /* MapKit.framework */ = {isa = PBXFileReference; lastKnownFileType = wrapper.framework; name = MapKit.framework; path = System/Library/Frameworks/MapKit.framework; sourceTree = SDKROOT; };
		CE40C6FF20FE9611004E7300 /* MyMessageCell.h */ = {isa = PBXFileReference; lastKnownFileType = sourcecode.c.h; path = MyMessageCell.h; sourceTree = "<group>"; };
		CE40C70020FE9611004E7300 /* MyMessageCell.m */ = {isa = PBXFileReference; lastKnownFileType = sourcecode.c.objc; path = MyMessageCell.m; sourceTree = "<group>"; };
		CE54694020FEB88700A02E13 /* Book.h */ = {isa = PBXFileReference; lastKnownFileType = sourcecode.c.h; path = Book.h; sourceTree = "<group>"; };
		CE54694120FEB88700A02E13 /* Book.m */ = {isa = PBXFileReference; lastKnownFileType = sourcecode.c.objc; path = Book.m; sourceTree = "<group>"; };
		CE54694320FEB8A400A02E13 /* User.h */ = {isa = PBXFileReference; lastKnownFileType = sourcecode.c.h; path = User.h; sourceTree = "<group>"; };
		CE54694420FEB8A400A02E13 /* User.m */ = {isa = PBXFileReference; lastKnownFileType = sourcecode.c.objc; path = User.m; sourceTree = "<group>"; };
		CEA8116420FE9EC7004C2FED /* HomeBooksViewController.h */ = {isa = PBXFileReference; lastKnownFileType = sourcecode.c.h; path = HomeBooksViewController.h; sourceTree = "<group>"; };
		CEA8116520FE9EC7004C2FED /* HomeBooksViewController.m */ = {isa = PBXFileReference; lastKnownFileType = sourcecode.c.objc; path = HomeBooksViewController.m; sourceTree = "<group>"; };
		CEA8116A20FEA7D6004C2FED /* BookCell.h */ = {isa = PBXFileReference; lastKnownFileType = sourcecode.c.h; path = BookCell.h; sourceTree = "<group>"; };
		CEA8116B20FEA7D6004C2FED /* BookCell.m */ = {isa = PBXFileReference; lastKnownFileType = sourcecode.c.objc; path = BookCell.m; sourceTree = "<group>"; };
		CEDDDCFC20FD4CC8007AF20B /* MessageCell.h */ = {isa = PBXFileReference; lastKnownFileType = sourcecode.c.h; path = MessageCell.h; sourceTree = "<group>"; };
		CEDDDCFD20FD4CC8007AF20B /* MessageCell.m */ = {isa = PBXFileReference; lastKnownFileType = sourcecode.c.objc; path = MessageCell.m; sourceTree = "<group>"; };
		CEDDDCFF20FD51A2007AF20B /* MessageDetailCell.h */ = {isa = PBXFileReference; lastKnownFileType = sourcecode.c.h; path = MessageDetailCell.h; sourceTree = "<group>"; };
		CEDDDD0020FD51A2007AF20B /* MessageDetailCell.m */ = {isa = PBXFileReference; lastKnownFileType = sourcecode.c.objc; path = MessageDetailCell.m; sourceTree = "<group>"; };
		CEDDDD0220FD68D1007AF20B /* MessagesHeaderCell.h */ = {isa = PBXFileReference; lastKnownFileType = sourcecode.c.h; path = MessagesHeaderCell.h; sourceTree = "<group>"; };
		CEDDDD0320FD68D1007AF20B /* MessagesHeaderCell.m */ = {isa = PBXFileReference; lastKnownFileType = sourcecode.c.objc; path = MessagesHeaderCell.m; sourceTree = "<group>"; };
		D13C1F010B559DE973D9A157 /* Pods-BookTraderUITests.debug.xcconfig */ = {isa = PBXFileReference; includeInIndex = 1; lastKnownFileType = text.xcconfig; name = "Pods-BookTraderUITests.debug.xcconfig"; path = "Pods/Target Support Files/Pods-BookTraderUITests/Pods-BookTraderUITests.debug.xcconfig"; sourceTree = "<group>"; };
		E57F36E6E87BEA6FDA782431 /* Pods-BookTraderTests.debug.xcconfig */ = {isa = PBXFileReference; includeInIndex = 1; lastKnownFileType = text.xcconfig; name = "Pods-BookTraderTests.debug.xcconfig"; path = "Pods/Target Support Files/Pods-BookTraderTests/Pods-BookTraderTests.debug.xcconfig"; sourceTree = "<group>"; };
		F125F9DA15566CBEC7BE92C9 /* Pods-BookTrader.debug.xcconfig */ = {isa = PBXFileReference; includeInIndex = 1; lastKnownFileType = text.xcconfig; name = "Pods-BookTrader.debug.xcconfig"; path = "Pods/Target Support Files/Pods-BookTrader/Pods-BookTrader.debug.xcconfig"; sourceTree = "<group>"; };
		FCCE42FF7AAF54DC635123BB /* libPods-BookTrader.a */ = {isa = PBXFileReference; explicitFileType = archive.ar; includeInIndex = 0; path = "libPods-BookTrader.a"; sourceTree = BUILT_PRODUCTS_DIR; };
/* End PBXFileReference section */

/* Begin PBXFrameworksBuildPhase section */
		CE11884220FD0B8200C088BA /* Frameworks */ = {
			isa = PBXFrameworksBuildPhase;
			buildActionMask = 2147483647;
			files = (
				CE201B8320FD36840055EE13 /* MapKit.framework in Frameworks */,
				C1BABBFE04C461CE56267A64 /* libPods-BookTrader.a in Frameworks */,
			);
			runOnlyForDeploymentPostprocessing = 0;
		};
		CE11885A20FD0B8200C088BA /* Frameworks */ = {
			isa = PBXFrameworksBuildPhase;
			buildActionMask = 2147483647;
			files = (
				638D487D364591D846D6CC51 /* libPods-BookTraderTests.a in Frameworks */,
			);
			runOnlyForDeploymentPostprocessing = 0;
		};
		CE11886520FD0B8200C088BA /* Frameworks */ = {
			isa = PBXFrameworksBuildPhase;
			buildActionMask = 2147483647;
			files = (
				069FFA8BAC4BE940D97D6971 /* libPods-BookTraderUITests.a in Frameworks */,
			);
			runOnlyForDeploymentPostprocessing = 0;
		};
/* End PBXFrameworksBuildPhase section */

/* Begin PBXGroup section */
		CE11883C20FD0B8200C088BA = {
			isa = PBXGroup;
			children = (
				CE11884720FD0B8200C088BA /* BookTrader */,
				CE11886020FD0B8200C088BA /* BookTraderTests */,
				CE11886B20FD0B8200C088BA /* BookTraderUITests */,
				CE11884620FD0B8200C088BA /* Products */,
				CE201B8120FD36840055EE13 /* Frameworks */,
				F19A77F339C225C7A0A4C90E /* Pods */,
			);
			sourceTree = "<group>";
		};
		CE11884620FD0B8200C088BA /* Products */ = {
			isa = PBXGroup;
			children = (
				CE11884520FD0B8200C088BA /* BookTrader.app */,
				CE11885D20FD0B8200C088BA /* BookTraderTests.xctest */,
				CE11886820FD0B8200C088BA /* BookTraderUITests.xctest */,
			);
			name = Products;
			sourceTree = "<group>";
		};
		CE11884720FD0B8200C088BA /* BookTrader */ = {
			isa = PBXGroup;
			children = (
				CE1188A620FD0F3300C088BA /* Controllers */,
				CE1188A520FD0F2C00C088BA /* Views */,
				CE1188A420FD0F2700C088BA /* Models */,
				CE11887E20FD0C8800C088BA /* Services */,
				CE11887F20FD0C9600C088BA /* AddBook */,
				CE11887D20FD0C8200C088BA /* Messages */,
				CE11887C20FD0C6C00C088BA /* UserProfile */,
				CE11887B20FD0C6200C088BA /* HomeMap */,
				CE11887A20FD0C3900C088BA /* FIrstStop */,
				CE11884820FD0B8200C088BA /* AppDelegate.h */,
				CE11884920FD0B8200C088BA /* AppDelegate.m */,
				CE11884B20FD0B8200C088BA /* ViewController.h */,
				CE11884C20FD0B8200C088BA /* ViewController.m */,
				CE11884E20FD0B8200C088BA /* Main.storyboard */,
				CE11885120FD0B8200C088BA /* Assets.xcassets */,
				CE11885320FD0B8200C088BA /* LaunchScreen.storyboard */,
				CE11885620FD0B8200C088BA /* Info.plist */,
				CE11885720FD0B8200C088BA /* main.m */,
			);
			path = BookTrader;
			sourceTree = "<group>";
		};
		CE11886020FD0B8200C088BA /* BookTraderTests */ = {
			isa = PBXGroup;
			children = (
				CE11886120FD0B8200C088BA /* BookTraderTests.m */,
				CE11886320FD0B8200C088BA /* Info.plist */,
			);
			path = BookTraderTests;
			sourceTree = "<group>";
		};
		CE11886B20FD0B8200C088BA /* BookTraderUITests */ = {
			isa = PBXGroup;
			children = (
				CE11886C20FD0B8200C088BA /* BookTraderUITests.m */,
				CE11886E20FD0B8200C088BA /* Info.plist */,
			);
			path = BookTraderUITests;
			sourceTree = "<group>";
		};
		CE11887A20FD0C3900C088BA /* FIrstStop */ = {
			isa = PBXGroup;
			children = (
				CE11888E20FD0D1B00C088BA /* Controllers */,
				CE11888D20FD0D1500C088BA /* Views */,
				CE11888C20FD0D1100C088BA /* Models */,
			);
			path = FIrstStop;
			sourceTree = "<group>";
		};
		CE11887B20FD0C6200C088BA /* HomeMap */ = {
			isa = PBXGroup;
			children = (
				CE11888B20FD0D0600C088BA /* Controllers */,
				CE11888A20FD0D0100C088BA /* Views */,
				CE11888920FD0CFC00C088BA /* Models */,
			);
			path = HomeMap;
			sourceTree = "<group>";
		};
		CE11887C20FD0C6C00C088BA /* UserProfile */ = {
			isa = PBXGroup;
			children = (
				CE11888820FD0CF600C088BA /* Controllers */,
				CE11888720FD0CF200C088BA /* Views */,
				CE11888620FD0CEC00C088BA /* Models */,
			);
			path = UserProfile;
			sourceTree = "<group>";
		};
		CE11887D20FD0C8200C088BA /* Messages */ = {
			isa = PBXGroup;
			children = (
				CE11888520FD0CE600C088BA /* Controllers */,
				CE11888420FD0CE200C088BA /* Views */,
				CE11888320FD0CDB00C088BA /* Models */,
			);
			path = Messages;
			sourceTree = "<group>";
		};
		CE11887E20FD0C8800C088BA /* Services */ = {
			isa = PBXGroup;
			children = (
				CECEDF9820FE627B00D36F03 /* GBooksAPI */,
				CECEDF9720FE626E00D36F03 /* FBLoginAPI */,
				CECEDF9620FE625D00D36F03 /* BarcodeAPI */,
				CE201B7D20FD333F0055EE13 /* UI Tools */,
			);
			path = Services;
			sourceTree = "<group>";
		};
		CE11887F20FD0C9600C088BA /* AddBook */ = {
			isa = PBXGroup;
			children = (
				CE11888220FD0CBD00C088BA /* Controllers */,
				CE11888120FD0CB900C088BA /* Views */,
				CE11888020FD0CB100C088BA /* Models */,
			);
			path = AddBook;
			sourceTree = "<group>";
		};
		CE11888020FD0CB100C088BA /* Models */ = {
			isa = PBXGroup;
			children = (
			);
			path = Models;
			sourceTree = "<group>";
		};
		CE11888120FD0CB900C088BA /* Views */ = {
			isa = PBXGroup;
			children = (
			);
			path = Views;
			sourceTree = "<group>";
		};
		CE11888220FD0CBD00C088BA /* Controllers */ = {
			isa = PBXGroup;
			children = (
				CE1188AA20FD0FA400C088BA /* BarcodeAddViewController.h */,
				CE1188AB20FD0FA400C088BA /* BarcodeAddViewController.m */,
				CE1188AD20FD0FD500C088BA /* AddBookDetailsViewController.h */,
				CE1188AE20FD0FD500C088BA /* AddBookDetailsViewController.m */,
			);
			path = Controllers;
			sourceTree = "<group>";
		};
		CE11888320FD0CDB00C088BA /* Models */ = {
			isa = PBXGroup;
			children = (
			);
			path = Models;
			sourceTree = "<group>";
		};
		CE11888420FD0CE200C088BA /* Views */ = {
			isa = PBXGroup;
			children = (
				CEDDDCFC20FD4CC8007AF20B /* MessageCell.h */,
				CEDDDCFD20FD4CC8007AF20B /* MessageCell.m */,
				CEDDDCFF20FD51A2007AF20B /* MessageDetailCell.h */,
				CEDDDD0020FD51A2007AF20B /* MessageDetailCell.m */,
				CEDDDD0220FD68D1007AF20B /* MessagesHeaderCell.h */,
				CEDDDD0320FD68D1007AF20B /* MessagesHeaderCell.m */,
				CE40C6FF20FE9611004E7300 /* MyMessageCell.h */,
				CE40C70020FE9611004E7300 /* MyMessageCell.m */,
			);
			path = Views;
			sourceTree = "<group>";
		};
		CE11888520FD0CE600C088BA /* Controllers */ = {
			isa = PBXGroup;
			children = (
				CE11889E20FD0F0400C088BA /* MessagesHomeViewController.h */,
				CE11889F20FD0F0400C088BA /* MessagesHomeViewController.m */,
				CE1188A120FD0F1100C088BA /* MessagesDetailViewController.h */,
				CE1188A220FD0F1100C088BA /* MessagesDetailViewController.m */,
			);
			path = Controllers;
			sourceTree = "<group>";
		};
		CE11888620FD0CEC00C088BA /* Models */ = {
			isa = PBXGroup;
			children = (
			);
			path = Models;
			sourceTree = "<group>";
		};
		CE11888720FD0CF200C088BA /* Views */ = {
			isa = PBXGroup;
			children = (
			);
			path = Views;
			sourceTree = "<group>";
		};
		CE11888820FD0CF600C088BA /* Controllers */ = {
			isa = PBXGroup;
			children = (
				B11F464220FE64E7000564BE /* SimpleBookDetailViewController.h */,
				B11F464320FE64E7000564BE /* SimpleBookDetailViewController.m */,
				CE1188B020FD105800C088BA /* PersonalUserViewController.h */,
				CE1188B120FD105800C088BA /* PersonalUserViewController.m */,
				CE1188B320FD106400C088BA /* OtherPersonViewController.h */,
				CE1188B420FD106400C088BA /* OtherPersonViewController.m */,
			);
			path = Controllers;
			sourceTree = "<group>";
		};
		CE11888920FD0CFC00C088BA /* Models */ = {
			isa = PBXGroup;
			children = (
			);
			path = Models;
			sourceTree = "<group>";
		};
		CE11888A20FD0D0100C088BA /* Views */ = {
			isa = PBXGroup;
			children = (
				CEA8116A20FEA7D6004C2FED /* BookCell.h */,
				CEA8116B20FEA7D6004C2FED /* BookCell.m */,
			);
			path = Views;
			sourceTree = "<group>";
		};
		CE11888B20FD0D0600C088BA /* Controllers */ = {
			isa = PBXGroup;
			children = (
				CE11889820FD0E1500C088BA /* HomeViewController.h */,
				CE11889920FD0E1500C088BA /* HomeViewController.m */,
				CE11889B20FD0ED600C088BA /* HomeNavigationViewController.h */,
				CE11889C20FD0ED600C088BA /* HomeNavigationViewController.m */,
				CEA8116420FE9EC7004C2FED /* HomeBooksViewController.h */,
				CEA8116520FE9EC7004C2FED /* HomeBooksViewController.m */,
			);
			path = Controllers;
			sourceTree = "<group>";
		};
		CE11888C20FD0D1100C088BA /* Models */ = {
			isa = PBXGroup;
			children = (
			);
			path = Models;
			sourceTree = "<group>";
		};
		CE11888D20FD0D1500C088BA /* Views */ = {
			isa = PBXGroup;
			children = (
			);
			path = Views;
			sourceTree = "<group>";
		};
		CE11888E20FD0D1B00C088BA /* Controllers */ = {
			isa = PBXGroup;
			children = (
				CE11889220FD0DA600C088BA /* LoginViewController.h */,
				CE11889320FD0DA600C088BA /* LoginViewController.m */,
				CE11889520FD0DB100C088BA /* SignUpViewController.h */,
				CE11889620FD0DB100C088BA /* SignUpViewController.m */,
			);
			path = Controllers;
			sourceTree = "<group>";
		};
		CE1188A420FD0F2700C088BA /* Models */ = {
			isa = PBXGroup;
			children = (
				CE54694020FEB88700A02E13 /* Book.h */,
				CE54694120FEB88700A02E13 /* Book.m */,
				CE54694320FEB8A400A02E13 /* User.h */,
				CE54694420FEB8A400A02E13 /* User.m */,
			);
			path = Models;
			sourceTree = "<group>";
		};
		CE1188A520FD0F2C00C088BA /* Views */ = {
			isa = PBXGroup;
			children = (
			);
			path = Views;
			sourceTree = "<group>";
		};
		CE1188A620FD0F3300C088BA /* Controllers */ = {
			isa = PBXGroup;
			children = (
				CE1188A720FD0F4400C088BA /* BookDetailViewController.h */,
				CE1188A820FD0F4400C088BA /* BookDetailViewController.m */,
			);
			path = Controllers;
			sourceTree = "<group>";
		};
		CE201B7D20FD333F0055EE13 /* UI Tools */ = {
			isa = PBXGroup;
			children = (
				CE201B7E20FD33E10055EE13 /* BTUITools.h */,
				CE201B7F20FD33E10055EE13 /* BTUITools.m */,
			);
			path = "UI Tools";
			sourceTree = "<group>";
		};
		CE201B8120FD36840055EE13 /* Frameworks */ = {
			isa = PBXGroup;
			children = (
				CE201B8220FD36840055EE13 /* MapKit.framework */,
				FCCE42FF7AAF54DC635123BB /* libPods-BookTrader.a */,
				B08C3C53361151E73DA239E2 /* libPods-BookTraderTests.a */,
				2EDDEE762FF206EB7BAC1B49 /* libPods-BookTraderUITests.a */,
			);
			name = Frameworks;
			sourceTree = "<group>";
		};
		CECEDF9620FE625D00D36F03 /* BarcodeAPI */ = {
			isa = PBXGroup;
			children = (
			);
			path = BarcodeAPI;
			sourceTree = "<group>";
		};
		CECEDF9720FE626E00D36F03 /* FBLoginAPI */ = {
			isa = PBXGroup;
			children = (
			);
			path = FBLoginAPI;
			sourceTree = "<group>";
		};
		CECEDF9820FE627B00D36F03 /* GBooksAPI */ = {
			isa = PBXGroup;
			children = (
			);
			path = GBooksAPI;
			sourceTree = "<group>";
		};
		F19A77F339C225C7A0A4C90E /* Pods */ = {
			isa = PBXGroup;
			children = (
				F125F9DA15566CBEC7BE92C9 /* Pods-BookTrader.debug.xcconfig */,
				34F91E018A39D750259885D7 /* Pods-BookTrader.release.xcconfig */,
				E57F36E6E87BEA6FDA782431 /* Pods-BookTraderTests.debug.xcconfig */,
				3C87B8860B5E35372BE544EF /* Pods-BookTraderTests.release.xcconfig */,
				D13C1F010B559DE973D9A157 /* Pods-BookTraderUITests.debug.xcconfig */,
				32794741CDC4D192FA8F4FD0 /* Pods-BookTraderUITests.release.xcconfig */,
			);
			name = Pods;
			sourceTree = "<group>";
		};
/* End PBXGroup section */

/* Begin PBXNativeTarget section */
		CE11884420FD0B8200C088BA /* BookTrader */ = {
			isa = PBXNativeTarget;
			buildConfigurationList = CE11887120FD0B8200C088BA /* Build configuration list for PBXNativeTarget "BookTrader" */;
			buildPhases = (
				D97ABCED24FACBDD482873F1 /* [CP] Check Pods Manifest.lock */,
				CE11884120FD0B8200C088BA /* Sources */,
				CE11884220FD0B8200C088BA /* Frameworks */,
				CE11884320FD0B8200C088BA /* Resources */,
				F1B67F9D5DAD72B8CDCA9D10 /* [CP] Copy Pods Resources */,
			);
			buildRules = (
			);
			dependencies = (
			);
			name = BookTrader;
			productName = BookTrader;
			productReference = CE11884520FD0B8200C088BA /* BookTrader.app */;
			productType = "com.apple.product-type.application";
		};
		CE11885C20FD0B8200C088BA /* BookTraderTests */ = {
			isa = PBXNativeTarget;
			buildConfigurationList = CE11887420FD0B8200C088BA /* Build configuration list for PBXNativeTarget "BookTraderTests" */;
			buildPhases = (
				E4110E034BC2730CB89420F5 /* [CP] Check Pods Manifest.lock */,
				CE11885920FD0B8200C088BA /* Sources */,
				CE11885A20FD0B8200C088BA /* Frameworks */,
				CE11885B20FD0B8200C088BA /* Resources */,
			);
			buildRules = (
			);
			dependencies = (
				CE11885F20FD0B8200C088BA /* PBXTargetDependency */,
			);
			name = BookTraderTests;
			productName = BookTraderTests;
			productReference = CE11885D20FD0B8200C088BA /* BookTraderTests.xctest */;
			productType = "com.apple.product-type.bundle.unit-test";
		};
		CE11886720FD0B8200C088BA /* BookTraderUITests */ = {
			isa = PBXNativeTarget;
			buildConfigurationList = CE11887720FD0B8200C088BA /* Build configuration list for PBXNativeTarget "BookTraderUITests" */;
			buildPhases = (
				D60D5786CD854E43E39A3B54 /* [CP] Check Pods Manifest.lock */,
				CE11886420FD0B8200C088BA /* Sources */,
				CE11886520FD0B8200C088BA /* Frameworks */,
				CE11886620FD0B8200C088BA /* Resources */,
			);
			buildRules = (
			);
			dependencies = (
				CE11886A20FD0B8200C088BA /* PBXTargetDependency */,
			);
			name = BookTraderUITests;
			productName = BookTraderUITests;
			productReference = CE11886820FD0B8200C088BA /* BookTraderUITests.xctest */;
			productType = "com.apple.product-type.bundle.ui-testing";
		};
/* End PBXNativeTarget section */

/* Begin PBXProject section */
		CE11883D20FD0B8200C088BA /* Project object */ = {
			isa = PBXProject;
			attributes = {
				LastUpgradeCheck = 0940;
				ORGANIZATIONNAME = codepath;
				TargetAttributes = {
					CE11884420FD0B8200C088BA = {
						CreatedOnToolsVersion = 9.4.1;
					};
					CE11885C20FD0B8200C088BA = {
						CreatedOnToolsVersion = 9.4.1;
						TestTargetID = CE11884420FD0B8200C088BA;
					};
					CE11886720FD0B8200C088BA = {
						CreatedOnToolsVersion = 9.4.1;
						TestTargetID = CE11884420FD0B8200C088BA;
					};
				};
			};
			buildConfigurationList = CE11884020FD0B8200C088BA /* Build configuration list for PBXProject "BookTrader" */;
			compatibilityVersion = "Xcode 9.3";
			developmentRegion = en;
			hasScannedForEncodings = 0;
			knownRegions = (
				en,
				Base,
			);
			mainGroup = CE11883C20FD0B8200C088BA;
			productRefGroup = CE11884620FD0B8200C088BA /* Products */;
			projectDirPath = "";
			projectRoot = "";
			targets = (
				CE11884420FD0B8200C088BA /* BookTrader */,
				CE11885C20FD0B8200C088BA /* BookTraderTests */,
				CE11886720FD0B8200C088BA /* BookTraderUITests */,
			);
		};
/* End PBXProject section */

/* Begin PBXResourcesBuildPhase section */
		CE11884320FD0B8200C088BA /* Resources */ = {
			isa = PBXResourcesBuildPhase;
			buildActionMask = 2147483647;
			files = (
				CE11885520FD0B8200C088BA /* LaunchScreen.storyboard in Resources */,
				CE11885220FD0B8200C088BA /* Assets.xcassets in Resources */,
				CE11885020FD0B8200C088BA /* Main.storyboard in Resources */,
			);
			runOnlyForDeploymentPostprocessing = 0;
		};
		CE11885B20FD0B8200C088BA /* Resources */ = {
			isa = PBXResourcesBuildPhase;
			buildActionMask = 2147483647;
			files = (
			);
			runOnlyForDeploymentPostprocessing = 0;
		};
		CE11886620FD0B8200C088BA /* Resources */ = {
			isa = PBXResourcesBuildPhase;
			buildActionMask = 2147483647;
			files = (
			);
			runOnlyForDeploymentPostprocessing = 0;
		};
/* End PBXResourcesBuildPhase section */

/* Begin PBXShellScriptBuildPhase section */
		D60D5786CD854E43E39A3B54 /* [CP] Check Pods Manifest.lock */ = {
			isa = PBXShellScriptBuildPhase;
			buildActionMask = 2147483647;
			files = (
			);
			inputPaths = (
				"${PODS_PODFILE_DIR_PATH}/Podfile.lock",
				"${PODS_ROOT}/Manifest.lock",
			);
			name = "[CP] Check Pods Manifest.lock";
			outputPaths = (
				"$(DERIVED_FILE_DIR)/Pods-BookTraderUITests-checkManifestLockResult.txt",
			);
			runOnlyForDeploymentPostprocessing = 0;
			shellPath = /bin/sh;
			shellScript = "diff \"${PODS_PODFILE_DIR_PATH}/Podfile.lock\" \"${PODS_ROOT}/Manifest.lock\" > /dev/null\nif [ $? != 0 ] ; then\n    # print error to STDERR\n    echo \"error: The sandbox is not in sync with the Podfile.lock. Run 'pod install' or update your CocoaPods installation.\" >&2\n    exit 1\nfi\n# This output is used by Xcode 'outputs' to avoid re-running this script phase.\necho \"SUCCESS\" > \"${SCRIPT_OUTPUT_FILE_0}\"\n";
			showEnvVarsInLog = 0;
		};
		D97ABCED24FACBDD482873F1 /* [CP] Check Pods Manifest.lock */ = {
			isa = PBXShellScriptBuildPhase;
			buildActionMask = 2147483647;
			files = (
			);
			inputPaths = (
				"${PODS_PODFILE_DIR_PATH}/Podfile.lock",
				"${PODS_ROOT}/Manifest.lock",
			);
			name = "[CP] Check Pods Manifest.lock";
			outputPaths = (
				"$(DERIVED_FILE_DIR)/Pods-BookTrader-checkManifestLockResult.txt",
			);
			runOnlyForDeploymentPostprocessing = 0;
			shellPath = /bin/sh;
			shellScript = "diff \"${PODS_PODFILE_DIR_PATH}/Podfile.lock\" \"${PODS_ROOT}/Manifest.lock\" > /dev/null\nif [ $? != 0 ] ; then\n    # print error to STDERR\n    echo \"error: The sandbox is not in sync with the Podfile.lock. Run 'pod install' or update your CocoaPods installation.\" >&2\n    exit 1\nfi\n# This output is used by Xcode 'outputs' to avoid re-running this script phase.\necho \"SUCCESS\" > \"${SCRIPT_OUTPUT_FILE_0}\"\n";
			showEnvVarsInLog = 0;
		};
		E4110E034BC2730CB89420F5 /* [CP] Check Pods Manifest.lock */ = {
			isa = PBXShellScriptBuildPhase;
			buildActionMask = 2147483647;
			files = (
			);
			inputPaths = (
				"${PODS_PODFILE_DIR_PATH}/Podfile.lock",
				"${PODS_ROOT}/Manifest.lock",
			);
			name = "[CP] Check Pods Manifest.lock";
			outputPaths = (
				"$(DERIVED_FILE_DIR)/Pods-BookTraderTests-checkManifestLockResult.txt",
			);
			runOnlyForDeploymentPostprocessing = 0;
			shellPath = /bin/sh;
			shellScript = "diff \"${PODS_PODFILE_DIR_PATH}/Podfile.lock\" \"${PODS_ROOT}/Manifest.lock\" > /dev/null\nif [ $? != 0 ] ; then\n    # print error to STDERR\n    echo \"error: The sandbox is not in sync with the Podfile.lock. Run 'pod install' or update your CocoaPods installation.\" >&2\n    exit 1\nfi\n# This output is used by Xcode 'outputs' to avoid re-running this script phase.\necho \"SUCCESS\" > \"${SCRIPT_OUTPUT_FILE_0}\"\n";
			showEnvVarsInLog = 0;
		};
		F1B67F9D5DAD72B8CDCA9D10 /* [CP] Copy Pods Resources */ = {
			isa = PBXShellScriptBuildPhase;
			buildActionMask = 2147483647;
			files = (
			);
			inputPaths = (
				"${SRCROOT}/Pods/Target Support Files/Pods-BookTrader/Pods-BookTrader-resources.sh",
				"${PODS_ROOT}/DateTools/DateTools/DateTools/DateTools.bundle",
				"${PODS_ROOT}/FBSDKCoreKit/FacebookSDKStrings.bundle",
				"${PODS_CONFIGURATION_BUILD_DIR}/Parse/Parse.bundle",
				"${PODS_ROOT}/ParseUI/ParseUI/Resources/Localization/en.lproj",
				"${PODS_ROOT}/ParseUI/ParseUI/Resources/Localization/fr.lproj",
				"${PODS_ROOT}/ParseUI/ParseUI/Resources/Localization/pt-BR.lproj",
			);
			name = "[CP] Copy Pods Resources";
			outputPaths = (
				"${TARGET_BUILD_DIR}/${UNLOCALIZED_RESOURCES_FOLDER_PATH}/DateTools.bundle",
				"${TARGET_BUILD_DIR}/${UNLOCALIZED_RESOURCES_FOLDER_PATH}/FacebookSDKStrings.bundle",
				"${TARGET_BUILD_DIR}/${UNLOCALIZED_RESOURCES_FOLDER_PATH}/Parse.bundle",
				"${TARGET_BUILD_DIR}/${UNLOCALIZED_RESOURCES_FOLDER_PATH}/en.lproj",
				"${TARGET_BUILD_DIR}/${UNLOCALIZED_RESOURCES_FOLDER_PATH}/fr.lproj",
				"${TARGET_BUILD_DIR}/${UNLOCALIZED_RESOURCES_FOLDER_PATH}/pt-BR.lproj",
			);
			runOnlyForDeploymentPostprocessing = 0;
			shellPath = /bin/sh;
			shellScript = "\"${SRCROOT}/Pods/Target Support Files/Pods-BookTrader/Pods-BookTrader-resources.sh\"\n";
			showEnvVarsInLog = 0;
		};
/* End PBXShellScriptBuildPhase section */

/* Begin PBXSourcesBuildPhase section */
		CE11884120FD0B8200C088BA /* Sources */ = {
			isa = PBXSourcesBuildPhase;
			buildActionMask = 2147483647;
			files = (
				CE11889420FD0DA600C088BA /* LoginViewController.m in Sources */,
				CEDDDD0120FD51A2007AF20B /* MessageDetailCell.m in Sources */,
				CEA8116C20FEA7D6004C2FED /* BookCell.m in Sources */,
				CE11889720FD0DB100C088BA /* SignUpViewController.m in Sources */,
				CE11889D20FD0ED600C088BA /* HomeNavigationViewController.m in Sources */,
				CE1188B220FD105800C088BA /* PersonalUserViewController.m in Sources */,
				CE40C70120FE9611004E7300 /* MyMessageCell.m in Sources */,
				CE201B8020FD33E10055EE13 /* BTUITools.m in Sources */,
				CE54694520FEB8A400A02E13 /* User.m in Sources */,
				CEA8116620FE9EC7004C2FED /* HomeBooksViewController.m in Sources */,
				CEDDDD0420FD68D1007AF20B /* MessagesHeaderCell.m in Sources */,
				CE54694220FEB88700A02E13 /* Book.m in Sources */,
				B11F464420FE64E7000564BE /* SimpleBookDetailViewController.m in Sources */,
				CE1188AC20FD0FA400C088BA /* BarcodeAddViewController.m in Sources */,
				CE1188A320FD0F1100C088BA /* MessagesDetailViewController.m in Sources */,
				CE11884D20FD0B8200C088BA /* ViewController.m in Sources */,
				CE11885820FD0B8200C088BA /* main.m in Sources */,
				CE1188A920FD0F4400C088BA /* BookDetailViewController.m in Sources */,
				CE11884A20FD0B8200C088BA /* AppDelegate.m in Sources */,
				CE1188B520FD106400C088BA /* OtherPersonViewController.m in Sources */,
				CE11889A20FD0E1500C088BA /* HomeViewController.m in Sources */,
				CEDDDCFE20FD4CC8007AF20B /* MessageCell.m in Sources */,
				CE1188AF20FD0FD500C088BA /* AddBookDetailsViewController.m in Sources */,
				CE1188A020FD0F0400C088BA /* MessagesHomeViewController.m in Sources */,
			);
			runOnlyForDeploymentPostprocessing = 0;
		};
		CE11885920FD0B8200C088BA /* Sources */ = {
			isa = PBXSourcesBuildPhase;
			buildActionMask = 2147483647;
			files = (
				CE11886220FD0B8200C088BA /* BookTraderTests.m in Sources */,
			);
			runOnlyForDeploymentPostprocessing = 0;
		};
		CE11886420FD0B8200C088BA /* Sources */ = {
			isa = PBXSourcesBuildPhase;
			buildActionMask = 2147483647;
			files = (
				CE11886D20FD0B8200C088BA /* BookTraderUITests.m in Sources */,
			);
			runOnlyForDeploymentPostprocessing = 0;
		};
/* End PBXSourcesBuildPhase section */

/* Begin PBXTargetDependency section */
		CE11885F20FD0B8200C088BA /* PBXTargetDependency */ = {
			isa = PBXTargetDependency;
			target = CE11884420FD0B8200C088BA /* BookTrader */;
			targetProxy = CE11885E20FD0B8200C088BA /* PBXContainerItemProxy */;
		};
		CE11886A20FD0B8200C088BA /* PBXTargetDependency */ = {
			isa = PBXTargetDependency;
			target = CE11884420FD0B8200C088BA /* BookTrader */;
			targetProxy = CE11886920FD0B8200C088BA /* PBXContainerItemProxy */;
		};
/* End PBXTargetDependency section */

/* Begin PBXVariantGroup section */
		CE11884E20FD0B8200C088BA /* Main.storyboard */ = {
			isa = PBXVariantGroup;
			children = (
				CE11884F20FD0B8200C088BA /* Base */,
			);
			name = Main.storyboard;
			sourceTree = "<group>";
		};
		CE11885320FD0B8200C088BA /* LaunchScreen.storyboard */ = {
			isa = PBXVariantGroup;
			children = (
				CE11885420FD0B8200C088BA /* Base */,
			);
			name = LaunchScreen.storyboard;
			sourceTree = "<group>";
		};
/* End PBXVariantGroup section */

/* Begin XCBuildConfiguration section */
		CE11886F20FD0B8200C088BA /* Debug */ = {
			isa = XCBuildConfiguration;
			buildSettings = {
				ALWAYS_SEARCH_USER_PATHS = NO;
				CLANG_ANALYZER_NONNULL = YES;
				CLANG_ANALYZER_NUMBER_OBJECT_CONVERSION = YES_AGGRESSIVE;
				CLANG_CXX_LANGUAGE_STANDARD = "gnu++14";
				CLANG_CXX_LIBRARY = "libc++";
				CLANG_ENABLE_MODULES = YES;
				CLANG_ENABLE_OBJC_ARC = YES;
				CLANG_ENABLE_OBJC_WEAK = YES;
				CLANG_WARN_BLOCK_CAPTURE_AUTORELEASING = YES;
				CLANG_WARN_BOOL_CONVERSION = YES;
				CLANG_WARN_COMMA = YES;
				CLANG_WARN_CONSTANT_CONVERSION = YES;
				CLANG_WARN_DEPRECATED_OBJC_IMPLEMENTATIONS = YES;
				CLANG_WARN_DIRECT_OBJC_ISA_USAGE = YES_ERROR;
				CLANG_WARN_DOCUMENTATION_COMMENTS = YES;
				CLANG_WARN_EMPTY_BODY = YES;
				CLANG_WARN_ENUM_CONVERSION = YES;
				CLANG_WARN_INFINITE_RECURSION = YES;
				CLANG_WARN_INT_CONVERSION = YES;
				CLANG_WARN_NON_LITERAL_NULL_CONVERSION = YES;
				CLANG_WARN_OBJC_IMPLICIT_RETAIN_SELF = YES;
				CLANG_WARN_OBJC_LITERAL_CONVERSION = YES;
				CLANG_WARN_OBJC_ROOT_CLASS = YES_ERROR;
				CLANG_WARN_RANGE_LOOP_ANALYSIS = YES;
				CLANG_WARN_STRICT_PROTOTYPES = YES;
				CLANG_WARN_SUSPICIOUS_MOVE = YES;
				CLANG_WARN_UNGUARDED_AVAILABILITY = YES_AGGRESSIVE;
				CLANG_WARN_UNREACHABLE_CODE = YES;
				CLANG_WARN__DUPLICATE_METHOD_MATCH = YES;
				CODE_SIGN_IDENTITY = "iPhone Developer";
				COPY_PHASE_STRIP = NO;
				DEBUG_INFORMATION_FORMAT = dwarf;
				ENABLE_STRICT_OBJC_MSGSEND = YES;
				ENABLE_TESTABILITY = YES;
				GCC_C_LANGUAGE_STANDARD = gnu11;
				GCC_DYNAMIC_NO_PIC = NO;
				GCC_NO_COMMON_BLOCKS = YES;
				GCC_OPTIMIZATION_LEVEL = 0;
				GCC_PREPROCESSOR_DEFINITIONS = (
					"DEBUG=1",
					"$(inherited)",
				);
				GCC_WARN_64_TO_32_BIT_CONVERSION = YES;
				GCC_WARN_ABOUT_RETURN_TYPE = YES_ERROR;
				GCC_WARN_UNDECLARED_SELECTOR = YES;
				GCC_WARN_UNINITIALIZED_AUTOS = YES_AGGRESSIVE;
				GCC_WARN_UNUSED_FUNCTION = YES;
				GCC_WARN_UNUSED_VARIABLE = YES;
				IPHONEOS_DEPLOYMENT_TARGET = 11.4;
				MTL_ENABLE_DEBUG_INFO = YES;
				ONLY_ACTIVE_ARCH = YES;
				SDKROOT = iphoneos;
			};
			name = Debug;
		};
		CE11887020FD0B8200C088BA /* Release */ = {
			isa = XCBuildConfiguration;
			buildSettings = {
				ALWAYS_SEARCH_USER_PATHS = NO;
				CLANG_ANALYZER_NONNULL = YES;
				CLANG_ANALYZER_NUMBER_OBJECT_CONVERSION = YES_AGGRESSIVE;
				CLANG_CXX_LANGUAGE_STANDARD = "gnu++14";
				CLANG_CXX_LIBRARY = "libc++";
				CLANG_ENABLE_MODULES = YES;
				CLANG_ENABLE_OBJC_ARC = YES;
				CLANG_ENABLE_OBJC_WEAK = YES;
				CLANG_WARN_BLOCK_CAPTURE_AUTORELEASING = YES;
				CLANG_WARN_BOOL_CONVERSION = YES;
				CLANG_WARN_COMMA = YES;
				CLANG_WARN_CONSTANT_CONVERSION = YES;
				CLANG_WARN_DEPRECATED_OBJC_IMPLEMENTATIONS = YES;
				CLANG_WARN_DIRECT_OBJC_ISA_USAGE = YES_ERROR;
				CLANG_WARN_DOCUMENTATION_COMMENTS = YES;
				CLANG_WARN_EMPTY_BODY = YES;
				CLANG_WARN_ENUM_CONVERSION = YES;
				CLANG_WARN_INFINITE_RECURSION = YES;
				CLANG_WARN_INT_CONVERSION = YES;
				CLANG_WARN_NON_LITERAL_NULL_CONVERSION = YES;
				CLANG_WARN_OBJC_IMPLICIT_RETAIN_SELF = YES;
				CLANG_WARN_OBJC_LITERAL_CONVERSION = YES;
				CLANG_WARN_OBJC_ROOT_CLASS = YES_ERROR;
				CLANG_WARN_RANGE_LOOP_ANALYSIS = YES;
				CLANG_WARN_STRICT_PROTOTYPES = YES;
				CLANG_WARN_SUSPICIOUS_MOVE = YES;
				CLANG_WARN_UNGUARDED_AVAILABILITY = YES_AGGRESSIVE;
				CLANG_WARN_UNREACHABLE_CODE = YES;
				CLANG_WARN__DUPLICATE_METHOD_MATCH = YES;
				CODE_SIGN_IDENTITY = "iPhone Developer";
				COPY_PHASE_STRIP = NO;
				DEBUG_INFORMATION_FORMAT = "dwarf-with-dsym";
				ENABLE_NS_ASSERTIONS = NO;
				ENABLE_STRICT_OBJC_MSGSEND = YES;
				GCC_C_LANGUAGE_STANDARD = gnu11;
				GCC_NO_COMMON_BLOCKS = YES;
				GCC_WARN_64_TO_32_BIT_CONVERSION = YES;
				GCC_WARN_ABOUT_RETURN_TYPE = YES_ERROR;
				GCC_WARN_UNDECLARED_SELECTOR = YES;
				GCC_WARN_UNINITIALIZED_AUTOS = YES_AGGRESSIVE;
				GCC_WARN_UNUSED_FUNCTION = YES;
				GCC_WARN_UNUSED_VARIABLE = YES;
				IPHONEOS_DEPLOYMENT_TARGET = 11.4;
				MTL_ENABLE_DEBUG_INFO = NO;
				SDKROOT = iphoneos;
				VALIDATE_PRODUCT = YES;
			};
			name = Release;
		};
		CE11887220FD0B8200C088BA /* Debug */ = {
			isa = XCBuildConfiguration;
			baseConfigurationReference = F125F9DA15566CBEC7BE92C9 /* Pods-BookTrader.debug.xcconfig */;
			buildSettings = {
				ASSETCATALOG_COMPILER_APPICON_NAME = AppIcon;
				CODE_SIGN_IDENTITY = "iPhone Developer";
				CODE_SIGN_STYLE = Automatic;
				DEVELOPMENT_TEAM = A5TQ98F5H4;
				INFOPLIST_FILE = BookTrader/Info.plist;
				LD_RUNPATH_SEARCH_PATHS = (
					"$(inherited)",
					"@executable_path/Frameworks",
				);
				PRODUCT_BUNDLE_IDENTIFIER = connorclancy.BookTraderFirst;
				PRODUCT_NAME = "$(TARGET_NAME)";
				PROVISIONING_PROFILE_SPECIFIER = "";
				TARGETED_DEVICE_FAMILY = "1,2";
			};
			name = Debug;
		};
		CE11887320FD0B8200C088BA /* Release */ = {
			isa = XCBuildConfiguration;
			baseConfigurationReference = 34F91E018A39D750259885D7 /* Pods-BookTrader.release.xcconfig */;
			buildSettings = {
				ASSETCATALOG_COMPILER_APPICON_NAME = AppIcon;
				CODE_SIGN_IDENTITY = "iPhone Developer";
				CODE_SIGN_STYLE = Automatic;
				DEVELOPMENT_TEAM = A5TQ98F5H4;
				INFOPLIST_FILE = BookTrader/Info.plist;
				LD_RUNPATH_SEARCH_PATHS = (
					"$(inherited)",
					"@executable_path/Frameworks",
				);
				PRODUCT_BUNDLE_IDENTIFIER = connorclancy.BookTraderFirst;
				PRODUCT_NAME = "$(TARGET_NAME)";
				PROVISIONING_PROFILE_SPECIFIER = "";
				TARGETED_DEVICE_FAMILY = "1,2";
			};
			name = Release;
		};
		CE11887520FD0B8200C088BA /* Debug */ = {
			isa = XCBuildConfiguration;
			baseConfigurationReference = E57F36E6E87BEA6FDA782431 /* Pods-BookTraderTests.debug.xcconfig */;
			buildSettings = {
				BUNDLE_LOADER = "$(TEST_HOST)";
				CODE_SIGN_STYLE = Automatic;
				DEVELOPMENT_TEAM = HDF54N6KHN;
				INFOPLIST_FILE = BookTraderTests/Info.plist;
				LD_RUNPATH_SEARCH_PATHS = (
					"$(inherited)",
					"@executable_path/Frameworks",
					"@loader_path/Frameworks",
				);
				PRODUCT_BUNDLE_IDENTIFIER = connorclancy.BookTraderTests;
				PRODUCT_NAME = "$(TARGET_NAME)";
				TARGETED_DEVICE_FAMILY = "1,2";
				TEST_HOST = "$(BUILT_PRODUCTS_DIR)/BookTrader.app/BookTrader";
			};
			name = Debug;
		};
		CE11887620FD0B8200C088BA /* Release */ = {
			isa = XCBuildConfiguration;
			baseConfigurationReference = 3C87B8860B5E35372BE544EF /* Pods-BookTraderTests.release.xcconfig */;
			buildSettings = {
				BUNDLE_LOADER = "$(TEST_HOST)";
				CODE_SIGN_STYLE = Automatic;
				DEVELOPMENT_TEAM = HDF54N6KHN;
				INFOPLIST_FILE = BookTraderTests/Info.plist;
				LD_RUNPATH_SEARCH_PATHS = (
					"$(inherited)",
					"@executable_path/Frameworks",
					"@loader_path/Frameworks",
				);
				PRODUCT_BUNDLE_IDENTIFIER = connorclancy.BookTraderTests;
				PRODUCT_NAME = "$(TARGET_NAME)";
				TARGETED_DEVICE_FAMILY = "1,2";
				TEST_HOST = "$(BUILT_PRODUCTS_DIR)/BookTrader.app/BookTrader";
			};
			name = Release;
		};
		CE11887820FD0B8200C088BA /* Debug */ = {
			isa = XCBuildConfiguration;
			baseConfigurationReference = D13C1F010B559DE973D9A157 /* Pods-BookTraderUITests.debug.xcconfig */;
			buildSettings = {
				CODE_SIGN_STYLE = Automatic;
				DEVELOPMENT_TEAM = HDF54N6KHN;
				INFOPLIST_FILE = BookTraderUITests/Info.plist;
				LD_RUNPATH_SEARCH_PATHS = (
					"$(inherited)",
					"@executable_path/Frameworks",
					"@loader_path/Frameworks",
				);
				PRODUCT_BUNDLE_IDENTIFIER = connorclancy.BookTraderUITests;
				PRODUCT_NAME = "$(TARGET_NAME)";
				TARGETED_DEVICE_FAMILY = "1,2";
				TEST_TARGET_NAME = BookTrader;
			};
			name = Debug;
		};
		CE11887920FD0B8200C088BA /* Release */ = {
			isa = XCBuildConfiguration;
			baseConfigurationReference = 32794741CDC4D192FA8F4FD0 /* Pods-BookTraderUITests.release.xcconfig */;
			buildSettings = {
				CODE_SIGN_STYLE = Automatic;
				DEVELOPMENT_TEAM = HDF54N6KHN;
				INFOPLIST_FILE = BookTraderUITests/Info.plist;
				LD_RUNPATH_SEARCH_PATHS = (
					"$(inherited)",
					"@executable_path/Frameworks",
					"@loader_path/Frameworks",
				);
				PRODUCT_BUNDLE_IDENTIFIER = connorclancy.BookTraderUITests;
				PRODUCT_NAME = "$(TARGET_NAME)";
				TARGETED_DEVICE_FAMILY = "1,2";
				TEST_TARGET_NAME = BookTrader;
			};
			name = Release;
		};
/* End XCBuildConfiguration section */

/* Begin XCConfigurationList section */
		CE11884020FD0B8200C088BA /* Build configuration list for PBXProject "BookTrader" */ = {
			isa = XCConfigurationList;
			buildConfigurations = (
				CE11886F20FD0B8200C088BA /* Debug */,
				CE11887020FD0B8200C088BA /* Release */,
			);
			defaultConfigurationIsVisible = 0;
			defaultConfigurationName = Release;
		};
		CE11887120FD0B8200C088BA /* Build configuration list for PBXNativeTarget "BookTrader" */ = {
			isa = XCConfigurationList;
			buildConfigurations = (
				CE11887220FD0B8200C088BA /* Debug */,
				CE11887320FD0B8200C088BA /* Release */,
			);
			defaultConfigurationIsVisible = 0;
			defaultConfigurationName = Release;
		};
		CE11887420FD0B8200C088BA /* Build configuration list for PBXNativeTarget "BookTraderTests" */ = {
			isa = XCConfigurationList;
			buildConfigurations = (
				CE11887520FD0B8200C088BA /* Debug */,
				CE11887620FD0B8200C088BA /* Release */,
			);
			defaultConfigurationIsVisible = 0;
			defaultConfigurationName = Release;
		};
		CE11887720FD0B8200C088BA /* Build configuration list for PBXNativeTarget "BookTraderUITests" */ = {
			isa = XCConfigurationList;
			buildConfigurations = (
				CE11887820FD0B8200C088BA /* Debug */,
				CE11887920FD0B8200C088BA /* Release */,
			);
			defaultConfigurationIsVisible = 0;
			defaultConfigurationName = Release;
		};
/* End XCConfigurationList section */
	};
	rootObject = CE11883D20FD0B8200C088BA /* Project object */;
}
