// !$*UTF8*$!
{
	archiveVersion = 1;
	classes = {
	};
	objectVersion = 50;
	objects = {

/* Begin PBXBuildFile section */
		12DF1EF7E5EF6550162B4188 /* libPods-loginFBtestTests.a in Frameworks */ = {isa = PBXBuildFile; fileRef = 13411382A337230C78FC7269 /* libPods-loginFBtestTests.a */; };
		A481186F20FE969300D68A5B /* ProfileViewController.m in Sources */ = {isa = PBXBuildFile; fileRef = A481186E20FE969300D68A5B /* ProfileViewController.m */; };
		A481187220FE990000D68A5B /* LoginViewController.m in Sources */ = {isa = PBXBuildFile; fileRef = A481187120FE990000D68A5B /* LoginViewController.m */; };
		A4F3A78120FE69E300534E8A /* AppDelegate.m in Sources */ = {isa = PBXBuildFile; fileRef = A4F3A78020FE69E300534E8A /* AppDelegate.m */; };
		A4F3A78720FE69E300534E8A /* Main.storyboard in Resources */ = {isa = PBXBuildFile; fileRef = A4F3A78520FE69E300534E8A /* Main.storyboard */; };
		A4F3A78920FE69E400534E8A /* Assets.xcassets in Resources */ = {isa = PBXBuildFile; fileRef = A4F3A78820FE69E400534E8A /* Assets.xcassets */; };
		A4F3A78C20FE69E400534E8A /* LaunchScreen.storyboard in Resources */ = {isa = PBXBuildFile; fileRef = A4F3A78A20FE69E400534E8A /* LaunchScreen.storyboard */; };
		A4F3A78F20FE69E400534E8A /* main.m in Sources */ = {isa = PBXBuildFile; fileRef = A4F3A78E20FE69E400534E8A /* main.m */; };
		A4F3A79920FE69E400534E8A /* loginFBtestTests.m in Sources */ = {isa = PBXBuildFile; fileRef = A4F3A79820FE69E400534E8A /* loginFBtestTests.m */; };
		A4F3A7A420FE69E400534E8A /* loginFBtestUITests.m in Sources */ = {isa = PBXBuildFile; fileRef = A4F3A7A320FE69E400534E8A /* loginFBtestUITests.m */; };
		B7FBE48E61409751EE320426 /* libPods-loginFBtest.a in Frameworks */ = {isa = PBXBuildFile; fileRef = E565986604B457DE575F2FBD /* libPods-loginFBtest.a */; };
		CECF5A2F2106795F008563B5 /* User.m in Sources */ = {isa = PBXBuildFile; fileRef = CECF5A2E2106795F008563B5 /* User.m */; };
		F4443ADF9C02B42D42981CE1 /* libPods-loginFBtestUITests.a in Frameworks */ = {isa = PBXBuildFile; fileRef = 39C12E33D36D5A8DF0BF2152 /* libPods-loginFBtestUITests.a */; };
/* End PBXBuildFile section */

/* Begin PBXContainerItemProxy section */
		A4F3A79520FE69E400534E8A /* PBXContainerItemProxy */ = {
			isa = PBXContainerItemProxy;
			containerPortal = A4F3A77420FE69E300534E8A /* Project object */;
			proxyType = 1;
			remoteGlobalIDString = A4F3A77B20FE69E300534E8A;
			remoteInfo = loginFBtest;
		};
		A4F3A7A020FE69E400534E8A /* PBXContainerItemProxy */ = {
			isa = PBXContainerItemProxy;
			containerPortal = A4F3A77420FE69E300534E8A /* Project object */;
			proxyType = 1;
			remoteGlobalIDString = A4F3A77B20FE69E300534E8A;
			remoteInfo = loginFBtest;
		};
/* End PBXContainerItemProxy section */

/* Begin PBXFileReference section */
		13411382A337230C78FC7269 /* libPods-loginFBtestTests.a */ = {isa = PBXFileReference; explicitFileType = archive.ar; includeInIndex = 0; path = "libPods-loginFBtestTests.a"; sourceTree = BUILT_PRODUCTS_DIR; };
		36535636502569A228137F4B /* Pods-loginFBtestTests.debug.xcconfig */ = {isa = PBXFileReference; includeInIndex = 1; lastKnownFileType = text.xcconfig; name = "Pods-loginFBtestTests.debug.xcconfig"; path = "Pods/Target Support Files/Pods-loginFBtestTests/Pods-loginFBtestTests.debug.xcconfig"; sourceTree = "<group>"; };
		39C12E33D36D5A8DF0BF2152 /* libPods-loginFBtestUITests.a */ = {isa = PBXFileReference; explicitFileType = archive.ar; includeInIndex = 0; path = "libPods-loginFBtestUITests.a"; sourceTree = BUILT_PRODUCTS_DIR; };
		3DA137963962586927CEF14A /* Pods-loginFBtest.release.xcconfig */ = {isa = PBXFileReference; includeInIndex = 1; lastKnownFileType = text.xcconfig; name = "Pods-loginFBtest.release.xcconfig"; path = "Pods/Target Support Files/Pods-loginFBtest/Pods-loginFBtest.release.xcconfig"; sourceTree = "<group>"; };
		52CAFBD711CD5926C04BD301 /* Pods-loginFBtestUITests.release.xcconfig */ = {isa = PBXFileReference; includeInIndex = 1; lastKnownFileType = text.xcconfig; name = "Pods-loginFBtestUITests.release.xcconfig"; path = "Pods/Target Support Files/Pods-loginFBtestUITests/Pods-loginFBtestUITests.release.xcconfig"; sourceTree = "<group>"; };
		5C39D0F030C511FA24AA3782 /* Pods-loginFBtestTests.release.xcconfig */ = {isa = PBXFileReference; includeInIndex = 1; lastKnownFileType = text.xcconfig; name = "Pods-loginFBtestTests.release.xcconfig"; path = "Pods/Target Support Files/Pods-loginFBtestTests/Pods-loginFBtestTests.release.xcconfig"; sourceTree = "<group>"; };
		9C41E79F78E256E66CD4E45E /* Pods-loginFBtest.debug.xcconfig */ = {isa = PBXFileReference; includeInIndex = 1; lastKnownFileType = text.xcconfig; name = "Pods-loginFBtest.debug.xcconfig"; path = "Pods/Target Support Files/Pods-loginFBtest/Pods-loginFBtest.debug.xcconfig"; sourceTree = "<group>"; };
		A481186D20FE969300D68A5B /* ProfileViewController.h */ = {isa = PBXFileReference; lastKnownFileType = sourcecode.c.h; path = ProfileViewController.h; sourceTree = "<group>"; };
		A481186E20FE969300D68A5B /* ProfileViewController.m */ = {isa = PBXFileReference; lastKnownFileType = sourcecode.c.objc; path = ProfileViewController.m; sourceTree = "<group>"; };
		A481187020FE990000D68A5B /* LoginViewController.h */ = {isa = PBXFileReference; lastKnownFileType = sourcecode.c.h; path = LoginViewController.h; sourceTree = "<group>"; };
		A481187120FE990000D68A5B /* LoginViewController.m */ = {isa = PBXFileReference; lastKnownFileType = sourcecode.c.objc; path = LoginViewController.m; sourceTree = "<group>"; };
		A4F3A77C20FE69E300534E8A /* loginFBtest.app */ = {isa = PBXFileReference; explicitFileType = wrapper.application; includeInIndex = 0; path = loginFBtest.app; sourceTree = BUILT_PRODUCTS_DIR; };
		A4F3A77F20FE69E300534E8A /* AppDelegate.h */ = {isa = PBXFileReference; lastKnownFileType = sourcecode.c.h; path = AppDelegate.h; sourceTree = "<group>"; };
		A4F3A78020FE69E300534E8A /* AppDelegate.m */ = {isa = PBXFileReference; lastKnownFileType = sourcecode.c.objc; path = AppDelegate.m; sourceTree = "<group>"; };
		A4F3A78620FE69E300534E8A /* Base */ = {isa = PBXFileReference; lastKnownFileType = file.storyboard; name = Base; path = Base.lproj/Main.storyboard; sourceTree = "<group>"; };
		A4F3A78820FE69E400534E8A /* Assets.xcassets */ = {isa = PBXFileReference; lastKnownFileType = folder.assetcatalog; path = Assets.xcassets; sourceTree = "<group>"; };
		A4F3A78B20FE69E400534E8A /* Base */ = {isa = PBXFileReference; lastKnownFileType = file.storyboard; name = Base; path = Base.lproj/LaunchScreen.storyboard; sourceTree = "<group>"; };
		A4F3A78D20FE69E400534E8A /* Info.plist */ = {isa = PBXFileReference; lastKnownFileType = text.plist.xml; path = Info.plist; sourceTree = "<group>"; };
		A4F3A78E20FE69E400534E8A /* main.m */ = {isa = PBXFileReference; lastKnownFileType = sourcecode.c.objc; path = main.m; sourceTree = "<group>"; };
		A4F3A79420FE69E400534E8A /* loginFBtestTests.xctest */ = {isa = PBXFileReference; explicitFileType = wrapper.cfbundle; includeInIndex = 0; path = loginFBtestTests.xctest; sourceTree = BUILT_PRODUCTS_DIR; };
		A4F3A79820FE69E400534E8A /* loginFBtestTests.m */ = {isa = PBXFileReference; lastKnownFileType = sourcecode.c.objc; path = loginFBtestTests.m; sourceTree = "<group>"; };
		A4F3A79A20FE69E400534E8A /* Info.plist */ = {isa = PBXFileReference; lastKnownFileType = text.plist.xml; path = Info.plist; sourceTree = "<group>"; };
		A4F3A79F20FE69E400534E8A /* loginFBtestUITests.xctest */ = {isa = PBXFileReference; explicitFileType = wrapper.cfbundle; includeInIndex = 0; path = loginFBtestUITests.xctest; sourceTree = BUILT_PRODUCTS_DIR; };
		A4F3A7A320FE69E400534E8A /* loginFBtestUITests.m */ = {isa = PBXFileReference; lastKnownFileType = sourcecode.c.objc; path = loginFBtestUITests.m; sourceTree = "<group>"; };
		A4F3A7A520FE69E400534E8A /* Info.plist */ = {isa = PBXFileReference; lastKnownFileType = text.plist.xml; path = Info.plist; sourceTree = "<group>"; };
		C352B450F90C9198C7AEE669 /* Pods-loginFBtestUITests.debug.xcconfig */ = {isa = PBXFileReference; includeInIndex = 1; lastKnownFileType = text.xcconfig; name = "Pods-loginFBtestUITests.debug.xcconfig"; path = "Pods/Target Support Files/Pods-loginFBtestUITests/Pods-loginFBtestUITests.debug.xcconfig"; sourceTree = "<group>"; };
		CECF5A2D2106795F008563B5 /* User.h */ = {isa = PBXFileReference; lastKnownFileType = sourcecode.c.h; path = User.h; sourceTree = "<group>"; };
		CECF5A2E2106795F008563B5 /* User.m */ = {isa = PBXFileReference; lastKnownFileType = sourcecode.c.objc; path = User.m; sourceTree = "<group>"; };
		E565986604B457DE575F2FBD /* libPods-loginFBtest.a */ = {isa = PBXFileReference; explicitFileType = archive.ar; includeInIndex = 0; path = "libPods-loginFBtest.a"; sourceTree = BUILT_PRODUCTS_DIR; };
/* End PBXFileReference section */

/* Begin PBXFrameworksBuildPhase section */
		A4F3A77920FE69E300534E8A /* Frameworks */ = {
			isa = PBXFrameworksBuildPhase;
			buildActionMask = 2147483647;
			files = (
				B7FBE48E61409751EE320426 /* libPods-loginFBtest.a in Frameworks */,
			);
			runOnlyForDeploymentPostprocessing = 0;
		};
		A4F3A79120FE69E400534E8A /* Frameworks */ = {
			isa = PBXFrameworksBuildPhase;
			buildActionMask = 2147483647;
			files = (
				12DF1EF7E5EF6550162B4188 /* libPods-loginFBtestTests.a in Frameworks */,
			);
			runOnlyForDeploymentPostprocessing = 0;
		};
		A4F3A79C20FE69E400534E8A /* Frameworks */ = {
			isa = PBXFrameworksBuildPhase;
			buildActionMask = 2147483647;
			files = (
				F4443ADF9C02B42D42981CE1 /* libPods-loginFBtestUITests.a in Frameworks */,
			);
			runOnlyForDeploymentPostprocessing = 0;
		};
/* End PBXFrameworksBuildPhase section */

/* Begin PBXGroup section */
		10E28CE0111AC2C7052A50F4 /* Frameworks */ = {
			isa = PBXGroup;
			children = (
				E565986604B457DE575F2FBD /* libPods-loginFBtest.a */,
				13411382A337230C78FC7269 /* libPods-loginFBtestTests.a */,
				39C12E33D36D5A8DF0BF2152 /* libPods-loginFBtestUITests.a */,
			);
			name = Frameworks;
			sourceTree = "<group>";
		};
		A4F3A77320FE69E300534E8A = {
			isa = PBXGroup;
			children = (
				A4F3A77E20FE69E300534E8A /* loginFBtest */,
				A4F3A79720FE69E400534E8A /* loginFBtestTests */,
				A4F3A7A220FE69E400534E8A /* loginFBtestUITests */,
				A4F3A77D20FE69E300534E8A /* Products */,
				E5A363B3D69FBE78A2E83EA9 /* Pods */,
				10E28CE0111AC2C7052A50F4 /* Frameworks */,
			);
			sourceTree = "<group>";
		};
		A4F3A77D20FE69E300534E8A /* Products */ = {
			isa = PBXGroup;
			children = (
				A4F3A77C20FE69E300534E8A /* loginFBtest.app */,
				A4F3A79420FE69E400534E8A /* loginFBtestTests.xctest */,
				A4F3A79F20FE69E400534E8A /* loginFBtestUITests.xctest */,
			);
			name = Products;
			sourceTree = "<group>";
		};
		A4F3A77E20FE69E300534E8A /* loginFBtest */ = {
			isa = PBXGroup;
			children = (
				A4F3A77F20FE69E300534E8A /* AppDelegate.h */,
				A4F3A78020FE69E300534E8A /* AppDelegate.m */,
				A4F3A78520FE69E300534E8A /* Main.storyboard */,
				A4F3A78820FE69E400534E8A /* Assets.xcassets */,
				A4F3A78A20FE69E400534E8A /* LaunchScreen.storyboard */,
				A4F3A78D20FE69E400534E8A /* Info.plist */,
				A4F3A78E20FE69E400534E8A /* main.m */,
				A481186D20FE969300D68A5B /* ProfileViewController.h */,
				A481186E20FE969300D68A5B /* ProfileViewController.m */,
				A481187020FE990000D68A5B /* LoginViewController.h */,
				A481187120FE990000D68A5B /* LoginViewController.m */,
				CECF5A2D2106795F008563B5 /* User.h */,
				CECF5A2E2106795F008563B5 /* User.m */,
			);
			path = loginFBtest;
			sourceTree = "<group>";
		};
		A4F3A79720FE69E400534E8A /* loginFBtestTests */ = {
			isa = PBXGroup;
			children = (
				A4F3A79820FE69E400534E8A /* loginFBtestTests.m */,
				A4F3A79A20FE69E400534E8A /* Info.plist */,
			);
			path = loginFBtestTests;
			sourceTree = "<group>";
		};
		A4F3A7A220FE69E400534E8A /* loginFBtestUITests */ = {
			isa = PBXGroup;
			children = (
				A4F3A7A320FE69E400534E8A /* loginFBtestUITests.m */,
				A4F3A7A520FE69E400534E8A /* Info.plist */,
			);
			path = loginFBtestUITests;
			sourceTree = "<group>";
		};
		E5A363B3D69FBE78A2E83EA9 /* Pods */ = {
			isa = PBXGroup;
			children = (
				9C41E79F78E256E66CD4E45E /* Pods-loginFBtest.debug.xcconfig */,
				3DA137963962586927CEF14A /* Pods-loginFBtest.release.xcconfig */,
				36535636502569A228137F4B /* Pods-loginFBtestTests.debug.xcconfig */,
				5C39D0F030C511FA24AA3782 /* Pods-loginFBtestTests.release.xcconfig */,
				C352B450F90C9198C7AEE669 /* Pods-loginFBtestUITests.debug.xcconfig */,
				52CAFBD711CD5926C04BD301 /* Pods-loginFBtestUITests.release.xcconfig */,
			);
			name = Pods;
			sourceTree = "<group>";
		};
/* End PBXGroup section */

/* Begin PBXNativeTarget section */
		A4F3A77B20FE69E300534E8A /* loginFBtest */ = {
			isa = PBXNativeTarget;
			buildConfigurationList = A4F3A7A820FE69E400534E8A /* Build configuration list for PBXNativeTarget "loginFBtest" */;
			buildPhases = (
				9497CFBD87118CA0E6A8BE4F /* [CP] Check Pods Manifest.lock */,
				A4F3A77820FE69E300534E8A /* Sources */,
				A4F3A77920FE69E300534E8A /* Frameworks */,
				A4F3A77A20FE69E300534E8A /* Resources */,
				83441E5F2044B9423E657E95 /* [CP] Copy Pods Resources */,
			);
			buildRules = (
			);
			dependencies = (
			);
			name = loginFBtest;
			productName = loginFBtest;
			productReference = A4F3A77C20FE69E300534E8A /* loginFBtest.app */;
			productType = "com.apple.product-type.application";
		};
		A4F3A79320FE69E400534E8A /* loginFBtestTests */ = {
			isa = PBXNativeTarget;
			buildConfigurationList = A4F3A7AB20FE69E400534E8A /* Build configuration list for PBXNativeTarget "loginFBtestTests" */;
			buildPhases = (
				FC7B28C7429233E4EF27F3DE /* [CP] Check Pods Manifest.lock */,
				A4F3A79020FE69E400534E8A /* Sources */,
				A4F3A79120FE69E400534E8A /* Frameworks */,
				A4F3A79220FE69E400534E8A /* Resources */,
			);
			buildRules = (
			);
			dependencies = (
				A4F3A79620FE69E400534E8A /* PBXTargetDependency */,
			);
			name = loginFBtestTests;
			productName = loginFBtestTests;
			productReference = A4F3A79420FE69E400534E8A /* loginFBtestTests.xctest */;
			productType = "com.apple.product-type.bundle.unit-test";
		};
		A4F3A79E20FE69E400534E8A /* loginFBtestUITests */ = {
			isa = PBXNativeTarget;
			buildConfigurationList = A4F3A7AE20FE69E400534E8A /* Build configuration list for PBXNativeTarget "loginFBtestUITests" */;
			buildPhases = (
				D8B60644A7C56EC94C4BF111 /* [CP] Check Pods Manifest.lock */,
				A4F3A79B20FE69E400534E8A /* Sources */,
				A4F3A79C20FE69E400534E8A /* Frameworks */,
				A4F3A79D20FE69E400534E8A /* Resources */,
			);
			buildRules = (
			);
			dependencies = (
				A4F3A7A120FE69E400534E8A /* PBXTargetDependency */,
			);
			name = loginFBtestUITests;
			productName = loginFBtestUITests;
			productReference = A4F3A79F20FE69E400534E8A /* loginFBtestUITests.xctest */;
			productType = "com.apple.product-type.bundle.ui-testing";
		};
/* End PBXNativeTarget section */

/* Begin PBXProject section */
		A4F3A77420FE69E300534E8A /* Project object */ = {
			isa = PBXProject;
			attributes = {
				LastUpgradeCheck = 0940;
				ORGANIZATIONNAME = "Chaliana Rolon";
				TargetAttributes = {
					A4F3A77B20FE69E300534E8A = {
						CreatedOnToolsVersion = 9.4.1;
					};
					A4F3A79320FE69E400534E8A = {
						CreatedOnToolsVersion = 9.4.1;
						TestTargetID = A4F3A77B20FE69E300534E8A;
					};
					A4F3A79E20FE69E400534E8A = {
						CreatedOnToolsVersion = 9.4.1;
						TestTargetID = A4F3A77B20FE69E300534E8A;
					};
				};
			};
			buildConfigurationList = A4F3A77720FE69E300534E8A /* Build configuration list for PBXProject "loginFBtest" */;
			compatibilityVersion = "Xcode 9.3";
			developmentRegion = en;
			hasScannedForEncodings = 0;
			knownRegions = (
				en,
				Base,
			);
			mainGroup = A4F3A77320FE69E300534E8A;
			productRefGroup = A4F3A77D20FE69E300534E8A /* Products */;
			projectDirPath = "";
			projectRoot = "";
			targets = (
				A4F3A77B20FE69E300534E8A /* loginFBtest */,
				A4F3A79320FE69E400534E8A /* loginFBtestTests */,
				A4F3A79E20FE69E400534E8A /* loginFBtestUITests */,
			);
		};
/* End PBXProject section */

/* Begin PBXResourcesBuildPhase section */
		A4F3A77A20FE69E300534E8A /* Resources */ = {
			isa = PBXResourcesBuildPhase;
			buildActionMask = 2147483647;
			files = (
				A4F3A78C20FE69E400534E8A /* LaunchScreen.storyboard in Resources */,
				A4F3A78920FE69E400534E8A /* Assets.xcassets in Resources */,
				A4F3A78720FE69E300534E8A /* Main.storyboard in Resources */,
			);
			runOnlyForDeploymentPostprocessing = 0;
		};
		A4F3A79220FE69E400534E8A /* Resources */ = {
			isa = PBXResourcesBuildPhase;
			buildActionMask = 2147483647;
			files = (
			);
			runOnlyForDeploymentPostprocessing = 0;
		};
		A4F3A79D20FE69E400534E8A /* Resources */ = {
			isa = PBXResourcesBuildPhase;
			buildActionMask = 2147483647;
			files = (
			);
			runOnlyForDeploymentPostprocessing = 0;
		};
/* End PBXResourcesBuildPhase section */

/* Begin PBXShellScriptBuildPhase section */
		83441E5F2044B9423E657E95 /* [CP] Copy Pods Resources */ = {
			isa = PBXShellScriptBuildPhase;
			buildActionMask = 2147483647;
			files = (
			);
			inputPaths = (
				"${SRCROOT}/Pods/Target Support Files/Pods-loginFBtest/Pods-loginFBtest-resources.sh",
				"${PODS_ROOT}/FBSDKCoreKit/FacebookSDKStrings.bundle",
				"${PODS_CONFIGURATION_BUILD_DIR}/Parse/Parse.bundle",
				"${PODS_ROOT}/ParseUI/ParseUI/Resources/Localization/en.lproj",
				"${PODS_ROOT}/ParseUI/ParseUI/Resources/Localization/fr.lproj",
				"${PODS_ROOT}/ParseUI/ParseUI/Resources/Localization/pt-BR.lproj",
			);
			name = "[CP] Copy Pods Resources";
			outputPaths = (
				"${TARGET_BUILD_DIR}/${UNLOCALIZED_RESOURCES_FOLDER_PATH}/FacebookSDKStrings.bundle",
				"${TARGET_BUILD_DIR}/${UNLOCALIZED_RESOURCES_FOLDER_PATH}/Parse.bundle",
				"${TARGET_BUILD_DIR}/${UNLOCALIZED_RESOURCES_FOLDER_PATH}/en.lproj",
				"${TARGET_BUILD_DIR}/${UNLOCALIZED_RESOURCES_FOLDER_PATH}/fr.lproj",
				"${TARGET_BUILD_DIR}/${UNLOCALIZED_RESOURCES_FOLDER_PATH}/pt-BR.lproj",
			);
			runOnlyForDeploymentPostprocessing = 0;
			shellPath = /bin/sh;
			shellScript = "\"${SRCROOT}/Pods/Target Support Files/Pods-loginFBtest/Pods-loginFBtest-resources.sh\"\n";
			showEnvVarsInLog = 0;
		};
		9497CFBD87118CA0E6A8BE4F /* [CP] Check Pods Manifest.lock */ = {
			isa = PBXShellScriptBuildPhase;
			buildActionMask = 2147483647;
			files = (
			);
			inputPaths = (
				"${PODS_PODFILE_DIR_PATH}/Podfile.lock",
				"${PODS_ROOT}/Manifest.lock",
			);
			name = "[CP] Check Pods Manifest.lock";
			outputPaths = (
				"$(DERIVED_FILE_DIR)/Pods-loginFBtest-checkManifestLockResult.txt",
			);
			runOnlyForDeploymentPostprocessing = 0;
			shellPath = /bin/sh;
			shellScript = "diff \"${PODS_PODFILE_DIR_PATH}/Podfile.lock\" \"${PODS_ROOT}/Manifest.lock\" > /dev/null\nif [ $? != 0 ] ; then\n    # print error to STDERR\n    echo \"error: The sandbox is not in sync with the Podfile.lock. Run 'pod install' or update your CocoaPods installation.\" >&2\n    exit 1\nfi\n# This output is used by Xcode 'outputs' to avoid re-running this script phase.\necho \"SUCCESS\" > \"${SCRIPT_OUTPUT_FILE_0}\"\n";
			showEnvVarsInLog = 0;
		};
		D8B60644A7C56EC94C4BF111 /* [CP] Check Pods Manifest.lock */ = {
			isa = PBXShellScriptBuildPhase;
			buildActionMask = 2147483647;
			files = (
			);
			inputPaths = (
				"${PODS_PODFILE_DIR_PATH}/Podfile.lock",
				"${PODS_ROOT}/Manifest.lock",
			);
			name = "[CP] Check Pods Manifest.lock";
			outputPaths = (
				"$(DERIVED_FILE_DIR)/Pods-loginFBtestUITests-checkManifestLockResult.txt",
			);
			runOnlyForDeploymentPostprocessing = 0;
			shellPath = /bin/sh;
			shellScript = "diff \"${PODS_PODFILE_DIR_PATH}/Podfile.lock\" \"${PODS_ROOT}/Manifest.lock\" > /dev/null\nif [ $? != 0 ] ; then\n    # print error to STDERR\n    echo \"error: The sandbox is not in sync with the Podfile.lock. Run 'pod install' or update your CocoaPods installation.\" >&2\n    exit 1\nfi\n# This output is used by Xcode 'outputs' to avoid re-running this script phase.\necho \"SUCCESS\" > \"${SCRIPT_OUTPUT_FILE_0}\"\n";
			showEnvVarsInLog = 0;
		};
		FC7B28C7429233E4EF27F3DE /* [CP] Check Pods Manifest.lock */ = {
			isa = PBXShellScriptBuildPhase;
			buildActionMask = 2147483647;
			files = (
			);
			inputPaths = (
				"${PODS_PODFILE_DIR_PATH}/Podfile.lock",
				"${PODS_ROOT}/Manifest.lock",
			);
			name = "[CP] Check Pods Manifest.lock";
			outputPaths = (
				"$(DERIVED_FILE_DIR)/Pods-loginFBtestTests-checkManifestLockResult.txt",
			);
			runOnlyForDeploymentPostprocessing = 0;
			shellPath = /bin/sh;
			shellScript = "diff \"${PODS_PODFILE_DIR_PATH}/Podfile.lock\" \"${PODS_ROOT}/Manifest.lock\" > /dev/null\nif [ $? != 0 ] ; then\n    # print error to STDERR\n    echo \"error: The sandbox is not in sync with the Podfile.lock. Run 'pod install' or update your CocoaPods installation.\" >&2\n    exit 1\nfi\n# This output is used by Xcode 'outputs' to avoid re-running this script phase.\necho \"SUCCESS\" > \"${SCRIPT_OUTPUT_FILE_0}\"\n";
			showEnvVarsInLog = 0;
		};
/* End PBXShellScriptBuildPhase section */

/* Begin PBXSourcesBuildPhase section */
		A4F3A77820FE69E300534E8A /* Sources */ = {
			isa = PBXSourcesBuildPhase;
			buildActionMask = 2147483647;
			files = (
				CECF5A2F2106795F008563B5 /* User.m in Sources */,
				A481187220FE990000D68A5B /* LoginViewController.m in Sources */,
				A4F3A78F20FE69E400534E8A /* main.m in Sources */,
				A481186F20FE969300D68A5B /* ProfileViewController.m in Sources */,
				A4F3A78120FE69E300534E8A /* AppDelegate.m in Sources */,
			);
			runOnlyForDeploymentPostprocessing = 0;
		};
		A4F3A79020FE69E400534E8A /* Sources */ = {
			isa = PBXSourcesBuildPhase;
			buildActionMask = 2147483647;
			files = (
				A4F3A79920FE69E400534E8A /* loginFBtestTests.m in Sources */,
			);
			runOnlyForDeploymentPostprocessing = 0;
		};
		A4F3A79B20FE69E400534E8A /* Sources */ = {
			isa = PBXSourcesBuildPhase;
			buildActionMask = 2147483647;
			files = (
				A4F3A7A420FE69E400534E8A /* loginFBtestUITests.m in Sources */,
			);
			runOnlyForDeploymentPostprocessing = 0;
		};
/* End PBXSourcesBuildPhase section */

/* Begin PBXTargetDependency section */
		A4F3A79620FE69E400534E8A /* PBXTargetDependency */ = {
			isa = PBXTargetDependency;
			target = A4F3A77B20FE69E300534E8A /* loginFBtest */;
			targetProxy = A4F3A79520FE69E400534E8A /* PBXContainerItemProxy */;
		};
		A4F3A7A120FE69E400534E8A /* PBXTargetDependency */ = {
			isa = PBXTargetDependency;
			target = A4F3A77B20FE69E300534E8A /* loginFBtest */;
			targetProxy = A4F3A7A020FE69E400534E8A /* PBXContainerItemProxy */;
		};
/* End PBXTargetDependency section */

/* Begin PBXVariantGroup section */
		A4F3A78520FE69E300534E8A /* Main.storyboard */ = {
			isa = PBXVariantGroup;
			children = (
				A4F3A78620FE69E300534E8A /* Base */,
			);
			name = Main.storyboard;
			sourceTree = "<group>";
		};
		A4F3A78A20FE69E400534E8A /* LaunchScreen.storyboard */ = {
			isa = PBXVariantGroup;
			children = (
				A4F3A78B20FE69E400534E8A /* Base */,
			);
			name = LaunchScreen.storyboard;
			sourceTree = "<group>";
		};
/* End PBXVariantGroup section */

/* Begin XCBuildConfiguration section */
		A4F3A7A620FE69E400534E8A /* Debug */ = {
			isa = XCBuildConfiguration;
			buildSettings = {
				ALWAYS_SEARCH_USER_PATHS = NO;
				CLANG_ANALYZER_NONNULL = YES;
				CLANG_ANALYZER_NUMBER_OBJECT_CONVERSION = YES_AGGRESSIVE;
				CLANG_CXX_LANGUAGE_STANDARD = "gnu++14";
				CLANG_CXX_LIBRARY = "libc++";
				CLANG_ENABLE_MODULES = YES;
				CLANG_ENABLE_OBJC_ARC = YES;
				CLANG_ENABLE_OBJC_WEAK = YES;
				CLANG_WARN_BLOCK_CAPTURE_AUTORELEASING = YES;
				CLANG_WARN_BOOL_CONVERSION = YES;
				CLANG_WARN_COMMA = YES;
				CLANG_WARN_CONSTANT_CONVERSION = YES;
				CLANG_WARN_DEPRECATED_OBJC_IMPLEMENTATIONS = YES;
				CLANG_WARN_DIRECT_OBJC_ISA_USAGE = YES_ERROR;
				CLANG_WARN_DOCUMENTATION_COMMENTS = YES;
				CLANG_WARN_EMPTY_BODY = YES;
				CLANG_WARN_ENUM_CONVERSION = YES;
				CLANG_WARN_INFINITE_RECURSION = YES;
				CLANG_WARN_INT_CONVERSION = YES;
				CLANG_WARN_NON_LITERAL_NULL_CONVERSION = YES;
				CLANG_WARN_OBJC_IMPLICIT_RETAIN_SELF = YES;
				CLANG_WARN_OBJC_LITERAL_CONVERSION = YES;
				CLANG_WARN_OBJC_ROOT_CLASS = YES_ERROR;
				CLANG_WARN_RANGE_LOOP_ANALYSIS = YES;
				CLANG_WARN_STRICT_PROTOTYPES = YES;
				CLANG_WARN_SUSPICIOUS_MOVE = YES;
				CLANG_WARN_UNGUARDED_AVAILABILITY = YES_AGGRESSIVE;
				CLANG_WARN_UNREACHABLE_CODE = YES;
				CLANG_WARN__DUPLICATE_METHOD_MATCH = YES;
				CODE_SIGN_IDENTITY = "iPhone Developer";
				COPY_PHASE_STRIP = NO;
				DEBUG_INFORMATION_FORMAT = dwarf;
				ENABLE_STRICT_OBJC_MSGSEND = YES;
				ENABLE_TESTABILITY = YES;
				GCC_C_LANGUAGE_STANDARD = gnu11;
				GCC_DYNAMIC_NO_PIC = NO;
				GCC_NO_COMMON_BLOCKS = YES;
				GCC_OPTIMIZATION_LEVEL = 0;
				GCC_PREPROCESSOR_DEFINITIONS = (
					"DEBUG=1",
					"$(inherited)",
				);
				GCC_WARN_64_TO_32_BIT_CONVERSION = YES;
				GCC_WARN_ABOUT_RETURN_TYPE = YES_ERROR;
				GCC_WARN_UNDECLARED_SELECTOR = YES;
				GCC_WARN_UNINITIALIZED_AUTOS = YES_AGGRESSIVE;
				GCC_WARN_UNUSED_FUNCTION = YES;
				GCC_WARN_UNUSED_VARIABLE = YES;
				IPHONEOS_DEPLOYMENT_TARGET = 11.4;
				MTL_ENABLE_DEBUG_INFO = YES;
				ONLY_ACTIVE_ARCH = YES;
				SDKROOT = iphoneos;
			};
			name = Debug;
		};
		A4F3A7A720FE69E400534E8A /* Release */ = {
			isa = XCBuildConfiguration;
			buildSettings = {
				ALWAYS_SEARCH_USER_PATHS = NO;
				CLANG_ANALYZER_NONNULL = YES;
				CLANG_ANALYZER_NUMBER_OBJECT_CONVERSION = YES_AGGRESSIVE;
				CLANG_CXX_LANGUAGE_STANDARD = "gnu++14";
				CLANG_CXX_LIBRARY = "libc++";
				CLANG_ENABLE_MODULES = YES;
				CLANG_ENABLE_OBJC_ARC = YES;
				CLANG_ENABLE_OBJC_WEAK = YES;
				CLANG_WARN_BLOCK_CAPTURE_AUTORELEASING = YES;
				CLANG_WARN_BOOL_CONVERSION = YES;
				CLANG_WARN_COMMA = YES;
				CLANG_WARN_CONSTANT_CONVERSION = YES;
				CLANG_WARN_DEPRECATED_OBJC_IMPLEMENTATIONS = YES;
				CLANG_WARN_DIRECT_OBJC_ISA_USAGE = YES_ERROR;
				CLANG_WARN_DOCUMENTATION_COMMENTS = YES;
				CLANG_WARN_EMPTY_BODY = YES;
				CLANG_WARN_ENUM_CONVERSION = YES;
				CLANG_WARN_INFINITE_RECURSION = YES;
				CLANG_WARN_INT_CONVERSION = YES;
				CLANG_WARN_NON_LITERAL_NULL_CONVERSION = YES;
				CLANG_WARN_OBJC_IMPLICIT_RETAIN_SELF = YES;
				CLANG_WARN_OBJC_LITERAL_CONVERSION = YES;
				CLANG_WARN_OBJC_ROOT_CLASS = YES_ERROR;
				CLANG_WARN_RANGE_LOOP_ANALYSIS = YES;
				CLANG_WARN_STRICT_PROTOTYPES = YES;
				CLANG_WARN_SUSPICIOUS_MOVE = YES;
				CLANG_WARN_UNGUARDED_AVAILABILITY = YES_AGGRESSIVE;
				CLANG_WARN_UNREACHABLE_CODE = YES;
				CLANG_WARN__DUPLICATE_METHOD_MATCH = YES;
				CODE_SIGN_IDENTITY = "iPhone Developer";
				COPY_PHASE_STRIP = NO;
				DEBUG_INFORMATION_FORMAT = "dwarf-with-dsym";
				ENABLE_NS_ASSERTIONS = NO;
				ENABLE_STRICT_OBJC_MSGSEND = YES;
				GCC_C_LANGUAGE_STANDARD = gnu11;
				GCC_NO_COMMON_BLOCKS = YES;
				GCC_WARN_64_TO_32_BIT_CONVERSION = YES;
				GCC_WARN_ABOUT_RETURN_TYPE = YES_ERROR;
				GCC_WARN_UNDECLARED_SELECTOR = YES;
				GCC_WARN_UNINITIALIZED_AUTOS = YES_AGGRESSIVE;
				GCC_WARN_UNUSED_FUNCTION = YES;
				GCC_WARN_UNUSED_VARIABLE = YES;
				IPHONEOS_DEPLOYMENT_TARGET = 11.4;
				MTL_ENABLE_DEBUG_INFO = NO;
				SDKROOT = iphoneos;
				VALIDATE_PRODUCT = YES;
			};
			name = Release;
		};
		A4F3A7A920FE69E400534E8A /* Debug */ = {
			isa = XCBuildConfiguration;
			baseConfigurationReference = 9C41E79F78E256E66CD4E45E /* Pods-loginFBtest.debug.xcconfig */;
			buildSettings = {
				ASSETCATALOG_COMPILER_APPICON_NAME = AppIcon;
				CODE_SIGN_STYLE = Automatic;
				DEVELOPMENT_TEAM = A5TQ98F5H4;
				INFOPLIST_FILE = loginFBtest/Info.plist;
				LD_RUNPATH_SEARCH_PATHS = (
					"$(inherited)",
					"@executable_path/Frameworks",
				);
				PRODUCT_BUNDLE_IDENTIFIER = com.ChalianaRolon.loginFBtest1;
				PRODUCT_NAME = "$(TARGET_NAME)";
				TARGETED_DEVICE_FAMILY = "1,2";
			};
			name = Debug;
		};
		A4F3A7AA20FE69E400534E8A /* Release */ = {
			isa = XCBuildConfiguration;
			baseConfigurationReference = 3DA137963962586927CEF14A /* Pods-loginFBtest.release.xcconfig */;
			buildSettings = {
				ASSETCATALOG_COMPILER_APPICON_NAME = AppIcon;
				CODE_SIGN_STYLE = Automatic;
				DEVELOPMENT_TEAM = A5TQ98F5H4;
				INFOPLIST_FILE = loginFBtest/Info.plist;
				LD_RUNPATH_SEARCH_PATHS = (
					"$(inherited)",
					"@executable_path/Frameworks",
				);
				PRODUCT_BUNDLE_IDENTIFIER = com.ChalianaRolon.loginFBtest1;
				PRODUCT_NAME = "$(TARGET_NAME)";
				TARGETED_DEVICE_FAMILY = "1,2";
			};
			name = Release;
		};
		A4F3A7AC20FE69E400534E8A /* Debug */ = {
			isa = XCBuildConfiguration;
			baseConfigurationReference = 36535636502569A228137F4B /* Pods-loginFBtestTests.debug.xcconfig */;
			buildSettings = {
				BUNDLE_LOADER = "$(TEST_HOST)";
				CODE_SIGN_STYLE = Automatic;
				DEVELOPMENT_TEAM = KV6X26527X;
				INFOPLIST_FILE = loginFBtestTests/Info.plist;
				LD_RUNPATH_SEARCH_PATHS = (
					"$(inherited)",
					"@executable_path/Frameworks",
					"@loader_path/Frameworks",
				);
				PRODUCT_BUNDLE_IDENTIFIER = com.ChalianaRolon.loginFBtestTests;
				PRODUCT_NAME = "$(TARGET_NAME)";
				TARGETED_DEVICE_FAMILY = "1,2";
				TEST_HOST = "$(BUILT_PRODUCTS_DIR)/loginFBtest.app/loginFBtest";
			};
			name = Debug;
		};
		A4F3A7AD20FE69E400534E8A /* Release */ = {
			isa = XCBuildConfiguration;
			baseConfigurationReference = 5C39D0F030C511FA24AA3782 /* Pods-loginFBtestTests.release.xcconfig */;
			buildSettings = {
				BUNDLE_LOADER = "$(TEST_HOST)";
				CODE_SIGN_STYLE = Automatic;
				DEVELOPMENT_TEAM = KV6X26527X;
				INFOPLIST_FILE = loginFBtestTests/Info.plist;
				LD_RUNPATH_SEARCH_PATHS = (
					"$(inherited)",
					"@executable_path/Frameworks",
					"@loader_path/Frameworks",
				);
				PRODUCT_BUNDLE_IDENTIFIER = com.ChalianaRolon.loginFBtestTests;
				PRODUCT_NAME = "$(TARGET_NAME)";
				TARGETED_DEVICE_FAMILY = "1,2";
				TEST_HOST = "$(BUILT_PRODUCTS_DIR)/loginFBtest.app/loginFBtest";
			};
			name = Release;
		};
		A4F3A7AF20FE69E400534E8A /* Debug */ = {
			isa = XCBuildConfiguration;
			baseConfigurationReference = C352B450F90C9198C7AEE669 /* Pods-loginFBtestUITests.debug.xcconfig */;
			buildSettings = {
				CODE_SIGN_STYLE = Automatic;
				DEVELOPMENT_TEAM = KV6X26527X;
				INFOPLIST_FILE = loginFBtestUITests/Info.plist;
				LD_RUNPATH_SEARCH_PATHS = (
					"$(inherited)",
					"@executable_path/Frameworks",
					"@loader_path/Frameworks",
				);
				PRODUCT_BUNDLE_IDENTIFIER = com.ChalianaRolon.loginFBtestUITests;
				PRODUCT_NAME = "$(TARGET_NAME)";
				TARGETED_DEVICE_FAMILY = "1,2";
				TEST_TARGET_NAME = loginFBtest;
			};
			name = Debug;
		};
		A4F3A7B020FE69E400534E8A /* Release */ = {
			isa = XCBuildConfiguration;
			baseConfigurationReference = 52CAFBD711CD5926C04BD301 /* Pods-loginFBtestUITests.release.xcconfig */;
			buildSettings = {
				CODE_SIGN_STYLE = Automatic;
				DEVELOPMENT_TEAM = KV6X26527X;
				INFOPLIST_FILE = loginFBtestUITests/Info.plist;
				LD_RUNPATH_SEARCH_PATHS = (
					"$(inherited)",
					"@executable_path/Frameworks",
					"@loader_path/Frameworks",
				);
				PRODUCT_BUNDLE_IDENTIFIER = com.ChalianaRolon.loginFBtestUITests;
				PRODUCT_NAME = "$(TARGET_NAME)";
				TARGETED_DEVICE_FAMILY = "1,2";
				TEST_TARGET_NAME = loginFBtest;
			};
			name = Release;
		};
/* End XCBuildConfiguration section */

/* Begin XCConfigurationList section */
		A4F3A77720FE69E300534E8A /* Build configuration list for PBXProject "loginFBtest" */ = {
			isa = XCConfigurationList;
			buildConfigurations = (
				A4F3A7A620FE69E400534E8A /* Debug */,
				A4F3A7A720FE69E400534E8A /* Release */,
			);
			defaultConfigurationIsVisible = 0;
			defaultConfigurationName = Release;
		};
		A4F3A7A820FE69E400534E8A /* Build configuration list for PBXNativeTarget "loginFBtest" */ = {
			isa = XCConfigurationList;
			buildConfigurations = (
				A4F3A7A920FE69E400534E8A /* Debug */,
				A4F3A7AA20FE69E400534E8A /* Release */,
			);
			defaultConfigurationIsVisible = 0;
			defaultConfigurationName = Release;
		};
		A4F3A7AB20FE69E400534E8A /* Build configuration list for PBXNativeTarget "loginFBtestTests" */ = {
			isa = XCConfigurationList;
			buildConfigurations = (
				A4F3A7AC20FE69E400534E8A /* Debug */,
				A4F3A7AD20FE69E400534E8A /* Release */,
			);
			defaultConfigurationIsVisible = 0;
			defaultConfigurationName = Release;
		};
		A4F3A7AE20FE69E400534E8A /* Build configuration list for PBXNativeTarget "loginFBtestUITests" */ = {
			isa = XCConfigurationList;
			buildConfigurations = (
				A4F3A7AF20FE69E400534E8A /* Debug */,
				A4F3A7B020FE69E400534E8A /* Release */,
			);
			defaultConfigurationIsVisible = 0;
			defaultConfigurationName = Release;
		};
/* End XCConfigurationList section */
	};
	rootObject = A4F3A77420FE69E300534E8A /* Project object */;
}
